
Microsoft Visual Studio Solution File, Format Version 12.00
# Visual Studio 15
VisualStudioVersion = 15.0.28307.168
MinimumVisualStudioVersion = 10.0.40219.1
Project("{FAE04EC0-301F-11D3-BF4B-00C04F79EFBC}") = "App10_Estilo.Android", "App10_Estilo\App10_Estilo.Android\App10_Estilo.Android.csproj", "{6F3C4C50-B4E7-4948-B1CF-88AC7F146924}"
EndProject
Project("{FAE04EC0-301F-11D3-BF4B-00C04F79EFBC}") = "App10_Estilo.iOS", "App10_Estilo\App10_Estilo.iOS\App10_Estilo.iOS.csproj", "{ED7D27E5-F747-4D8F-B348-71E8FBE8585C}"
EndProject
Project("{FAE04EC0-301F-11D3-BF4B-00C04F79EFBC}") = "App10_Estilo", "App10_Estilo\App10_Estilo\App10_Estilo.csproj", "{D9F2CB03-98D0-42E2-A23D-CBC4C2A4F750}"
EndProject
Global
	GlobalSection(SolutionConfigurationPlatforms) = preSolution
		Ad-Hoc|Any CPU = Ad-Hoc|Any CPU
		Ad-Hoc|iPhone = Ad-Hoc|iPhone
		Ad-Hoc|iPhoneSimulator = Ad-Hoc|iPhoneSimulator
		AppStore|Any CPU = AppStore|Any CPU
		AppStore|iPhone = AppStore|iPhone
		AppStore|iPhoneSimulator = AppStore|iPhoneSimulator
		Debug|Any CPU = Debug|Any CPU
		Debug|iPhone = Debug|iPhone
		Debug|iPhoneSimulator = Debug|iPhoneSimulator
		Release|Any CPU = Release|Any CPU
		Release|iPhone = Release|iPhone
		Release|iPhoneSimulator = Release|iPhoneSimulator
	EndGlobalSection
	GlobalSection(ProjectConfigurationPlatforms) = postSolution
		{6F3C4C50-B4E7-4948-B1CF-88AC7F146924}.Ad-Hoc|Any CPU.ActiveCfg = Release|Any CPU
		{6F3C4C50-B4E7-4948-B1CF-88AC7F146924}.Ad-Hoc|Any CPU.Build.0 = Release|Any CPU
		{6F3C4C50-B4E7-4948-B1CF-88AC7F146924}.Ad-Hoc|Any CPU.Deploy.0 = Release|Any CPU
		{6F3C4C50-B4E7-4948-B1CF-88AC7F146924}.Ad-Hoc|iPhone.ActiveCfg = Release|Any CPU
		{6F3C4C50-B4E7-4948-B1CF-88AC7F146924}.Ad-Hoc|iPhone.Build.0 = Release|Any CPU
		{6F3C4C50-B4E7-4948-B1CF-88AC7F146924}.Ad-Hoc|iPhone.Deploy.0 = Release|Any CPU
		{6F3C4C50-B4E7-4948-B1CF-88AC7F146924}.Ad-Hoc|iPhoneSimulator.ActiveCfg = Release|Any CPU
		{6F3C4C50-B4E7-4948-B1CF-88AC7F146924}.Ad-Hoc|iPhoneSimulator.Build.0 = Release|Any CPU
		{6F3C4C50-B4E7-4948-B1CF-88AC7F146924}.Ad-Hoc|iPhoneSimulator.Deploy.0 = Release|Any CPU
		{6F3C4C50-B4E7-4948-B1CF-88AC7F146924}.AppStore|Any CPU.ActiveCfg = Release|Any CPU
		{6F3C4C50-B4E7-4948-B1CF-88AC7F146924}.AppStore|Any CPU.Build.0 = Release|Any CPU
		{6F3C4C50-B4E7-4948-B1CF-88AC7F146924}.AppStore|Any CPU.Deploy.0 = Release|Any CPU
		{6F3C4C50-B4E7-4948-B1CF-88AC7F146924}.AppStore|iPhone.ActiveCfg = Release|Any CPU
		{6F3C4C50-B4E7-4948-B1CF-88AC7F146924}.AppStore|iPhone.Build.0 = Release|Any CPU
		{6F3C4C50-B4E7-4948-B1CF-88AC7F146924}.AppStore|iPhone.Deploy.0 = Release|Any CPU
		{6F3C4C50-B4E7-4948-B1CF-88AC7F146924}.AppStore|iPhoneSimulator.ActiveCfg = Release|Any CPU
		{6F3C4C50-B4E7-4948-B1CF-88AC7F146924}.AppStore|iPhoneSimulator.Build.0 = Release|Any CPU
		{6F3C4C50-B4E7-4948-B1CF-88AC7F146924}.AppStore|iPhoneSimulator.Deploy.0 = Release|Any CPU
		{6F3C4C50-B4E7-4948-B1CF-88AC7F146924}.Debug|Any CPU.ActiveCfg = Debug|Any CPU
		{6F3C4C50-B4E7-4948-B1CF-88AC7F146924}.Debug|Any CPU.Build.0 = Debug|Any CPU
		{6F3C4C50-B4E7-4948-B1CF-88AC7F146924}.Debug|Any CPU.Deploy.0 = Debug|Any CPU
		{6F3C4C50-B4E7-4948-B1CF-88AC7F146924}.Debug|iPhone.ActiveCfg = Debug|Any CPU
		{6F3C4C50-B4E7-4948-B1CF-88AC7F146924}.Debug|iPhone.Build.0 = Debug|Any CPU
		{6F3C4C50-B4E7-4948-B1CF-88AC7F146924}.Debug|iPhone.Deploy.0 = Debug|Any CPU
		{6F3C4C50-B4E7-4948-B1CF-88AC7F146924}.Debug|iPhoneSimulator.ActiveCfg = Debug|Any CPU
		{6F3C4C50-B4E7-4948-B1CF-88AC7F146924}.Debug|iPhoneSimulator.Build.0 = Debug|Any CPU
		{6F3C4C50-B4E7-4948-B1CF-88AC7F146924}.Debug|iPhoneSimulator.Deploy.0 = Debug|Any CPU
		{6F3C4C50-B4E7-4948-B1CF-88AC7F146924}.Release|Any CPU.ActiveCfg = Release|Any CPU
		{6F3C4C50-B4E7-4948-B1CF-88AC7F146924}.Release|Any CPU.Build.0 = Release|Any CPU
		{6F3C4C50-B4E7-4948-B1CF-88AC7F146924}.Release|Any CPU.Deploy.0 = Release|Any CPU
		{6F3C4C50-B4E7-4948-B1CF-88AC7F146924}.Release|iPhone.ActiveCfg = Release|Any CPU
		{6F3C4C50-B4E7-4948-B1CF-88AC7F146924}.Release|iPhone.Build.0 = Release|Any CPU
		{6F3C4C50-B4E7-4948-B1CF-88AC7F146924}.Release|iPhone.Deploy.0 = Release|Any CPU
		{6F3C4C50-B4E7-4948-B1CF-88AC7F146924}.Release|iPhoneSimulator.ActiveCfg = Release|Any CPU
		{6F3C4C50-B4E7-4948-B1CF-88AC7F146924}.Release|iPhoneSimulator.Build.0 = Release|Any CPU
		{6F3C4C50-B4E7-4948-B1CF-88AC7F146924}.Release|iPhoneSimulator.Deploy.0 = Release|Any CPU
		{ED7D27E5-F747-4D8F-B348-71E8FBE8585C}.Ad-Hoc|Any CPU.ActiveCfg = Ad-Hoc|iPhone
		{ED7D27E5-F747-4D8F-B348-71E8FBE8585C}.Ad-Hoc|Any CPU.Build.0 = Ad-Hoc|iPhone
		{ED7D27E5-F747-4D8F-B348-71E8FBE8585C}.Ad-Hoc|Any CPU.Deploy.0 = Ad-Hoc|iPhone
		{ED7D27E5-F747-4D8F-B348-71E8FBE8585C}.Ad-Hoc|iPhone.ActiveCfg = Ad-Hoc|iPhone
		{ED7D27E5-F747-4D8F-B348-71E8FBE8585C}.Ad-Hoc|iPhone.Build.0 = Ad-Hoc|iPhone
		{ED7D27E5-F747-4D8F-B348-71E8FBE8585C}.Ad-Hoc|iPhone.Deploy.0 = Ad-Hoc|iPhone
		{ED7D27E5-F747-4D8F-B348-71E8FBE8585C}.Ad-Hoc|iPhoneSimulator.ActiveCfg = Ad-Hoc|iPhoneSimulator
		{ED7D27E5-F747-4D8F-B348-71E8FBE8585C}.Ad-Hoc|iPhoneSimulator.Build.0 = Ad-Hoc|iPhoneSimulator
		{ED7D27E5-F747-4D8F-B348-71E8FBE8585C}.Ad-Hoc|iPhoneSimulator.Deploy.0 = Ad-Hoc|iPhoneSimulator
		{ED7D27E5-F747-4D8F-B348-71E8FBE8585C}.AppStore|Any CPU.ActiveCfg = AppStore|iPhone
		{ED7D27E5-F747-4D8F-B348-71E8FBE8585C}.AppStore|Any CPU.Build.0 = AppStore|iPhone
		{ED7D27E5-F747-4D8F-B348-71E8FBE8585C}.AppStore|Any CPU.Deploy.0 = AppStore|iPhone
		{ED7D27E5-F747-4D8F-B348-71E8FBE8585C}.AppStore|iPhone.ActiveCfg = AppStore|iPhone
		{ED7D27E5-F747-4D8F-B348-71E8FBE8585C}.AppStore|iPhone.Build.0 = AppStore|iPhone
		{ED7D27E5-F747-4D8F-B348-71E8FBE8585C}.AppStore|iPhone.Deploy.0 = AppStore|iPhone
		{ED7D27E5-F747-4D8F-B348-71E8FBE8585C}.AppStore|iPhoneSimulator.ActiveCfg = AppStore|iPhoneSimulator
		{ED7D27E5-F747-4D8F-B348-71E8FBE8585C}.AppStore|iPhoneSimulator.Build.0 = AppStore|iPhoneSimulator
		{ED7D27E5-F747-4D8F-B348-71E8FBE8585C}.AppStore|iPhoneSimulator.Deploy.0 = AppStore|iPhoneSimulator
		{ED7D27E5-F747-4D8F-B348-71E8FBE8585C}.Debug|Any CPU.ActiveCfg = Debug|iPhoneSimulator
		{ED7D27E5-F747-4D8F-B348-71E8FBE8585C}.Debug|Any CPU.Build.0 = Debug|iPhoneSimulator
		{ED7D27E5-F747-4D8F-B348-71E8FBE8585C}.Debug|Any CPU.Deploy.0 = Debug|iPhoneSimulator
		{ED7D27E5-F747-4D8F-B348-71E8FBE8585C}.Debug|iPhone.ActiveCfg = Debug|iPhone
		{ED7D27E5-F747-4D8F-B348-71E8FBE8585C}.Debug|iPhone.Build.0 = Debug|iPhone
		{ED7D27E5-F747-4D8F-B348-71E8FBE8585C}.Debug|iPhone.Deploy.0 = Debug|iPhone
		{ED7D27E5-F747-4D8F-B348-71E8FBE8585C}.Debug|iPhoneSimulator.ActiveCfg = Debug|iPhoneSimulator
		{ED7D27E5-F747-4D8F-B348-71E8FBE8585C}.Debug|iPhoneSimulator.Build.0 = Debug|iPhoneSimulator
		{ED7D27E5-F747-4D8F-B348-71E8FBE8585C}.Debug|iPhoneSimulator.Deploy.0 = Debug|iPhoneSimulator
		{ED7D27E5-F747-4D8F-B348-71E8FBE8585C}.Release|Any CPU.ActiveCfg = Release|iPhone
		{ED7D27E5-F747-4D8F-B348-71E8FBE8585C}.Release|Any CPU.Build.0 = Release|iPhone
		{ED7D27E5-F747-4D8F-B348-71E8FBE8585C}.Release|Any CPU.Deploy.0 = Release|iPhone
		{ED7D27E5-F747-4D8F-B348-71E8FBE8585C}.Release|iPhone.ActiveCfg = Release|iPhone
		{ED7D27E5-F747-4D8F-B348-71E8FBE8585C}.Release|iPhone.Build.0 = Release|iPhone
		{ED7D27E5-F747-4D8F-B348-71E8FBE8585C}.Release|iPhone.Deploy.0 = Release|iPhone
		{ED7D27E5-F747-4D8F-B348-71E8FBE8585C}.Release|iPhoneSimulator.ActiveCfg = Release|iPhoneSimulator
		{ED7D27E5-F747-4D8F-B348-71E8FBE8585C}.Release|iPhoneSimulator.Build.0 = Release|iPhoneSimulator
		{ED7D27E5-F747-4D8F-B348-71E8FBE8585C}.Release|iPhoneSimulator.Deploy.0 = Release|iPhoneSimulator
		{D9F2CB03-98D0-42E2-A23D-CBC4C2A4F750}.Ad-Hoc|Any CPU.ActiveCfg = Debug|Any CPU
		{D9F2CB03-98D0-42E2-A23D-CBC4C2A4F750}.Ad-Hoc|Any CPU.Build.0 = Debug|Any CPU
		{D9F2CB03-98D0-42E2-A23D-CBC4C2A4F750}.Ad-Hoc|Any CPU.Deploy.0 = Debug|Any CPU
		{D9F2CB03-98D0-42E2-A23D-CBC4C2A4F750}.Ad-Hoc|iPhone.ActiveCfg = Debug|Any CPU
		{D9F2CB03-98D0-42E2-A23D-CBC4C2A4F750}.Ad-Hoc|iPhone.Build.0 = Debug|Any CPU
		{D9F2CB03-98D0-42E2-A23D-CBC4C2A4F750}.Ad-Hoc|iPhone.Deploy.0 = Debug|Any CPU
		{D9F2CB03-98D0-42E2-A23D-CBC4C2A4F750}.Ad-Hoc|iPhoneSimulator.ActiveCfg = Debug|Any CPU
		{D9F2CB03-98D0-42E2-A23D-CBC4C2A4F750}.Ad-Hoc|iPhoneSimulator.Build.0 = Debug|Any CPU
		{D9F2CB03-98D0-42E2-A23D-CBC4C2A4F750}.Ad-Hoc|iPhoneSimulator.Deploy.0 = Debug|Any CPU
		{D9F2CB03-98D0-42E2-A23D-CBC4C2A4F750}.AppStore|Any CPU.ActiveCfg = Debug|Any CPU
		{D9F2CB03-98D0-42E2-A23D-CBC4C2A4F750}.AppStore|Any CPU.Build.0 = Debug|Any CPU
		{D9F2CB03-98D0-42E2-A23D-CBC4C2A4F750}.AppStore|Any CPU.Deploy.0 = Debug|Any CPU
		{D9F2CB03-98D0-42E2-A23D-CBC4C2A4F750}.AppStore|iPhone.ActiveCfg = Debug|Any CPU
		{D9F2CB03-98D0-42E2-A23D-CBC4C2A4F750}.AppStore|iPhone.Build.0 = Debug|Any CPU
		{D9F2CB03-98D0-42E2-A23D-CBC4C2A4F750}.AppStore|iPhone.Deploy.0 = Debug|Any CPU
		{D9F2CB03-98D0-42E2-A23D-CBC4C2A4F750}.AppStore|iPhoneSimulator.ActiveCfg = Debug|Any CPU
		{D9F2CB03-98D0-42E2-A23D-CBC4C2A4F750}.AppStore|iPhoneSimulator.Build.0 = Debug|Any CPU
		{D9F2CB03-98D0-42E2-A23D-CBC4C2A4F750}.AppStore|iPhoneSimulator.Deploy.0 = Debug|Any CPU
		{D9F2CB03-98D0-42E2-A23D-CBC4C2A4F750}.Debug|Any CPU.ActiveCfg = Debug|Any CPU
		{D9F2CB03-98D0-42E2-A23D-CBC4C2A4F750}.Debug|Any CPU.Build.0 = Debug|Any CPU
		{D9F2CB03-98D0-42E2-A23D-CBC4C2A4F750}.Debug|Any CPU.Deploy.0 = Debug|Any CPU
		{D9F2CB03-98D0-42E2-A23D-CBC4C2A4F750}.Debug|iPhone.ActiveCfg = Debug|Any CPU
		{D9F2CB03-98D0-42E2-A23D-CBC4C2A4F750}.Debug|iPhone.Build.0 = Debug|Any CPU
		{D9F2CB03-98D0-42E2-A23D-CBC4C2A4F750}.Debug|iPhone.Deploy.0 = Debug|Any CPU
		{D9F2CB03-98D0-42E2-A23D-CBC4C2A4F750}.Debug|iPhoneSimulator.ActiveCfg = Debug|Any CPU
		{D9F2CB03-98D0-42E2-A23D-CBC4C2A4F750}.Debug|iPhoneSimulator.Build.0 = Debug|Any CPU
		{D9F2CB03-98D0-42E2-A23D-CBC4C2A4F750}.Debug|iPhoneSimulator.Deploy.0 = Debug|Any CPU
		{D9F2CB03-98D0-42E2-A23D-CBC4C2A4F750}.Release|Any CPU.ActiveCfg = Release|Any CPU
		{D9F2CB03-98D0-42E2-A23D-CBC4C2A4F750}.Release|Any CPU.Build.0 = Release|Any CPU
		{D9F2CB03-98D0-42E2-A23D-CBC4C2A4F750}.Release|Any CPU.Deploy.0 = Release|Any CPU
		{D9F2CB03-98D0-42E2-A23D-CBC4C2A4F750}.Release|iPhone.ActiveCfg = Release|Any CPU
		{D9F2CB03-98D0-42E2-A23D-CBC4C2A4F750}.Release|iPhone.Build.0 = Release|Any CPU
		{D9F2CB03-98D0-42E2-A23D-CBC4C2A4F750}.Release|iPhone.Deploy.0 = Release|Any CPU
		{D9F2CB03-98D0-42E2-A23D-CBC4C2A4F750}.Release|iPhoneSimulator.ActiveCfg = Release|Any CPU
		{D9F2CB03-98D0-42E2-A23D-CBC4C2A4F750}.Release|iPhoneSimulator.Build.0 = Release|Any CPU
		{D9F2CB03-98D0-42E2-A23D-CBC4C2A4F750}.Release|iPhoneSimulator.Deploy.0 = Release|Any CPU
	EndGlobalSection
	GlobalSection(SolutionProperties) = preSolution
		HideSolutionNode = FALSE
	EndGlobalSection
	GlobalSection(ExtensibilityGlobals) = postSolution
		SolutionGuid = {3872D6D3-23FB-44CF-AC5E-65087B6EC56A}
	EndGlobalSection
EndGlobal
