
Microsoft Visual Studio Solution File, Format Version 12.00
# Visual Studio 15
VisualStudioVersion = 15.0.28307.168
MinimumVisualStudioVersion = 10.0.40219.1
Project("{FAE04EC0-301F-11D3-BF4B-00C04F79EFBC}") = "App11_Cinemix.Android", "App11_Cinemix\App11_Cinemix.Android\App11_Cinemix.Android.csproj", "{42E69AFC-BAB2-46E4-B809-CD197CE4A7D0}"
EndProject
Project("{FAE04EC0-301F-11D3-BF4B-00C04F79EFBC}") = "App11_Cinemix.iOS", "App11_Cinemix\App11_Cinemix.iOS\App11_Cinemix.iOS.csproj", "{AB4AC867-E0F0-4312-AFF0-064789C8223D}"
EndProject
Project("{FAE04EC0-301F-11D3-BF4B-00C04F79EFBC}") = "App11_Cinemix", "App11_Cinemix\App11_Cinemix\App11_Cinemix.csproj", "{689A652C-FB0F-4E14-A62B-2C1C64C12719}"
EndProject
Global
	GlobalSection(SolutionConfigurationPlatforms) = preSolution
		Ad-Hoc|Any CPU = Ad-Hoc|Any CPU
		Ad-Hoc|iPhone = Ad-Hoc|iPhone
		Ad-Hoc|iPhoneSimulator = Ad-Hoc|iPhoneSimulator
		AppStore|Any CPU = AppStore|Any CPU
		AppStore|iPhone = AppStore|iPhone
		AppStore|iPhoneSimulator = AppStore|iPhoneSimulator
		Debug|Any CPU = Debug|Any CPU
		Debug|iPhone = Debug|iPhone
		Debug|iPhoneSimulator = Debug|iPhoneSimulator
		Release|Any CPU = Release|Any CPU
		Release|iPhone = Release|iPhone
		Release|iPhoneSimulator = Release|iPhoneSimulator
	EndGlobalSection
	GlobalSection(ProjectConfigurationPlatforms) = postSolution
		{42E69AFC-BAB2-46E4-B809-CD197CE4A7D0}.Ad-Hoc|Any CPU.ActiveCfg = Release|Any CPU
		{42E69AFC-BAB2-46E4-B809-CD197CE4A7D0}.Ad-Hoc|Any CPU.Build.0 = Release|Any CPU
		{42E69AFC-BAB2-46E4-B809-CD197CE4A7D0}.Ad-Hoc|Any CPU.Deploy.0 = Release|Any CPU
		{42E69AFC-BAB2-46E4-B809-CD197CE4A7D0}.Ad-Hoc|iPhone.ActiveCfg = Release|Any CPU
		{42E69AFC-BAB2-46E4-B809-CD197CE4A7D0}.Ad-Hoc|iPhone.Build.0 = Release|Any CPU
		{42E69AFC-BAB2-46E4-B809-CD197CE4A7D0}.Ad-Hoc|iPhone.Deploy.0 = Release|Any CPU
		{42E69AFC-BAB2-46E4-B809-CD197CE4A7D0}.Ad-Hoc|iPhoneSimulator.ActiveCfg = Release|Any CPU
		{42E69AFC-BAB2-46E4-B809-CD197CE4A7D0}.Ad-Hoc|iPhoneSimulator.Build.0 = Release|Any CPU
		{42E69AFC-BAB2-46E4-B809-CD197CE4A7D0}.Ad-Hoc|iPhoneSimulator.Deploy.0 = Release|Any CPU
		{42E69AFC-BAB2-46E4-B809-CD197CE4A7D0}.AppStore|Any CPU.ActiveCfg = Release|Any CPU
		{42E69AFC-BAB2-46E4-B809-CD197CE4A7D0}.AppStore|Any CPU.Build.0 = Release|Any CPU
		{42E69AFC-BAB2-46E4-B809-CD197CE4A7D0}.AppStore|Any CPU.Deploy.0 = Release|Any CPU
		{42E69AFC-BAB2-46E4-B809-CD197CE4A7D0}.AppStore|iPhone.ActiveCfg = Release|Any CPU
		{42E69AFC-BAB2-46E4-B809-CD197CE4A7D0}.AppStore|iPhone.Build.0 = Release|Any CPU
		{42E69AFC-BAB2-46E4-B809-CD197CE4A7D0}.AppStore|iPhone.Deploy.0 = Release|Any CPU
		{42E69AFC-BAB2-46E4-B809-CD197CE4A7D0}.AppStore|iPhoneSimulator.ActiveCfg = Release|Any CPU
		{42E69AFC-BAB2-46E4-B809-CD197CE4A7D0}.AppStore|iPhoneSimulator.Build.0 = Release|Any CPU
		{42E69AFC-BAB2-46E4-B809-CD197CE4A7D0}.AppStore|iPhoneSimulator.Deploy.0 = Release|Any CPU
		{42E69AFC-BAB2-46E4-B809-CD197CE4A7D0}.Debug|Any CPU.ActiveCfg = Debug|Any CPU
		{42E69AFC-BAB2-46E4-B809-CD197CE4A7D0}.Debug|Any CPU.Build.0 = Debug|Any CPU
		{42E69AFC-BAB2-46E4-B809-CD197CE4A7D0}.Debug|Any CPU.Deploy.0 = Debug|Any CPU
		{42E69AFC-BAB2-46E4-B809-CD197CE4A7D0}.Debug|iPhone.ActiveCfg = Debug|Any CPU
		{42E69AFC-BAB2-46E4-B809-CD197CE4A7D0}.Debug|iPhone.Build.0 = Debug|Any CPU
		{42E69AFC-BAB2-46E4-B809-CD197CE4A7D0}.Debug|iPhone.Deploy.0 = Debug|Any CPU
		{42E69AFC-BAB2-46E4-B809-CD197CE4A7D0}.Debug|iPhoneSimulator.ActiveCfg = Debug|Any CPU
		{42E69AFC-BAB2-46E4-B809-CD197CE4A7D0}.Debug|iPhoneSimulator.Build.0 = Debug|Any CPU
		{42E69AFC-BAB2-46E4-B809-CD197CE4A7D0}.Debug|iPhoneSimulator.Deploy.0 = Debug|Any CPU
		{42E69AFC-BAB2-46E4-B809-CD197CE4A7D0}.Release|Any CPU.ActiveCfg = Release|Any CPU
		{42E69AFC-BAB2-46E4-B809-CD197CE4A7D0}.Release|Any CPU.Build.0 = Release|Any CPU
		{42E69AFC-BAB2-46E4-B809-CD197CE4A7D0}.Release|Any CPU.Deploy.0 = Release|Any CPU
		{42E69AFC-BAB2-46E4-B809-CD197CE4A7D0}.Release|iPhone.ActiveCfg = Release|Any CPU
		{42E69AFC-BAB2-46E4-B809-CD197CE4A7D0}.Release|iPhone.Build.0 = Release|Any CPU
		{42E69AFC-BAB2-46E4-B809-CD197CE4A7D0}.Release|iPhone.Deploy.0 = Release|Any CPU
		{42E69AFC-BAB2-46E4-B809-CD197CE4A7D0}.Release|iPhoneSimulator.ActiveCfg = Release|Any CPU
		{42E69AFC-BAB2-46E4-B809-CD197CE4A7D0}.Release|iPhoneSimulator.Build.0 = Release|Any CPU
		{42E69AFC-BAB2-46E4-B809-CD197CE4A7D0}.Release|iPhoneSimulator.Deploy.0 = Release|Any CPU
		{AB4AC867-E0F0-4312-AFF0-064789C8223D}.Ad-Hoc|Any CPU.ActiveCfg = Ad-Hoc|iPhone
		{AB4AC867-E0F0-4312-AFF0-064789C8223D}.Ad-Hoc|Any CPU.Build.0 = Ad-Hoc|iPhone
		{AB4AC867-E0F0-4312-AFF0-064789C8223D}.Ad-Hoc|Any CPU.Deploy.0 = Ad-Hoc|iPhone
		{AB4AC867-E0F0-4312-AFF0-064789C8223D}.Ad-Hoc|iPhone.ActiveCfg = Ad-Hoc|iPhone
		{AB4AC867-E0F0-4312-AFF0-064789C8223D}.Ad-Hoc|iPhone.Build.0 = Ad-Hoc|iPhone
		{AB4AC867-E0F0-4312-AFF0-064789C8223D}.Ad-Hoc|iPhone.Deploy.0 = Ad-Hoc|iPhone
		{AB4AC867-E0F0-4312-AFF0-064789C8223D}.Ad-Hoc|iPhoneSimulator.ActiveCfg = Ad-Hoc|iPhoneSimulator
		{AB4AC867-E0F0-4312-AFF0-064789C8223D}.Ad-Hoc|iPhoneSimulator.Build.0 = Ad-Hoc|iPhoneSimulator
		{AB4AC867-E0F0-4312-AFF0-064789C8223D}.Ad-Hoc|iPhoneSimulator.Deploy.0 = Ad-Hoc|iPhoneSimulator
		{AB4AC867-E0F0-4312-AFF0-064789C8223D}.AppStore|Any CPU.ActiveCfg = AppStore|iPhone
		{AB4AC867-E0F0-4312-AFF0-064789C8223D}.AppStore|Any CPU.Build.0 = AppStore|iPhone
		{AB4AC867-E0F0-4312-AFF0-064789C8223D}.AppStore|Any CPU.Deploy.0 = AppStore|iPhone
		{AB4AC867-E0F0-4312-AFF0-064789C8223D}.AppStore|iPhone.ActiveCfg = AppStore|iPhone
		{AB4AC867-E0F0-4312-AFF0-064789C8223D}.AppStore|iPhone.Build.0 = AppStore|iPhone
		{AB4AC867-E0F0-4312-AFF0-064789C8223D}.AppStore|iPhone.Deploy.0 = AppStore|iPhone
		{AB4AC867-E0F0-4312-AFF0-064789C8223D}.AppStore|iPhoneSimulator.ActiveCfg = AppStore|iPhoneSimulator
		{AB4AC867-E0F0-4312-AFF0-064789C8223D}.AppStore|iPhoneSimulator.Build.0 = AppStore|iPhoneSimulator
		{AB4AC867-E0F0-4312-AFF0-064789C8223D}.AppStore|iPhoneSimulator.Deploy.0 = AppStore|iPhoneSimulator
		{AB4AC867-E0F0-4312-AFF0-064789C8223D}.Debug|Any CPU.ActiveCfg = Debug|iPhoneSimulator
		{AB4AC867-E0F0-4312-AFF0-064789C8223D}.Debug|Any CPU.Build.0 = Debug|iPhoneSimulator
		{AB4AC867-E0F0-4312-AFF0-064789C8223D}.Debug|Any CPU.Deploy.0 = Debug|iPhoneSimulator
		{AB4AC867-E0F0-4312-AFF0-064789C8223D}.Debug|iPhone.ActiveCfg = Debug|iPhone
		{AB4AC867-E0F0-4312-AFF0-064789C8223D}.Debug|iPhone.Build.0 = Debug|iPhone
		{AB4AC867-E0F0-4312-AFF0-064789C8223D}.Debug|iPhone.Deploy.0 = Debug|iPhone
		{AB4AC867-E0F0-4312-AFF0-064789C8223D}.Debug|iPhoneSimulator.ActiveCfg = Debug|iPhoneSimulator
		{AB4AC867-E0F0-4312-AFF0-064789C8223D}.Debug|iPhoneSimulator.Build.0 = Debug|iPhoneSimulator
		{AB4AC867-E0F0-4312-AFF0-064789C8223D}.Debug|iPhoneSimulator.Deploy.0 = Debug|iPhoneSimulator
		{AB4AC867-E0F0-4312-AFF0-064789C8223D}.Release|Any CPU.ActiveCfg = Release|iPhone
		{AB4AC867-E0F0-4312-AFF0-064789C8223D}.Release|Any CPU.Build.0 = Release|iPhone
		{AB4AC867-E0F0-4312-AFF0-064789C8223D}.Release|Any CPU.Deploy.0 = Release|iPhone
		{AB4AC867-E0F0-4312-AFF0-064789C8223D}.Release|iPhone.ActiveCfg = Release|iPhone
		{AB4AC867-E0F0-4312-AFF0-064789C8223D}.Release|iPhone.Build.0 = Release|iPhone
		{AB4AC867-E0F0-4312-AFF0-064789C8223D}.Release|iPhone.Deploy.0 = Release|iPhone
		{AB4AC867-E0F0-4312-AFF0-064789C8223D}.Release|iPhoneSimulator.ActiveCfg = Release|iPhoneSimulator
		{AB4AC867-E0F0-4312-AFF0-064789C8223D}.Release|iPhoneSimulator.Build.0 = Release|iPhoneSimulator
		{AB4AC867-E0F0-4312-AFF0-064789C8223D}.Release|iPhoneSimulator.Deploy.0 = Release|iPhoneSimulator
		{689A652C-FB0F-4E14-A62B-2C1C64C12719}.Ad-Hoc|Any CPU.ActiveCfg = Debug|Any CPU
		{689A652C-FB0F-4E14-A62B-2C1C64C12719}.Ad-Hoc|Any CPU.Build.0 = Debug|Any CPU
		{689A652C-FB0F-4E14-A62B-2C1C64C12719}.Ad-Hoc|Any CPU.Deploy.0 = Debug|Any CPU
		{689A652C-FB0F-4E14-A62B-2C1C64C12719}.Ad-Hoc|iPhone.ActiveCfg = Debug|Any CPU
		{689A652C-FB0F-4E14-A62B-2C1C64C12719}.Ad-Hoc|iPhone.Build.0 = Debug|Any CPU
		{689A652C-FB0F-4E14-A62B-2C1C64C12719}.Ad-Hoc|iPhone.Deploy.0 = Debug|Any CPU
		{689A652C-FB0F-4E14-A62B-2C1C64C12719}.Ad-Hoc|iPhoneSimulator.ActiveCfg = Debug|Any CPU
		{689A652C-FB0F-4E14-A62B-2C1C64C12719}.Ad-Hoc|iPhoneSimulator.Build.0 = Debug|Any CPU
		{689A652C-FB0F-4E14-A62B-2C1C64C12719}.Ad-Hoc|iPhoneSimulator.Deploy.0 = Debug|Any CPU
		{689A652C-FB0F-4E14-A62B-2C1C64C12719}.AppStore|Any CPU.ActiveCfg = Debug|Any CPU
		{689A652C-FB0F-4E14-A62B-2C1C64C12719}.AppStore|Any CPU.Build.0 = Debug|Any CPU
		{689A652C-FB0F-4E14-A62B-2C1C64C12719}.AppStore|Any CPU.Deploy.0 = Debug|Any CPU
		{689A652C-FB0F-4E14-A62B-2C1C64C12719}.AppStore|iPhone.ActiveCfg = Debug|Any CPU
		{689A652C-FB0F-4E14-A62B-2C1C64C12719}.AppStore|iPhone.Build.0 = Debug|Any CPU
		{689A652C-FB0F-4E14-A62B-2C1C64C12719}.AppStore|iPhone.Deploy.0 = Debug|Any CPU
		{689A652C-FB0F-4E14-A62B-2C1C64C12719}.AppStore|iPhoneSimulator.ActiveCfg = Debug|Any CPU
		{689A652C-FB0F-4E14-A62B-2C1C64C12719}.AppStore|iPhoneSimulator.Build.0 = Debug|Any CPU
		{689A652C-FB0F-4E14-A62B-2C1C64C12719}.AppStore|iPhoneSimulator.Deploy.0 = Debug|Any CPU
		{689A652C-FB0F-4E14-A62B-2C1C64C12719}.Debug|Any CPU.ActiveCfg = Debug|Any CPU
		{689A652C-FB0F-4E14-A62B-2C1C64C12719}.Debug|Any CPU.Build.0 = Debug|Any CPU
		{689A652C-FB0F-4E14-A62B-2C1C64C12719}.Debug|Any CPU.Deploy.0 = Debug|Any CPU
		{689A652C-FB0F-4E14-A62B-2C1C64C12719}.Debug|iPhone.ActiveCfg = Debug|Any CPU
		{689A652C-FB0F-4E14-A62B-2C1C64C12719}.Debug|iPhone.Build.0 = Debug|Any CPU
		{689A652C-FB0F-4E14-A62B-2C1C64C12719}.Debug|iPhone.Deploy.0 = Debug|Any CPU
		{689A652C-FB0F-4E14-A62B-2C1C64C12719}.Debug|iPhoneSimulator.ActiveCfg = Debug|Any CPU
		{689A652C-FB0F-4E14-A62B-2C1C64C12719}.Debug|iPhoneSimulator.Build.0 = Debug|Any CPU
		{689A652C-FB0F-4E14-A62B-2C1C64C12719}.Debug|iPhoneSimulator.Deploy.0 = Debug|Any CPU
		{689A652C-FB0F-4E14-A62B-2C1C64C12719}.Release|Any CPU.ActiveCfg = Release|Any CPU
		{689A652C-FB0F-4E14-A62B-2C1C64C12719}.Release|Any CPU.Build.0 = Release|Any CPU
		{689A652C-FB0F-4E14-A62B-2C1C64C12719}.Release|Any CPU.Deploy.0 = Release|Any CPU
		{689A652C-FB0F-4E14-A62B-2C1C64C12719}.Release|iPhone.ActiveCfg = Release|Any CPU
		{689A652C-FB0F-4E14-A62B-2C1C64C12719}.Release|iPhone.Build.0 = Release|Any CPU
		{689A652C-FB0F-4E14-A62B-2C1C64C12719}.Release|iPhone.Deploy.0 = Release|Any CPU
		{689A652C-FB0F-4E14-A62B-2C1C64C12719}.Release|iPhoneSimulator.ActiveCfg = Release|Any CPU
		{689A652C-FB0F-4E14-A62B-2C1C64C12719}.Release|iPhoneSimulator.Build.0 = Release|Any CPU
		{689A652C-FB0F-4E14-A62B-2C1C64C12719}.Release|iPhoneSimulator.Deploy.0 = Release|Any CPU
	EndGlobalSection
	GlobalSection(SolutionProperties) = preSolution
		HideSolutionNode = FALSE
	EndGlobalSection
	GlobalSection(ExtensibilityGlobals) = postSolution
		SolutionGuid = {0DDF842F-7180-407D-A066-07D4A43487D5}
	EndGlobalSection
EndGlobal
