
Microsoft Visual Studio Solution File, Format Version 12.00
# Visual Studio 15
VisualStudioVersion = 15.0.27703.2047
MinimumVisualStudioVersion = 10.0.40219.1
Project("{FAE04EC0-301F-11D3-BF4B-00C04F79EFBC}") = "App01_ConsultarCEP.Android", "App01_ConsultarCEP\App01_ConsultarCEP.Android\App01_ConsultarCEP.Android.csproj", "{CD6376CA-9113-4D34-AA8A-4056D4599956}"
EndProject
Project("{FAE04EC0-301F-11D3-BF4B-00C04F79EFBC}") = "App01_ConsultarCEP.iOS", "App01_ConsultarCEP\App01_ConsultarCEP.iOS\App01_ConsultarCEP.iOS.csproj", "{61CD2B12-ADC5-4812-BEF1-2E3BB56ADAA7}"
EndProject
Project("{FAE04EC0-301F-11D3-BF4B-00C04F79EFBC}") = "App01_ConsultarCEP", "App01_ConsultarCEP\App01_ConsultarCEP\App01_ConsultarCEP.csproj", "{7D717A63-2A6F-4ECB-A9DB-BB9AED8DC249}"
EndProject
Global
	GlobalSection(SolutionConfigurationPlatforms) = preSolution
		Ad-Hoc|Any CPU = Ad-Hoc|Any CPU
		Ad-Hoc|iPhone = Ad-Hoc|iPhone
		Ad-Hoc|iPhoneSimulator = Ad-Hoc|iPhoneSimulator
		AppStore|Any CPU = AppStore|Any CPU
		AppStore|iPhone = AppStore|iPhone
		AppStore|iPhoneSimulator = AppStore|iPhoneSimulator
		Debug|Any CPU = Debug|Any CPU
		Debug|iPhone = Debug|iPhone
		Debug|iPhoneSimulator = Debug|iPhoneSimulator
		Release|Any CPU = Release|Any CPU
		Release|iPhone = Release|iPhone
		Release|iPhoneSimulator = Release|iPhoneSimulator
	EndGlobalSection
	GlobalSection(ProjectConfigurationPlatforms) = postSolution
		{CD6376CA-9113-4D34-AA8A-4056D4599956}.Ad-Hoc|Any CPU.ActiveCfg = Release|Any CPU
		{CD6376CA-9113-4D34-AA8A-4056D4599956}.Ad-Hoc|Any CPU.Build.0 = Release|Any CPU
		{CD6376CA-9113-4D34-AA8A-4056D4599956}.Ad-Hoc|Any CPU.Deploy.0 = Release|Any CPU
		{CD6376CA-9113-4D34-AA8A-4056D4599956}.Ad-Hoc|iPhone.ActiveCfg = Release|Any CPU
		{CD6376CA-9113-4D34-AA8A-4056D4599956}.Ad-Hoc|iPhone.Build.0 = Release|Any CPU
		{CD6376CA-9113-4D34-AA8A-4056D4599956}.Ad-Hoc|iPhone.Deploy.0 = Release|Any CPU
		{CD6376CA-9113-4D34-AA8A-4056D4599956}.Ad-Hoc|iPhoneSimulator.ActiveCfg = Release|Any CPU
		{CD6376CA-9113-4D34-AA8A-4056D4599956}.Ad-Hoc|iPhoneSimulator.Build.0 = Release|Any CPU
		{CD6376CA-9113-4D34-AA8A-4056D4599956}.Ad-Hoc|iPhoneSimulator.Deploy.0 = Release|Any CPU
		{CD6376CA-9113-4D34-AA8A-4056D4599956}.AppStore|Any CPU.ActiveCfg = Release|Any CPU
		{CD6376CA-9113-4D34-AA8A-4056D4599956}.AppStore|Any CPU.Build.0 = Release|Any CPU
		{CD6376CA-9113-4D34-AA8A-4056D4599956}.AppStore|Any CPU.Deploy.0 = Release|Any CPU
		{CD6376CA-9113-4D34-AA8A-4056D4599956}.AppStore|iPhone.ActiveCfg = Release|Any CPU
		{CD6376CA-9113-4D34-AA8A-4056D4599956}.AppStore|iPhone.Build.0 = Release|Any CPU
		{CD6376CA-9113-4D34-AA8A-4056D4599956}.AppStore|iPhone.Deploy.0 = Release|Any CPU
		{CD6376CA-9113-4D34-AA8A-4056D4599956}.AppStore|iPhoneSimulator.ActiveCfg = Release|Any CPU
		{CD6376CA-9113-4D34-AA8A-4056D4599956}.AppStore|iPhoneSimulator.Build.0 = Release|Any CPU
		{CD6376CA-9113-4D34-AA8A-4056D4599956}.AppStore|iPhoneSimulator.Deploy.0 = Release|Any CPU
		{CD6376CA-9113-4D34-AA8A-4056D4599956}.Debug|Any CPU.ActiveCfg = Debug|Any CPU
		{CD6376CA-9113-4D34-AA8A-4056D4599956}.Debug|Any CPU.Build.0 = Debug|Any CPU
		{CD6376CA-9113-4D34-AA8A-4056D4599956}.Debug|Any CPU.Deploy.0 = Debug|Any CPU
		{CD6376CA-9113-4D34-AA8A-4056D4599956}.Debug|iPhone.ActiveCfg = Debug|Any CPU
		{CD6376CA-9113-4D34-AA8A-4056D4599956}.Debug|iPhone.Build.0 = Debug|Any CPU
		{CD6376CA-9113-4D34-AA8A-4056D4599956}.Debug|iPhone.Deploy.0 = Debug|Any CPU
		{CD6376CA-9113-4D34-AA8A-4056D4599956}.Debug|iPhoneSimulator.ActiveCfg = Debug|Any CPU
		{CD6376CA-9113-4D34-AA8A-4056D4599956}.Debug|iPhoneSimulator.Build.0 = Debug|Any CPU
		{CD6376CA-9113-4D34-AA8A-4056D4599956}.Debug|iPhoneSimulator.Deploy.0 = Debug|Any CPU
		{CD6376CA-9113-4D34-AA8A-4056D4599956}.Release|Any CPU.ActiveCfg = Release|Any CPU
		{CD6376CA-9113-4D34-AA8A-4056D4599956}.Release|Any CPU.Build.0 = Release|Any CPU
		{CD6376CA-9113-4D34-AA8A-4056D4599956}.Release|Any CPU.Deploy.0 = Release|Any CPU
		{CD6376CA-9113-4D34-AA8A-4056D4599956}.Release|iPhone.ActiveCfg = Release|Any CPU
		{CD6376CA-9113-4D34-AA8A-4056D4599956}.Release|iPhone.Build.0 = Release|Any CPU
		{CD6376CA-9113-4D34-AA8A-4056D4599956}.Release|iPhone.Deploy.0 = Release|Any CPU
		{CD6376CA-9113-4D34-AA8A-4056D4599956}.Release|iPhoneSimulator.ActiveCfg = Release|Any CPU
		{CD6376CA-9113-4D34-AA8A-4056D4599956}.Release|iPhoneSimulator.Build.0 = Release|Any CPU
		{CD6376CA-9113-4D34-AA8A-4056D4599956}.Release|iPhoneSimulator.Deploy.0 = Release|Any CPU
		{61CD2B12-ADC5-4812-BEF1-2E3BB56ADAA7}.Ad-Hoc|Any CPU.ActiveCfg = Ad-Hoc|iPhone
		{61CD2B12-ADC5-4812-BEF1-2E3BB56ADAA7}.Ad-Hoc|Any CPU.Build.0 = Ad-Hoc|iPhone
		{61CD2B12-ADC5-4812-BEF1-2E3BB56ADAA7}.Ad-Hoc|Any CPU.Deploy.0 = Ad-Hoc|iPhone
		{61CD2B12-ADC5-4812-BEF1-2E3BB56ADAA7}.Ad-Hoc|iPhone.ActiveCfg = Ad-Hoc|iPhone
		{61CD2B12-ADC5-4812-BEF1-2E3BB56ADAA7}.Ad-Hoc|iPhone.Build.0 = Ad-Hoc|iPhone
		{61CD2B12-ADC5-4812-BEF1-2E3BB56ADAA7}.Ad-Hoc|iPhone.Deploy.0 = Ad-Hoc|iPhone
		{61CD2B12-ADC5-4812-BEF1-2E3BB56ADAA7}.Ad-Hoc|iPhoneSimulator.ActiveCfg = Ad-Hoc|iPhoneSimulator
		{61CD2B12-ADC5-4812-BEF1-2E3BB56ADAA7}.Ad-Hoc|iPhoneSimulator.Build.0 = Ad-Hoc|iPhoneSimulator
		{61CD2B12-ADC5-4812-BEF1-2E3BB56ADAA7}.Ad-Hoc|iPhoneSimulator.Deploy.0 = Ad-Hoc|iPhoneSimulator
		{61CD2B12-ADC5-4812-BEF1-2E3BB56ADAA7}.AppStore|Any CPU.ActiveCfg = AppStore|iPhone
		{61CD2B12-ADC5-4812-BEF1-2E3BB56ADAA7}.AppStore|Any CPU.Build.0 = AppStore|iPhone
		{61CD2B12-ADC5-4812-BEF1-2E3BB56ADAA7}.AppStore|Any CPU.Deploy.0 = AppStore|iPhone
		{61CD2B12-ADC5-4812-BEF1-2E3BB56ADAA7}.AppStore|iPhone.ActiveCfg = AppStore|iPhone
		{61CD2B12-ADC5-4812-BEF1-2E3BB56ADAA7}.AppStore|iPhone.Build.0 = AppStore|iPhone
		{61CD2B12-ADC5-4812-BEF1-2E3BB56ADAA7}.AppStore|iPhone.Deploy.0 = AppStore|iPhone
		{61CD2B12-ADC5-4812-BEF1-2E3BB56ADAA7}.AppStore|iPhoneSimulator.ActiveCfg = AppStore|iPhoneSimulator
		{61CD2B12-ADC5-4812-BEF1-2E3BB56ADAA7}.AppStore|iPhoneSimulator.Build.0 = AppStore|iPhoneSimulator
		{61CD2B12-ADC5-4812-BEF1-2E3BB56ADAA7}.AppStore|iPhoneSimulator.Deploy.0 = AppStore|iPhoneSimulator
		{61CD2B12-ADC5-4812-BEF1-2E3BB56ADAA7}.Debug|Any CPU.ActiveCfg = Debug|iPhoneSimulator
		{61CD2B12-ADC5-4812-BEF1-2E3BB56ADAA7}.Debug|Any CPU.Build.0 = Debug|iPhoneSimulator
		{61CD2B12-ADC5-4812-BEF1-2E3BB56ADAA7}.Debug|Any CPU.Deploy.0 = Debug|iPhoneSimulator
		{61CD2B12-ADC5-4812-BEF1-2E3BB56ADAA7}.Debug|iPhone.ActiveCfg = Debug|iPhone
		{61CD2B12-ADC5-4812-BEF1-2E3BB56ADAA7}.Debug|iPhone.Build.0 = Debug|iPhone
		{61CD2B12-ADC5-4812-BEF1-2E3BB56ADAA7}.Debug|iPhone.Deploy.0 = Debug|iPhone
		{61CD2B12-ADC5-4812-BEF1-2E3BB56ADAA7}.Debug|iPhoneSimulator.ActiveCfg = Debug|iPhoneSimulator
		{61CD2B12-ADC5-4812-BEF1-2E3BB56ADAA7}.Debug|iPhoneSimulator.Build.0 = Debug|iPhoneSimulator
		{61CD2B12-ADC5-4812-BEF1-2E3BB56ADAA7}.Debug|iPhoneSimulator.Deploy.0 = Debug|iPhoneSimulator
		{61CD2B12-ADC5-4812-BEF1-2E3BB56ADAA7}.Release|Any CPU.ActiveCfg = Release|iPhone
		{61CD2B12-ADC5-4812-BEF1-2E3BB56ADAA7}.Release|Any CPU.Build.0 = Release|iPhone
		{61CD2B12-ADC5-4812-BEF1-2E3BB56ADAA7}.Release|Any CPU.Deploy.0 = Release|iPhone
		{61CD2B12-ADC5-4812-BEF1-2E3BB56ADAA7}.Release|iPhone.ActiveCfg = Release|iPhone
		{61CD2B12-ADC5-4812-BEF1-2E3BB56ADAA7}.Release|iPhone.Build.0 = Release|iPhone
		{61CD2B12-ADC5-4812-BEF1-2E3BB56ADAA7}.Release|iPhone.Deploy.0 = Release|iPhone
		{61CD2B12-ADC5-4812-BEF1-2E3BB56ADAA7}.Release|iPhoneSimulator.ActiveCfg = Release|iPhoneSimulator
		{61CD2B12-ADC5-4812-BEF1-2E3BB56ADAA7}.Release|iPhoneSimulator.Build.0 = Release|iPhoneSimulator
		{61CD2B12-ADC5-4812-BEF1-2E3BB56ADAA7}.Release|iPhoneSimulator.Deploy.0 = Release|iPhoneSimulator
		{7D717A63-2A6F-4ECB-A9DB-BB9AED8DC249}.Ad-Hoc|Any CPU.ActiveCfg = Debug|Any CPU
		{7D717A63-2A6F-4ECB-A9DB-BB9AED8DC249}.Ad-Hoc|Any CPU.Build.0 = Debug|Any CPU
		{7D717A63-2A6F-4ECB-A9DB-BB9AED8DC249}.Ad-Hoc|Any CPU.Deploy.0 = Debug|Any CPU
		{7D717A63-2A6F-4ECB-A9DB-BB9AED8DC249}.Ad-Hoc|iPhone.ActiveCfg = Debug|Any CPU
		{7D717A63-2A6F-4ECB-A9DB-BB9AED8DC249}.Ad-Hoc|iPhone.Build.0 = Debug|Any CPU
		{7D717A63-2A6F-4ECB-A9DB-BB9AED8DC249}.Ad-Hoc|iPhone.Deploy.0 = Debug|Any CPU
		{7D717A63-2A6F-4ECB-A9DB-BB9AED8DC249}.Ad-Hoc|iPhoneSimulator.ActiveCfg = Debug|Any CPU
		{7D717A63-2A6F-4ECB-A9DB-BB9AED8DC249}.Ad-Hoc|iPhoneSimulator.Build.0 = Debug|Any CPU
		{7D717A63-2A6F-4ECB-A9DB-BB9AED8DC249}.Ad-Hoc|iPhoneSimulator.Deploy.0 = Debug|Any CPU
		{7D717A63-2A6F-4ECB-A9DB-BB9AED8DC249}.AppStore|Any CPU.ActiveCfg = Debug|Any CPU
		{7D717A63-2A6F-4ECB-A9DB-BB9AED8DC249}.AppStore|Any CPU.Build.0 = Debug|Any CPU
		{7D717A63-2A6F-4ECB-A9DB-BB9AED8DC249}.AppStore|Any CPU.Deploy.0 = Debug|Any CPU
		{7D717A63-2A6F-4ECB-A9DB-BB9AED8DC249}.AppStore|iPhone.ActiveCfg = Debug|Any CPU
		{7D717A63-2A6F-4ECB-A9DB-BB9AED8DC249}.AppStore|iPhone.Build.0 = Debug|Any CPU
		{7D717A63-2A6F-4ECB-A9DB-BB9AED8DC249}.AppStore|iPhone.Deploy.0 = Debug|Any CPU
		{7D717A63-2A6F-4ECB-A9DB-BB9AED8DC249}.AppStore|iPhoneSimulator.ActiveCfg = Debug|Any CPU
		{7D717A63-2A6F-4ECB-A9DB-BB9AED8DC249}.AppStore|iPhoneSimulator.Build.0 = Debug|Any CPU
		{7D717A63-2A6F-4ECB-A9DB-BB9AED8DC249}.AppStore|iPhoneSimulator.Deploy.0 = Debug|Any CPU
		{7D717A63-2A6F-4ECB-A9DB-BB9AED8DC249}.Debug|Any CPU.ActiveCfg = Debug|Any CPU
		{7D717A63-2A6F-4ECB-A9DB-BB9AED8DC249}.Debug|Any CPU.Build.0 = Debug|Any CPU
		{7D717A63-2A6F-4ECB-A9DB-BB9AED8DC249}.Debug|Any CPU.Deploy.0 = Debug|Any CPU
		{7D717A63-2A6F-4ECB-A9DB-BB9AED8DC249}.Debug|iPhone.ActiveCfg = Debug|Any CPU
		{7D717A63-2A6F-4ECB-A9DB-BB9AED8DC249}.Debug|iPhone.Build.0 = Debug|Any CPU
		{7D717A63-2A6F-4ECB-A9DB-BB9AED8DC249}.Debug|iPhone.Deploy.0 = Debug|Any CPU
		{7D717A63-2A6F-4ECB-A9DB-BB9AED8DC249}.Debug|iPhoneSimulator.ActiveCfg = Debug|Any CPU
		{7D717A63-2A6F-4ECB-A9DB-BB9AED8DC249}.Debug|iPhoneSimulator.Build.0 = Debug|Any CPU
		{7D717A63-2A6F-4ECB-A9DB-BB9AED8DC249}.Debug|iPhoneSimulator.Deploy.0 = Debug|Any CPU
		{7D717A63-2A6F-4ECB-A9DB-BB9AED8DC249}.Release|Any CPU.ActiveCfg = Release|Any CPU
		{7D717A63-2A6F-4ECB-A9DB-BB9AED8DC249}.Release|Any CPU.Build.0 = Release|Any CPU
		{7D717A63-2A6F-4ECB-A9DB-BB9AED8DC249}.Release|Any CPU.Deploy.0 = Release|Any CPU
		{7D717A63-2A6F-4ECB-A9DB-BB9AED8DC249}.Release|iPhone.ActiveCfg = Release|Any CPU
		{7D717A63-2A6F-4ECB-A9DB-BB9AED8DC249}.Release|iPhone.Build.0 = Release|Any CPU
		{7D717A63-2A6F-4ECB-A9DB-BB9AED8DC249}.Release|iPhone.Deploy.0 = Release|Any CPU
		{7D717A63-2A6F-4ECB-A9DB-BB9AED8DC249}.Release|iPhoneSimulator.ActiveCfg = Release|Any CPU
		{7D717A63-2A6F-4ECB-A9DB-BB9AED8DC249}.Release|iPhoneSimulator.Build.0 = Release|Any CPU
		{7D717A63-2A6F-4ECB-A9DB-BB9AED8DC249}.Release|iPhoneSimulator.Deploy.0 = Release|Any CPU
	EndGlobalSection
	GlobalSection(SolutionProperties) = preSolution
		HideSolutionNode = FALSE
	EndGlobalSection
	GlobalSection(ExtensibilityGlobals) = postSolution
		SolutionGuid = {D53A2B66-2E7A-48A6-A07A-0E788CD18031}
	EndGlobalSection
EndGlobal
