
Microsoft Visual Studio Solution File, Format Version 12.00
# Visual Studio 15
VisualStudioVersion = 15.0.28307.168
MinimumVisualStudioVersion = 10.0.40219.1
Project("{FAE04EC0-301F-11D3-BF4B-00C04F79EFBC}") = "App32_LoginSocial.Android", "App32_LoginSocial\App32_LoginSocial.Android\App32_LoginSocial.Android.csproj", "{E0CDEB7F-6B49-4778-B670-8DAF6A47340B}"
EndProject
Project("{9A19103F-16F7-4668-BE54-9A1E7A4F7556}") = "App32_LoginSocial", "App32_LoginSocial\App32_LoginSocial\App32_LoginSocial.csproj", "{70541B21-B1A9-4EA4-97A6-16745A6B941E}"
EndProject
Project("{FAE04EC0-301F-11D3-BF4B-00C04F79EFBC}") = "App32_LoginSocial.iOS", "App32_LoginSocial\App32_LoginSocial.iOS\App32_LoginSocial.iOS.csproj", "{C3F678CA-D691-425F-A67F-0B29A88CE788}"
EndProject
Global
	GlobalSection(SolutionConfigurationPlatforms) = preSolution
		Ad-Hoc|Any CPU = Ad-Hoc|Any CPU
		Ad-Hoc|iPhone = Ad-Hoc|iPhone
		Ad-Hoc|iPhoneSimulator = Ad-Hoc|iPhoneSimulator
		AppStore|Any CPU = AppStore|Any CPU
		AppStore|iPhone = AppStore|iPhone
		AppStore|iPhoneSimulator = AppStore|iPhoneSimulator
		Debug|Any CPU = Debug|Any CPU
		Debug|iPhone = Debug|iPhone
		Debug|iPhoneSimulator = Debug|iPhoneSimulator
		Release|Any CPU = Release|Any CPU
		Release|iPhone = Release|iPhone
		Release|iPhoneSimulator = Release|iPhoneSimulator
	EndGlobalSection
	GlobalSection(ProjectConfigurationPlatforms) = postSolution
		{E0CDEB7F-6B49-4778-B670-8DAF6A47340B}.Ad-Hoc|Any CPU.ActiveCfg = Release|Any CPU
		{E0CDEB7F-6B49-4778-B670-8DAF6A47340B}.Ad-Hoc|Any CPU.Build.0 = Release|Any CPU
		{E0CDEB7F-6B49-4778-B670-8DAF6A47340B}.Ad-Hoc|Any CPU.Deploy.0 = Release|Any CPU
		{E0CDEB7F-6B49-4778-B670-8DAF6A47340B}.Ad-Hoc|iPhone.ActiveCfg = Release|Any CPU
		{E0CDEB7F-6B49-4778-B670-8DAF6A47340B}.Ad-Hoc|iPhone.Build.0 = Release|Any CPU
		{E0CDEB7F-6B49-4778-B670-8DAF6A47340B}.Ad-Hoc|iPhone.Deploy.0 = Release|Any CPU
		{E0CDEB7F-6B49-4778-B670-8DAF6A47340B}.Ad-Hoc|iPhoneSimulator.ActiveCfg = Release|Any CPU
		{E0CDEB7F-6B49-4778-B670-8DAF6A47340B}.Ad-Hoc|iPhoneSimulator.Build.0 = Release|Any CPU
		{E0CDEB7F-6B49-4778-B670-8DAF6A47340B}.Ad-Hoc|iPhoneSimulator.Deploy.0 = Release|Any CPU
		{E0CDEB7F-6B49-4778-B670-8DAF6A47340B}.AppStore|Any CPU.ActiveCfg = Release|Any CPU
		{E0CDEB7F-6B49-4778-B670-8DAF6A47340B}.AppStore|Any CPU.Build.0 = Release|Any CPU
		{E0CDEB7F-6B49-4778-B670-8DAF6A47340B}.AppStore|Any CPU.Deploy.0 = Release|Any CPU
		{E0CDEB7F-6B49-4778-B670-8DAF6A47340B}.AppStore|iPhone.ActiveCfg = Release|Any CPU
		{E0CDEB7F-6B49-4778-B670-8DAF6A47340B}.AppStore|iPhone.Build.0 = Release|Any CPU
		{E0CDEB7F-6B49-4778-B670-8DAF6A47340B}.AppStore|iPhone.Deploy.0 = Release|Any CPU
		{E0CDEB7F-6B49-4778-B670-8DAF6A47340B}.AppStore|iPhoneSimulator.ActiveCfg = Release|Any CPU
		{E0CDEB7F-6B49-4778-B670-8DAF6A47340B}.AppStore|iPhoneSimulator.Build.0 = Release|Any CPU
		{E0CDEB7F-6B49-4778-B670-8DAF6A47340B}.AppStore|iPhoneSimulator.Deploy.0 = Release|Any CPU
		{E0CDEB7F-6B49-4778-B670-8DAF6A47340B}.Debug|Any CPU.ActiveCfg = Debug|Any CPU
		{E0CDEB7F-6B49-4778-B670-8DAF6A47340B}.Debug|Any CPU.Build.0 = Debug|Any CPU
		{E0CDEB7F-6B49-4778-B670-8DAF6A47340B}.Debug|Any CPU.Deploy.0 = Debug|Any CPU
		{E0CDEB7F-6B49-4778-B670-8DAF6A47340B}.Debug|iPhone.ActiveCfg = Debug|Any CPU
		{E0CDEB7F-6B49-4778-B670-8DAF6A47340B}.Debug|iPhone.Build.0 = Debug|Any CPU
		{E0CDEB7F-6B49-4778-B670-8DAF6A47340B}.Debug|iPhone.Deploy.0 = Debug|Any CPU
		{E0CDEB7F-6B49-4778-B670-8DAF6A47340B}.Debug|iPhoneSimulator.ActiveCfg = Debug|Any CPU
		{E0CDEB7F-6B49-4778-B670-8DAF6A47340B}.Debug|iPhoneSimulator.Build.0 = Debug|Any CPU
		{E0CDEB7F-6B49-4778-B670-8DAF6A47340B}.Debug|iPhoneSimulator.Deploy.0 = Debug|Any CPU
		{E0CDEB7F-6B49-4778-B670-8DAF6A47340B}.Release|Any CPU.ActiveCfg = Release|Any CPU
		{E0CDEB7F-6B49-4778-B670-8DAF6A47340B}.Release|Any CPU.Build.0 = Release|Any CPU
		{E0CDEB7F-6B49-4778-B670-8DAF6A47340B}.Release|Any CPU.Deploy.0 = Release|Any CPU
		{E0CDEB7F-6B49-4778-B670-8DAF6A47340B}.Release|iPhone.ActiveCfg = Release|Any CPU
		{E0CDEB7F-6B49-4778-B670-8DAF6A47340B}.Release|iPhone.Build.0 = Release|Any CPU
		{E0CDEB7F-6B49-4778-B670-8DAF6A47340B}.Release|iPhone.Deploy.0 = Release|Any CPU
		{E0CDEB7F-6B49-4778-B670-8DAF6A47340B}.Release|iPhoneSimulator.ActiveCfg = Release|Any CPU
		{E0CDEB7F-6B49-4778-B670-8DAF6A47340B}.Release|iPhoneSimulator.Build.0 = Release|Any CPU
		{E0CDEB7F-6B49-4778-B670-8DAF6A47340B}.Release|iPhoneSimulator.Deploy.0 = Release|Any CPU
		{70541B21-B1A9-4EA4-97A6-16745A6B941E}.Ad-Hoc|Any CPU.ActiveCfg = Release|Any CPU
		{70541B21-B1A9-4EA4-97A6-16745A6B941E}.Ad-Hoc|Any CPU.Build.0 = Release|Any CPU
		{70541B21-B1A9-4EA4-97A6-16745A6B941E}.Ad-Hoc|iPhone.ActiveCfg = Release|Any CPU
		{70541B21-B1A9-4EA4-97A6-16745A6B941E}.Ad-Hoc|iPhone.Build.0 = Release|Any CPU
		{70541B21-B1A9-4EA4-97A6-16745A6B941E}.Ad-Hoc|iPhoneSimulator.ActiveCfg = Release|Any CPU
		{70541B21-B1A9-4EA4-97A6-16745A6B941E}.Ad-Hoc|iPhoneSimulator.Build.0 = Release|Any CPU
		{70541B21-B1A9-4EA4-97A6-16745A6B941E}.AppStore|Any CPU.ActiveCfg = Release|Any CPU
		{70541B21-B1A9-4EA4-97A6-16745A6B941E}.AppStore|Any CPU.Build.0 = Release|Any CPU
		{70541B21-B1A9-4EA4-97A6-16745A6B941E}.AppStore|iPhone.ActiveCfg = Release|Any CPU
		{70541B21-B1A9-4EA4-97A6-16745A6B941E}.AppStore|iPhone.Build.0 = Release|Any CPU
		{70541B21-B1A9-4EA4-97A6-16745A6B941E}.AppStore|iPhoneSimulator.ActiveCfg = Release|Any CPU
		{70541B21-B1A9-4EA4-97A6-16745A6B941E}.AppStore|iPhoneSimulator.Build.0 = Release|Any CPU
		{70541B21-B1A9-4EA4-97A6-16745A6B941E}.Debug|Any CPU.ActiveCfg = Debug|Any CPU
		{70541B21-B1A9-4EA4-97A6-16745A6B941E}.Debug|Any CPU.Build.0 = Debug|Any CPU
		{70541B21-B1A9-4EA4-97A6-16745A6B941E}.Debug|Any CPU.Deploy.0 = Debug|Any CPU
		{70541B21-B1A9-4EA4-97A6-16745A6B941E}.Debug|iPhone.ActiveCfg = Debug|Any CPU
		{70541B21-B1A9-4EA4-97A6-16745A6B941E}.Debug|iPhone.Build.0 = Debug|Any CPU
		{70541B21-B1A9-4EA4-97A6-16745A6B941E}.Debug|iPhoneSimulator.ActiveCfg = Debug|Any CPU
		{70541B21-B1A9-4EA4-97A6-16745A6B941E}.Debug|iPhoneSimulator.Build.0 = Debug|Any CPU
		{70541B21-B1A9-4EA4-97A6-16745A6B941E}.Release|Any CPU.ActiveCfg = Release|Any CPU
		{70541B21-B1A9-4EA4-97A6-16745A6B941E}.Release|Any CPU.Build.0 = Release|Any CPU
		{70541B21-B1A9-4EA4-97A6-16745A6B941E}.Release|Any CPU.Deploy.0 = Release|Any CPU
		{70541B21-B1A9-4EA4-97A6-16745A6B941E}.Release|iPhone.ActiveCfg = Release|Any CPU
		{70541B21-B1A9-4EA4-97A6-16745A6B941E}.Release|iPhone.Build.0 = Release|Any CPU
		{70541B21-B1A9-4EA4-97A6-16745A6B941E}.Release|iPhoneSimulator.ActiveCfg = Release|Any CPU
		{70541B21-B1A9-4EA4-97A6-16745A6B941E}.Release|iPhoneSimulator.Build.0 = Release|Any CPU
		{C3F678CA-D691-425F-A67F-0B29A88CE788}.Ad-Hoc|Any CPU.ActiveCfg = Ad-Hoc|iPhone
		{C3F678CA-D691-425F-A67F-0B29A88CE788}.Ad-Hoc|iPhone.ActiveCfg = Ad-Hoc|iPhone
		{C3F678CA-D691-425F-A67F-0B29A88CE788}.Ad-Hoc|iPhone.Build.0 = Ad-Hoc|iPhone
		{C3F678CA-D691-425F-A67F-0B29A88CE788}.Ad-Hoc|iPhoneSimulator.ActiveCfg = Ad-Hoc|iPhoneSimulator
		{C3F678CA-D691-425F-A67F-0B29A88CE788}.Ad-Hoc|iPhoneSimulator.Build.0 = Ad-Hoc|iPhoneSimulator
		{C3F678CA-D691-425F-A67F-0B29A88CE788}.AppStore|Any CPU.ActiveCfg = AppStore|iPhone
		{C3F678CA-D691-425F-A67F-0B29A88CE788}.AppStore|iPhone.ActiveCfg = AppStore|iPhone
		{C3F678CA-D691-425F-A67F-0B29A88CE788}.AppStore|iPhone.Build.0 = AppStore|iPhone
		{C3F678CA-D691-425F-A67F-0B29A88CE788}.AppStore|iPhoneSimulator.ActiveCfg = AppStore|iPhoneSimulator
		{C3F678CA-D691-425F-A67F-0B29A88CE788}.AppStore|iPhoneSimulator.Build.0 = AppStore|iPhoneSimulator
		{C3F678CA-D691-425F-A67F-0B29A88CE788}.Debug|Any CPU.ActiveCfg = Debug|iPhone
		{C3F678CA-D691-425F-A67F-0B29A88CE788}.Debug|iPhone.ActiveCfg = Debug|iPhone
		{C3F678CA-D691-425F-A67F-0B29A88CE788}.Debug|iPhone.Build.0 = Debug|iPhone
		{C3F678CA-D691-425F-A67F-0B29A88CE788}.Debug|iPhoneSimulator.ActiveCfg = Debug|iPhoneSimulator
		{C3F678CA-D691-425F-A67F-0B29A88CE788}.Debug|iPhoneSimulator.Build.0 = Debug|iPhoneSimulator
		{C3F678CA-D691-425F-A67F-0B29A88CE788}.Release|Any CPU.ActiveCfg = Release|iPhone
		{C3F678CA-D691-425F-A67F-0B29A88CE788}.Release|iPhone.ActiveCfg = Release|iPhone
		{C3F678CA-D691-425F-A67F-0B29A88CE788}.Release|iPhone.Build.0 = Release|iPhone
		{C3F678CA-D691-425F-A67F-0B29A88CE788}.Release|iPhoneSimulator.ActiveCfg = Release|iPhoneSimulator
		{C3F678CA-D691-425F-A67F-0B29A88CE788}.Release|iPhoneSimulator.Build.0 = Release|iPhoneSimulator
	EndGlobalSection
	GlobalSection(SolutionProperties) = preSolution
		HideSolutionNode = FALSE
	EndGlobalSection
	GlobalSection(ExtensibilityGlobals) = postSolution
		SolutionGuid = {DECA9624-783A-4537-9EAC-5AAC941C17E4}
	EndGlobalSection
EndGlobal
