
Microsoft Visual Studio Solution File, Format Version 12.00
# Visual Studio 15
VisualStudioVersion = 15.0.28307.168
MinimumVisualStudioVersion = 10.0.40219.1
Project("{FAE04EC0-301F-11D3-BF4B-00C04F79EFBC}") = "App21_CustomControl.Android", "App21_CustomControl\App21_CustomControl.Android\App21_CustomControl.Android.csproj", "{C94EDD93-047F-433B-B7B1-317DAC28FFC9}"
EndProject
Project("{FAE04EC0-301F-11D3-BF4B-00C04F79EFBC}") = "App21_CustomControl.iOS", "App21_CustomControl\App21_CustomControl.iOS\App21_CustomControl.iOS.csproj", "{B3708852-C764-4396-9781-2CAFA516CB1C}"
EndProject
Project("{FAE04EC0-301F-11D3-BF4B-00C04F79EFBC}") = "App21_CustomControl", "App21_CustomControl\App21_CustomControl\App21_CustomControl.csproj", "{09C3DE42-219C-4DFE-B4FF-BC7571576781}"
EndProject
Global
	GlobalSection(SolutionConfigurationPlatforms) = preSolution
		Ad-Hoc|Any CPU = Ad-Hoc|Any CPU
		Ad-Hoc|iPhone = Ad-Hoc|iPhone
		Ad-Hoc|iPhoneSimulator = Ad-Hoc|iPhoneSimulator
		AppStore|Any CPU = AppStore|Any CPU
		AppStore|iPhone = AppStore|iPhone
		AppStore|iPhoneSimulator = AppStore|iPhoneSimulator
		Debug|Any CPU = Debug|Any CPU
		Debug|iPhone = Debug|iPhone
		Debug|iPhoneSimulator = Debug|iPhoneSimulator
		Release|Any CPU = Release|Any CPU
		Release|iPhone = Release|iPhone
		Release|iPhoneSimulator = Release|iPhoneSimulator
	EndGlobalSection
	GlobalSection(ProjectConfigurationPlatforms) = postSolution
		{C94EDD93-047F-433B-B7B1-317DAC28FFC9}.Ad-Hoc|Any CPU.ActiveCfg = Release|Any CPU
		{C94EDD93-047F-433B-B7B1-317DAC28FFC9}.Ad-Hoc|Any CPU.Build.0 = Release|Any CPU
		{C94EDD93-047F-433B-B7B1-317DAC28FFC9}.Ad-Hoc|Any CPU.Deploy.0 = Release|Any CPU
		{C94EDD93-047F-433B-B7B1-317DAC28FFC9}.Ad-Hoc|iPhone.ActiveCfg = Release|Any CPU
		{C94EDD93-047F-433B-B7B1-317DAC28FFC9}.Ad-Hoc|iPhone.Build.0 = Release|Any CPU
		{C94EDD93-047F-433B-B7B1-317DAC28FFC9}.Ad-Hoc|iPhone.Deploy.0 = Release|Any CPU
		{C94EDD93-047F-433B-B7B1-317DAC28FFC9}.Ad-Hoc|iPhoneSimulator.ActiveCfg = Release|Any CPU
		{C94EDD93-047F-433B-B7B1-317DAC28FFC9}.Ad-Hoc|iPhoneSimulator.Build.0 = Release|Any CPU
		{C94EDD93-047F-433B-B7B1-317DAC28FFC9}.Ad-Hoc|iPhoneSimulator.Deploy.0 = Release|Any CPU
		{C94EDD93-047F-433B-B7B1-317DAC28FFC9}.AppStore|Any CPU.ActiveCfg = Release|Any CPU
		{C94EDD93-047F-433B-B7B1-317DAC28FFC9}.AppStore|Any CPU.Build.0 = Release|Any CPU
		{C94EDD93-047F-433B-B7B1-317DAC28FFC9}.AppStore|Any CPU.Deploy.0 = Release|Any CPU
		{C94EDD93-047F-433B-B7B1-317DAC28FFC9}.AppStore|iPhone.ActiveCfg = Release|Any CPU
		{C94EDD93-047F-433B-B7B1-317DAC28FFC9}.AppStore|iPhone.Build.0 = Release|Any CPU
		{C94EDD93-047F-433B-B7B1-317DAC28FFC9}.AppStore|iPhone.Deploy.0 = Release|Any CPU
		{C94EDD93-047F-433B-B7B1-317DAC28FFC9}.AppStore|iPhoneSimulator.ActiveCfg = Release|Any CPU
		{C94EDD93-047F-433B-B7B1-317DAC28FFC9}.AppStore|iPhoneSimulator.Build.0 = Release|Any CPU
		{C94EDD93-047F-433B-B7B1-317DAC28FFC9}.AppStore|iPhoneSimulator.Deploy.0 = Release|Any CPU
		{C94EDD93-047F-433B-B7B1-317DAC28FFC9}.Debug|Any CPU.ActiveCfg = Debug|Any CPU
		{C94EDD93-047F-433B-B7B1-317DAC28FFC9}.Debug|Any CPU.Build.0 = Debug|Any CPU
		{C94EDD93-047F-433B-B7B1-317DAC28FFC9}.Debug|Any CPU.Deploy.0 = Debug|Any CPU
		{C94EDD93-047F-433B-B7B1-317DAC28FFC9}.Debug|iPhone.ActiveCfg = Debug|Any CPU
		{C94EDD93-047F-433B-B7B1-317DAC28FFC9}.Debug|iPhone.Build.0 = Debug|Any CPU
		{C94EDD93-047F-433B-B7B1-317DAC28FFC9}.Debug|iPhone.Deploy.0 = Debug|Any CPU
		{C94EDD93-047F-433B-B7B1-317DAC28FFC9}.Debug|iPhoneSimulator.ActiveCfg = Debug|Any CPU
		{C94EDD93-047F-433B-B7B1-317DAC28FFC9}.Debug|iPhoneSimulator.Build.0 = Debug|Any CPU
		{C94EDD93-047F-433B-B7B1-317DAC28FFC9}.Debug|iPhoneSimulator.Deploy.0 = Debug|Any CPU
		{C94EDD93-047F-433B-B7B1-317DAC28FFC9}.Release|Any CPU.ActiveCfg = Release|Any CPU
		{C94EDD93-047F-433B-B7B1-317DAC28FFC9}.Release|Any CPU.Build.0 = Release|Any CPU
		{C94EDD93-047F-433B-B7B1-317DAC28FFC9}.Release|Any CPU.Deploy.0 = Release|Any CPU
		{C94EDD93-047F-433B-B7B1-317DAC28FFC9}.Release|iPhone.ActiveCfg = Release|Any CPU
		{C94EDD93-047F-433B-B7B1-317DAC28FFC9}.Release|iPhone.Build.0 = Release|Any CPU
		{C94EDD93-047F-433B-B7B1-317DAC28FFC9}.Release|iPhone.Deploy.0 = Release|Any CPU
		{C94EDD93-047F-433B-B7B1-317DAC28FFC9}.Release|iPhoneSimulator.ActiveCfg = Release|Any CPU
		{C94EDD93-047F-433B-B7B1-317DAC28FFC9}.Release|iPhoneSimulator.Build.0 = Release|Any CPU
		{C94EDD93-047F-433B-B7B1-317DAC28FFC9}.Release|iPhoneSimulator.Deploy.0 = Release|Any CPU
		{B3708852-C764-4396-9781-2CAFA516CB1C}.Ad-Hoc|Any CPU.ActiveCfg = Ad-Hoc|iPhone
		{B3708852-C764-4396-9781-2CAFA516CB1C}.Ad-Hoc|Any CPU.Build.0 = Ad-Hoc|iPhone
		{B3708852-C764-4396-9781-2CAFA516CB1C}.Ad-Hoc|Any CPU.Deploy.0 = Ad-Hoc|iPhone
		{B3708852-C764-4396-9781-2CAFA516CB1C}.Ad-Hoc|iPhone.ActiveCfg = Ad-Hoc|iPhone
		{B3708852-C764-4396-9781-2CAFA516CB1C}.Ad-Hoc|iPhone.Build.0 = Ad-Hoc|iPhone
		{B3708852-C764-4396-9781-2CAFA516CB1C}.Ad-Hoc|iPhone.Deploy.0 = Ad-Hoc|iPhone
		{B3708852-C764-4396-9781-2CAFA516CB1C}.Ad-Hoc|iPhoneSimulator.ActiveCfg = Ad-Hoc|iPhoneSimulator
		{B3708852-C764-4396-9781-2CAFA516CB1C}.Ad-Hoc|iPhoneSimulator.Build.0 = Ad-Hoc|iPhoneSimulator
		{B3708852-C764-4396-9781-2CAFA516CB1C}.Ad-Hoc|iPhoneSimulator.Deploy.0 = Ad-Hoc|iPhoneSimulator
		{B3708852-C764-4396-9781-2CAFA516CB1C}.AppStore|Any CPU.ActiveCfg = AppStore|iPhone
		{B3708852-C764-4396-9781-2CAFA516CB1C}.AppStore|Any CPU.Build.0 = AppStore|iPhone
		{B3708852-C764-4396-9781-2CAFA516CB1C}.AppStore|Any CPU.Deploy.0 = AppStore|iPhone
		{B3708852-C764-4396-9781-2CAFA516CB1C}.AppStore|iPhone.ActiveCfg = AppStore|iPhone
		{B3708852-C764-4396-9781-2CAFA516CB1C}.AppStore|iPhone.Build.0 = AppStore|iPhone
		{B3708852-C764-4396-9781-2CAFA516CB1C}.AppStore|iPhone.Deploy.0 = AppStore|iPhone
		{B3708852-C764-4396-9781-2CAFA516CB1C}.AppStore|iPhoneSimulator.ActiveCfg = AppStore|iPhoneSimulator
		{B3708852-C764-4396-9781-2CAFA516CB1C}.AppStore|iPhoneSimulator.Build.0 = AppStore|iPhoneSimulator
		{B3708852-C764-4396-9781-2CAFA516CB1C}.AppStore|iPhoneSimulator.Deploy.0 = AppStore|iPhoneSimulator
		{B3708852-C764-4396-9781-2CAFA516CB1C}.Debug|Any CPU.ActiveCfg = Debug|iPhoneSimulator
		{B3708852-C764-4396-9781-2CAFA516CB1C}.Debug|Any CPU.Build.0 = Debug|iPhoneSimulator
		{B3708852-C764-4396-9781-2CAFA516CB1C}.Debug|Any CPU.Deploy.0 = Debug|iPhoneSimulator
		{B3708852-C764-4396-9781-2CAFA516CB1C}.Debug|iPhone.ActiveCfg = Debug|iPhone
		{B3708852-C764-4396-9781-2CAFA516CB1C}.Debug|iPhone.Build.0 = Debug|iPhone
		{B3708852-C764-4396-9781-2CAFA516CB1C}.Debug|iPhone.Deploy.0 = Debug|iPhone
		{B3708852-C764-4396-9781-2CAFA516CB1C}.Debug|iPhoneSimulator.ActiveCfg = Debug|iPhoneSimulator
		{B3708852-C764-4396-9781-2CAFA516CB1C}.Debug|iPhoneSimulator.Build.0 = Debug|iPhoneSimulator
		{B3708852-C764-4396-9781-2CAFA516CB1C}.Debug|iPhoneSimulator.Deploy.0 = Debug|iPhoneSimulator
		{B3708852-C764-4396-9781-2CAFA516CB1C}.Release|Any CPU.ActiveCfg = Release|iPhone
		{B3708852-C764-4396-9781-2CAFA516CB1C}.Release|Any CPU.Build.0 = Release|iPhone
		{B3708852-C764-4396-9781-2CAFA516CB1C}.Release|Any CPU.Deploy.0 = Release|iPhone
		{B3708852-C764-4396-9781-2CAFA516CB1C}.Release|iPhone.ActiveCfg = Release|iPhone
		{B3708852-C764-4396-9781-2CAFA516CB1C}.Release|iPhone.Build.0 = Release|iPhone
		{B3708852-C764-4396-9781-2CAFA516CB1C}.Release|iPhone.Deploy.0 = Release|iPhone
		{B3708852-C764-4396-9781-2CAFA516CB1C}.Release|iPhoneSimulator.ActiveCfg = Release|iPhoneSimulator
		{B3708852-C764-4396-9781-2CAFA516CB1C}.Release|iPhoneSimulator.Build.0 = Release|iPhoneSimulator
		{B3708852-C764-4396-9781-2CAFA516CB1C}.Release|iPhoneSimulator.Deploy.0 = Release|iPhoneSimulator
		{09C3DE42-219C-4DFE-B4FF-BC7571576781}.Ad-Hoc|Any CPU.ActiveCfg = Debug|Any CPU
		{09C3DE42-219C-4DFE-B4FF-BC7571576781}.Ad-Hoc|Any CPU.Build.0 = Debug|Any CPU
		{09C3DE42-219C-4DFE-B4FF-BC7571576781}.Ad-Hoc|Any CPU.Deploy.0 = Debug|Any CPU
		{09C3DE42-219C-4DFE-B4FF-BC7571576781}.Ad-Hoc|iPhone.ActiveCfg = Debug|Any CPU
		{09C3DE42-219C-4DFE-B4FF-BC7571576781}.Ad-Hoc|iPhone.Build.0 = Debug|Any CPU
		{09C3DE42-219C-4DFE-B4FF-BC7571576781}.Ad-Hoc|iPhone.Deploy.0 = Debug|Any CPU
		{09C3DE42-219C-4DFE-B4FF-BC7571576781}.Ad-Hoc|iPhoneSimulator.ActiveCfg = Debug|Any CPU
		{09C3DE42-219C-4DFE-B4FF-BC7571576781}.Ad-Hoc|iPhoneSimulator.Build.0 = Debug|Any CPU
		{09C3DE42-219C-4DFE-B4FF-BC7571576781}.Ad-Hoc|iPhoneSimulator.Deploy.0 = Debug|Any CPU
		{09C3DE42-219C-4DFE-B4FF-BC7571576781}.AppStore|Any CPU.ActiveCfg = Debug|Any CPU
		{09C3DE42-219C-4DFE-B4FF-BC7571576781}.AppStore|Any CPU.Build.0 = Debug|Any CPU
		{09C3DE42-219C-4DFE-B4FF-BC7571576781}.AppStore|Any CPU.Deploy.0 = Debug|Any CPU
		{09C3DE42-219C-4DFE-B4FF-BC7571576781}.AppStore|iPhone.ActiveCfg = Debug|Any CPU
		{09C3DE42-219C-4DFE-B4FF-BC7571576781}.AppStore|iPhone.Build.0 = Debug|Any CPU
		{09C3DE42-219C-4DFE-B4FF-BC7571576781}.AppStore|iPhone.Deploy.0 = Debug|Any CPU
		{09C3DE42-219C-4DFE-B4FF-BC7571576781}.AppStore|iPhoneSimulator.ActiveCfg = Debug|Any CPU
		{09C3DE42-219C-4DFE-B4FF-BC7571576781}.AppStore|iPhoneSimulator.Build.0 = Debug|Any CPU
		{09C3DE42-219C-4DFE-B4FF-BC7571576781}.AppStore|iPhoneSimulator.Deploy.0 = Debug|Any CPU
		{09C3DE42-219C-4DFE-B4FF-BC7571576781}.Debug|Any CPU.ActiveCfg = Debug|Any CPU
		{09C3DE42-219C-4DFE-B4FF-BC7571576781}.Debug|Any CPU.Build.0 = Debug|Any CPU
		{09C3DE42-219C-4DFE-B4FF-BC7571576781}.Debug|Any CPU.Deploy.0 = Debug|Any CPU
		{09C3DE42-219C-4DFE-B4FF-BC7571576781}.Debug|iPhone.ActiveCfg = Debug|Any CPU
		{09C3DE42-219C-4DFE-B4FF-BC7571576781}.Debug|iPhone.Build.0 = Debug|Any CPU
		{09C3DE42-219C-4DFE-B4FF-BC7571576781}.Debug|iPhone.Deploy.0 = Debug|Any CPU
		{09C3DE42-219C-4DFE-B4FF-BC7571576781}.Debug|iPhoneSimulator.ActiveCfg = Debug|Any CPU
		{09C3DE42-219C-4DFE-B4FF-BC7571576781}.Debug|iPhoneSimulator.Build.0 = Debug|Any CPU
		{09C3DE42-219C-4DFE-B4FF-BC7571576781}.Debug|iPhoneSimulator.Deploy.0 = Debug|Any CPU
		{09C3DE42-219C-4DFE-B4FF-BC7571576781}.Release|Any CPU.ActiveCfg = Release|Any CPU
		{09C3DE42-219C-4DFE-B4FF-BC7571576781}.Release|Any CPU.Build.0 = Release|Any CPU
		{09C3DE42-219C-4DFE-B4FF-BC7571576781}.Release|Any CPU.Deploy.0 = Release|Any CPU
		{09C3DE42-219C-4DFE-B4FF-BC7571576781}.Release|iPhone.ActiveCfg = Release|Any CPU
		{09C3DE42-219C-4DFE-B4FF-BC7571576781}.Release|iPhone.Build.0 = Release|Any CPU
		{09C3DE42-219C-4DFE-B4FF-BC7571576781}.Release|iPhone.Deploy.0 = Release|Any CPU
		{09C3DE42-219C-4DFE-B4FF-BC7571576781}.Release|iPhoneSimulator.ActiveCfg = Release|Any CPU
		{09C3DE42-219C-4DFE-B4FF-BC7571576781}.Release|iPhoneSimulator.Build.0 = Release|Any CPU
		{09C3DE42-219C-4DFE-B4FF-BC7571576781}.Release|iPhoneSimulator.Deploy.0 = Release|Any CPU
	EndGlobalSection
	GlobalSection(SolutionProperties) = preSolution
		HideSolutionNode = FALSE
	EndGlobalSection
	GlobalSection(ExtensibilityGlobals) = postSolution
		SolutionGuid = {A6447798-0DA4-41FB-9545-C5068A6EA1A9}
	EndGlobalSection
EndGlobal
