
Microsoft Visual Studio Solution File, Format Version 12.00
# Visual Studio 15
VisualStudioVersion = 15.0.28307.168
MinimumVisualStudioVersion = 10.0.40219.1
Project("{FAE04EC0-301F-11D3-BF4B-00C04F79EFBC}") = "App07_Cell.Android", "App07_Cell\App07_Cell.Android\App07_Cell.Android.csproj", "{D3FA6F4F-BD31-46ED-8F8C-B54B4BD8920C}"
EndProject
Project("{FAE04EC0-301F-11D3-BF4B-00C04F79EFBC}") = "App07_Cell.iOS", "App07_Cell\App07_Cell.iOS\App07_Cell.iOS.csproj", "{96E65658-36DA-4450-A260-0AE839D68D96}"
EndProject
Project("{FAE04EC0-301F-11D3-BF4B-00C04F79EFBC}") = "App07_Cell", "App07_Cell\App07_Cell\App07_Cell.csproj", "{7389BEFC-7FAC-46EF-BE01-3FE23E996477}"
EndProject
Global
	GlobalSection(SolutionConfigurationPlatforms) = preSolution
		Ad-Hoc|Any CPU = Ad-Hoc|Any CPU
		Ad-Hoc|iPhone = Ad-Hoc|iPhone
		Ad-Hoc|iPhoneSimulator = Ad-Hoc|iPhoneSimulator
		AppStore|Any CPU = AppStore|Any CPU
		AppStore|iPhone = AppStore|iPhone
		AppStore|iPhoneSimulator = AppStore|iPhoneSimulator
		Debug|Any CPU = Debug|Any CPU
		Debug|iPhone = Debug|iPhone
		Debug|iPhoneSimulator = Debug|iPhoneSimulator
		Release|Any CPU = Release|Any CPU
		Release|iPhone = Release|iPhone
		Release|iPhoneSimulator = Release|iPhoneSimulator
	EndGlobalSection
	GlobalSection(ProjectConfigurationPlatforms) = postSolution
		{D3FA6F4F-BD31-46ED-8F8C-B54B4BD8920C}.Ad-Hoc|Any CPU.ActiveCfg = Release|Any CPU
		{D3FA6F4F-BD31-46ED-8F8C-B54B4BD8920C}.Ad-Hoc|Any CPU.Build.0 = Release|Any CPU
		{D3FA6F4F-BD31-46ED-8F8C-B54B4BD8920C}.Ad-Hoc|Any CPU.Deploy.0 = Release|Any CPU
		{D3FA6F4F-BD31-46ED-8F8C-B54B4BD8920C}.Ad-Hoc|iPhone.ActiveCfg = Release|Any CPU
		{D3FA6F4F-BD31-46ED-8F8C-B54B4BD8920C}.Ad-Hoc|iPhone.Build.0 = Release|Any CPU
		{D3FA6F4F-BD31-46ED-8F8C-B54B4BD8920C}.Ad-Hoc|iPhone.Deploy.0 = Release|Any CPU
		{D3FA6F4F-BD31-46ED-8F8C-B54B4BD8920C}.Ad-Hoc|iPhoneSimulator.ActiveCfg = Release|Any CPU
		{D3FA6F4F-BD31-46ED-8F8C-B54B4BD8920C}.Ad-Hoc|iPhoneSimulator.Build.0 = Release|Any CPU
		{D3FA6F4F-BD31-46ED-8F8C-B54B4BD8920C}.Ad-Hoc|iPhoneSimulator.Deploy.0 = Release|Any CPU
		{D3FA6F4F-BD31-46ED-8F8C-B54B4BD8920C}.AppStore|Any CPU.ActiveCfg = Release|Any CPU
		{D3FA6F4F-BD31-46ED-8F8C-B54B4BD8920C}.AppStore|Any CPU.Build.0 = Release|Any CPU
		{D3FA6F4F-BD31-46ED-8F8C-B54B4BD8920C}.AppStore|Any CPU.Deploy.0 = Release|Any CPU
		{D3FA6F4F-BD31-46ED-8F8C-B54B4BD8920C}.AppStore|iPhone.ActiveCfg = Release|Any CPU
		{D3FA6F4F-BD31-46ED-8F8C-B54B4BD8920C}.AppStore|iPhone.Build.0 = Release|Any CPU
		{D3FA6F4F-BD31-46ED-8F8C-B54B4BD8920C}.AppStore|iPhone.Deploy.0 = Release|Any CPU
		{D3FA6F4F-BD31-46ED-8F8C-B54B4BD8920C}.AppStore|iPhoneSimulator.ActiveCfg = Release|Any CPU
		{D3FA6F4F-BD31-46ED-8F8C-B54B4BD8920C}.AppStore|iPhoneSimulator.Build.0 = Release|Any CPU
		{D3FA6F4F-BD31-46ED-8F8C-B54B4BD8920C}.AppStore|iPhoneSimulator.Deploy.0 = Release|Any CPU
		{D3FA6F4F-BD31-46ED-8F8C-B54B4BD8920C}.Debug|Any CPU.ActiveCfg = Debug|Any CPU
		{D3FA6F4F-BD31-46ED-8F8C-B54B4BD8920C}.Debug|Any CPU.Build.0 = Debug|Any CPU
		{D3FA6F4F-BD31-46ED-8F8C-B54B4BD8920C}.Debug|Any CPU.Deploy.0 = Debug|Any CPU
		{D3FA6F4F-BD31-46ED-8F8C-B54B4BD8920C}.Debug|iPhone.ActiveCfg = Debug|Any CPU
		{D3FA6F4F-BD31-46ED-8F8C-B54B4BD8920C}.Debug|iPhone.Build.0 = Debug|Any CPU
		{D3FA6F4F-BD31-46ED-8F8C-B54B4BD8920C}.Debug|iPhone.Deploy.0 = Debug|Any CPU
		{D3FA6F4F-BD31-46ED-8F8C-B54B4BD8920C}.Debug|iPhoneSimulator.ActiveCfg = Debug|Any CPU
		{D3FA6F4F-BD31-46ED-8F8C-B54B4BD8920C}.Debug|iPhoneSimulator.Build.0 = Debug|Any CPU
		{D3FA6F4F-BD31-46ED-8F8C-B54B4BD8920C}.Debug|iPhoneSimulator.Deploy.0 = Debug|Any CPU
		{D3FA6F4F-BD31-46ED-8F8C-B54B4BD8920C}.Release|Any CPU.ActiveCfg = Release|Any CPU
		{D3FA6F4F-BD31-46ED-8F8C-B54B4BD8920C}.Release|Any CPU.Build.0 = Release|Any CPU
		{D3FA6F4F-BD31-46ED-8F8C-B54B4BD8920C}.Release|Any CPU.Deploy.0 = Release|Any CPU
		{D3FA6F4F-BD31-46ED-8F8C-B54B4BD8920C}.Release|iPhone.ActiveCfg = Release|Any CPU
		{D3FA6F4F-BD31-46ED-8F8C-B54B4BD8920C}.Release|iPhone.Build.0 = Release|Any CPU
		{D3FA6F4F-BD31-46ED-8F8C-B54B4BD8920C}.Release|iPhone.Deploy.0 = Release|Any CPU
		{D3FA6F4F-BD31-46ED-8F8C-B54B4BD8920C}.Release|iPhoneSimulator.ActiveCfg = Release|Any CPU
		{D3FA6F4F-BD31-46ED-8F8C-B54B4BD8920C}.Release|iPhoneSimulator.Build.0 = Release|Any CPU
		{D3FA6F4F-BD31-46ED-8F8C-B54B4BD8920C}.Release|iPhoneSimulator.Deploy.0 = Release|Any CPU
		{96E65658-36DA-4450-A260-0AE839D68D96}.Ad-Hoc|Any CPU.ActiveCfg = Ad-Hoc|iPhone
		{96E65658-36DA-4450-A260-0AE839D68D96}.Ad-Hoc|Any CPU.Build.0 = Ad-Hoc|iPhone
		{96E65658-36DA-4450-A260-0AE839D68D96}.Ad-Hoc|Any CPU.Deploy.0 = Ad-Hoc|iPhone
		{96E65658-36DA-4450-A260-0AE839D68D96}.Ad-Hoc|iPhone.ActiveCfg = Ad-Hoc|iPhone
		{96E65658-36DA-4450-A260-0AE839D68D96}.Ad-Hoc|iPhone.Build.0 = Ad-Hoc|iPhone
		{96E65658-36DA-4450-A260-0AE839D68D96}.Ad-Hoc|iPhone.Deploy.0 = Ad-Hoc|iPhone
		{96E65658-36DA-4450-A260-0AE839D68D96}.Ad-Hoc|iPhoneSimulator.ActiveCfg = Ad-Hoc|iPhoneSimulator
		{96E65658-36DA-4450-A260-0AE839D68D96}.Ad-Hoc|iPhoneSimulator.Build.0 = Ad-Hoc|iPhoneSimulator
		{96E65658-36DA-4450-A260-0AE839D68D96}.Ad-Hoc|iPhoneSimulator.Deploy.0 = Ad-Hoc|iPhoneSimulator
		{96E65658-36DA-4450-A260-0AE839D68D96}.AppStore|Any CPU.ActiveCfg = AppStore|iPhone
		{96E65658-36DA-4450-A260-0AE839D68D96}.AppStore|Any CPU.Build.0 = AppStore|iPhone
		{96E65658-36DA-4450-A260-0AE839D68D96}.AppStore|Any CPU.Deploy.0 = AppStore|iPhone
		{96E65658-36DA-4450-A260-0AE839D68D96}.AppStore|iPhone.ActiveCfg = AppStore|iPhone
		{96E65658-36DA-4450-A260-0AE839D68D96}.AppStore|iPhone.Build.0 = AppStore|iPhone
		{96E65658-36DA-4450-A260-0AE839D68D96}.AppStore|iPhone.Deploy.0 = AppStore|iPhone
		{96E65658-36DA-4450-A260-0AE839D68D96}.AppStore|iPhoneSimulator.ActiveCfg = AppStore|iPhoneSimulator
		{96E65658-36DA-4450-A260-0AE839D68D96}.AppStore|iPhoneSimulator.Build.0 = AppStore|iPhoneSimulator
		{96E65658-36DA-4450-A260-0AE839D68D96}.AppStore|iPhoneSimulator.Deploy.0 = AppStore|iPhoneSimulator
		{96E65658-36DA-4450-A260-0AE839D68D96}.Debug|Any CPU.ActiveCfg = Debug|iPhoneSimulator
		{96E65658-36DA-4450-A260-0AE839D68D96}.Debug|Any CPU.Build.0 = Debug|iPhoneSimulator
		{96E65658-36DA-4450-A260-0AE839D68D96}.Debug|Any CPU.Deploy.0 = Debug|iPhoneSimulator
		{96E65658-36DA-4450-A260-0AE839D68D96}.Debug|iPhone.ActiveCfg = Debug|iPhone
		{96E65658-36DA-4450-A260-0AE839D68D96}.Debug|iPhone.Build.0 = Debug|iPhone
		{96E65658-36DA-4450-A260-0AE839D68D96}.Debug|iPhone.Deploy.0 = Debug|iPhone
		{96E65658-36DA-4450-A260-0AE839D68D96}.Debug|iPhoneSimulator.ActiveCfg = Debug|iPhoneSimulator
		{96E65658-36DA-4450-A260-0AE839D68D96}.Debug|iPhoneSimulator.Build.0 = Debug|iPhoneSimulator
		{96E65658-36DA-4450-A260-0AE839D68D96}.Debug|iPhoneSimulator.Deploy.0 = Debug|iPhoneSimulator
		{96E65658-36DA-4450-A260-0AE839D68D96}.Release|Any CPU.ActiveCfg = Release|iPhone
		{96E65658-36DA-4450-A260-0AE839D68D96}.Release|Any CPU.Build.0 = Release|iPhone
		{96E65658-36DA-4450-A260-0AE839D68D96}.Release|Any CPU.Deploy.0 = Release|iPhone
		{96E65658-36DA-4450-A260-0AE839D68D96}.Release|iPhone.ActiveCfg = Release|iPhone
		{96E65658-36DA-4450-A260-0AE839D68D96}.Release|iPhone.Build.0 = Release|iPhone
		{96E65658-36DA-4450-A260-0AE839D68D96}.Release|iPhone.Deploy.0 = Release|iPhone
		{96E65658-36DA-4450-A260-0AE839D68D96}.Release|iPhoneSimulator.ActiveCfg = Release|iPhoneSimulator
		{96E65658-36DA-4450-A260-0AE839D68D96}.Release|iPhoneSimulator.Build.0 = Release|iPhoneSimulator
		{96E65658-36DA-4450-A260-0AE839D68D96}.Release|iPhoneSimulator.Deploy.0 = Release|iPhoneSimulator
		{7389BEFC-7FAC-46EF-BE01-3FE23E996477}.Ad-Hoc|Any CPU.ActiveCfg = Debug|Any CPU
		{7389BEFC-7FAC-46EF-BE01-3FE23E996477}.Ad-Hoc|Any CPU.Build.0 = Debug|Any CPU
		{7389BEFC-7FAC-46EF-BE01-3FE23E996477}.Ad-Hoc|Any CPU.Deploy.0 = Debug|Any CPU
		{7389BEFC-7FAC-46EF-BE01-3FE23E996477}.Ad-Hoc|iPhone.ActiveCfg = Debug|Any CPU
		{7389BEFC-7FAC-46EF-BE01-3FE23E996477}.Ad-Hoc|iPhone.Build.0 = Debug|Any CPU
		{7389BEFC-7FAC-46EF-BE01-3FE23E996477}.Ad-Hoc|iPhone.Deploy.0 = Debug|Any CPU
		{7389BEFC-7FAC-46EF-BE01-3FE23E996477}.Ad-Hoc|iPhoneSimulator.ActiveCfg = Debug|Any CPU
		{7389BEFC-7FAC-46EF-BE01-3FE23E996477}.Ad-Hoc|iPhoneSimulator.Build.0 = Debug|Any CPU
		{7389BEFC-7FAC-46EF-BE01-3FE23E996477}.Ad-Hoc|iPhoneSimulator.Deploy.0 = Debug|Any CPU
		{7389BEFC-7FAC-46EF-BE01-3FE23E996477}.AppStore|Any CPU.ActiveCfg = Debug|Any CPU
		{7389BEFC-7FAC-46EF-BE01-3FE23E996477}.AppStore|Any CPU.Build.0 = Debug|Any CPU
		{7389BEFC-7FAC-46EF-BE01-3FE23E996477}.AppStore|Any CPU.Deploy.0 = Debug|Any CPU
		{7389BEFC-7FAC-46EF-BE01-3FE23E996477}.AppStore|iPhone.ActiveCfg = Debug|Any CPU
		{7389BEFC-7FAC-46EF-BE01-3FE23E996477}.AppStore|iPhone.Build.0 = Debug|Any CPU
		{7389BEFC-7FAC-46EF-BE01-3FE23E996477}.AppStore|iPhone.Deploy.0 = Debug|Any CPU
		{7389BEFC-7FAC-46EF-BE01-3FE23E996477}.AppStore|iPhoneSimulator.ActiveCfg = Debug|Any CPU
		{7389BEFC-7FAC-46EF-BE01-3FE23E996477}.AppStore|iPhoneSimulator.Build.0 = Debug|Any CPU
		{7389BEFC-7FAC-46EF-BE01-3FE23E996477}.AppStore|iPhoneSimulator.Deploy.0 = Debug|Any CPU
		{7389BEFC-7FAC-46EF-BE01-3FE23E996477}.Debug|Any CPU.ActiveCfg = Debug|Any CPU
		{7389BEFC-7FAC-46EF-BE01-3FE23E996477}.Debug|Any CPU.Build.0 = Debug|Any CPU
		{7389BEFC-7FAC-46EF-BE01-3FE23E996477}.Debug|Any CPU.Deploy.0 = Debug|Any CPU
		{7389BEFC-7FAC-46EF-BE01-3FE23E996477}.Debug|iPhone.ActiveCfg = Debug|Any CPU
		{7389BEFC-7FAC-46EF-BE01-3FE23E996477}.Debug|iPhone.Build.0 = Debug|Any CPU
		{7389BEFC-7FAC-46EF-BE01-3FE23E996477}.Debug|iPhone.Deploy.0 = Debug|Any CPU
		{7389BEFC-7FAC-46EF-BE01-3FE23E996477}.Debug|iPhoneSimulator.ActiveCfg = Debug|Any CPU
		{7389BEFC-7FAC-46EF-BE01-3FE23E996477}.Debug|iPhoneSimulator.Build.0 = Debug|Any CPU
		{7389BEFC-7FAC-46EF-BE01-3FE23E996477}.Debug|iPhoneSimulator.Deploy.0 = Debug|Any CPU
		{7389BEFC-7FAC-46EF-BE01-3FE23E996477}.Release|Any CPU.ActiveCfg = Release|Any CPU
		{7389BEFC-7FAC-46EF-BE01-3FE23E996477}.Release|Any CPU.Build.0 = Release|Any CPU
		{7389BEFC-7FAC-46EF-BE01-3FE23E996477}.Release|Any CPU.Deploy.0 = Release|Any CPU
		{7389BEFC-7FAC-46EF-BE01-3FE23E996477}.Release|iPhone.ActiveCfg = Release|Any CPU
		{7389BEFC-7FAC-46EF-BE01-3FE23E996477}.Release|iPhone.Build.0 = Release|Any CPU
		{7389BEFC-7FAC-46EF-BE01-3FE23E996477}.Release|iPhone.Deploy.0 = Release|Any CPU
		{7389BEFC-7FAC-46EF-BE01-3FE23E996477}.Release|iPhoneSimulator.ActiveCfg = Release|Any CPU
		{7389BEFC-7FAC-46EF-BE01-3FE23E996477}.Release|iPhoneSimulator.Build.0 = Release|Any CPU
		{7389BEFC-7FAC-46EF-BE01-3FE23E996477}.Release|iPhoneSimulator.Deploy.0 = Release|Any CPU
	EndGlobalSection
	GlobalSection(SolutionProperties) = preSolution
		HideSolutionNode = FALSE
	EndGlobalSection
	GlobalSection(ExtensibilityGlobals) = postSolution
		SolutionGuid = {7A56D279-6E75-4BD0-9D28-3AD06381C1B9}
	EndGlobalSection
EndGlobal
