
Microsoft Visual Studio Solution File, Format Version 12.00
# Visual Studio 15
VisualStudioVersion = 15.0.28307.168
MinimumVisualStudioVersion = 10.0.40219.1
Project("{FAE04EC0-301F-11D3-BF4B-00C04F79EFBC}") = "App33_Mapas.Android", "App33_Mapas\App33_Mapas.Android\App33_Mapas.Android.csproj", "{D28CAB8C-5ADA-4725-BE8F-24E5CFDE98D9}"
EndProject
Project("{FAE04EC0-301F-11D3-BF4B-00C04F79EFBC}") = "App33_Mapas.iOS", "App33_Mapas\App33_Mapas.iOS\App33_Mapas.iOS.csproj", "{988C6645-0453-437C-84A8-39844C41826C}"
EndProject
Project("{FAE04EC0-301F-11D3-BF4B-00C04F79EFBC}") = "App33_Mapas", "App33_Mapas\App33_Mapas\App33_Mapas.csproj", "{478FF645-CA77-42FE-9FDE-7F933F936619}"
EndProject
Global
	GlobalSection(SolutionConfigurationPlatforms) = preSolution
		Ad-Hoc|Any CPU = Ad-Hoc|Any CPU
		Ad-Hoc|iPhone = Ad-Hoc|iPhone
		Ad-Hoc|iPhoneSimulator = Ad-Hoc|iPhoneSimulator
		AppStore|Any CPU = AppStore|Any CPU
		AppStore|iPhone = AppStore|iPhone
		AppStore|iPhoneSimulator = AppStore|iPhoneSimulator
		Debug|Any CPU = Debug|Any CPU
		Debug|iPhone = Debug|iPhone
		Debug|iPhoneSimulator = Debug|iPhoneSimulator
		Release|Any CPU = Release|Any CPU
		Release|iPhone = Release|iPhone
		Release|iPhoneSimulator = Release|iPhoneSimulator
	EndGlobalSection
	GlobalSection(ProjectConfigurationPlatforms) = postSolution
		{D28CAB8C-5ADA-4725-BE8F-24E5CFDE98D9}.Ad-Hoc|Any CPU.ActiveCfg = Release|Any CPU
		{D28CAB8C-5ADA-4725-BE8F-24E5CFDE98D9}.Ad-Hoc|Any CPU.Build.0 = Release|Any CPU
		{D28CAB8C-5ADA-4725-BE8F-24E5CFDE98D9}.Ad-Hoc|Any CPU.Deploy.0 = Release|Any CPU
		{D28CAB8C-5ADA-4725-BE8F-24E5CFDE98D9}.Ad-Hoc|iPhone.ActiveCfg = Release|Any CPU
		{D28CAB8C-5ADA-4725-BE8F-24E5CFDE98D9}.Ad-Hoc|iPhone.Build.0 = Release|Any CPU
		{D28CAB8C-5ADA-4725-BE8F-24E5CFDE98D9}.Ad-Hoc|iPhone.Deploy.0 = Release|Any CPU
		{D28CAB8C-5ADA-4725-BE8F-24E5CFDE98D9}.Ad-Hoc|iPhoneSimulator.ActiveCfg = Release|Any CPU
		{D28CAB8C-5ADA-4725-BE8F-24E5CFDE98D9}.Ad-Hoc|iPhoneSimulator.Build.0 = Release|Any CPU
		{D28CAB8C-5ADA-4725-BE8F-24E5CFDE98D9}.Ad-Hoc|iPhoneSimulator.Deploy.0 = Release|Any CPU
		{D28CAB8C-5ADA-4725-BE8F-24E5CFDE98D9}.AppStore|Any CPU.ActiveCfg = Release|Any CPU
		{D28CAB8C-5ADA-4725-BE8F-24E5CFDE98D9}.AppStore|Any CPU.Build.0 = Release|Any CPU
		{D28CAB8C-5ADA-4725-BE8F-24E5CFDE98D9}.AppStore|Any CPU.Deploy.0 = Release|Any CPU
		{D28CAB8C-5ADA-4725-BE8F-24E5CFDE98D9}.AppStore|iPhone.ActiveCfg = Release|Any CPU
		{D28CAB8C-5ADA-4725-BE8F-24E5CFDE98D9}.AppStore|iPhone.Build.0 = Release|Any CPU
		{D28CAB8C-5ADA-4725-BE8F-24E5CFDE98D9}.AppStore|iPhone.Deploy.0 = Release|Any CPU
		{D28CAB8C-5ADA-4725-BE8F-24E5CFDE98D9}.AppStore|iPhoneSimulator.ActiveCfg = Release|Any CPU
		{D28CAB8C-5ADA-4725-BE8F-24E5CFDE98D9}.AppStore|iPhoneSimulator.Build.0 = Release|Any CPU
		{D28CAB8C-5ADA-4725-BE8F-24E5CFDE98D9}.AppStore|iPhoneSimulator.Deploy.0 = Release|Any CPU
		{D28CAB8C-5ADA-4725-BE8F-24E5CFDE98D9}.Debug|Any CPU.ActiveCfg = Debug|Any CPU
		{D28CAB8C-5ADA-4725-BE8F-24E5CFDE98D9}.Debug|Any CPU.Build.0 = Debug|Any CPU
		{D28CAB8C-5ADA-4725-BE8F-24E5CFDE98D9}.Debug|Any CPU.Deploy.0 = Debug|Any CPU
		{D28CAB8C-5ADA-4725-BE8F-24E5CFDE98D9}.Debug|iPhone.ActiveCfg = Debug|Any CPU
		{D28CAB8C-5ADA-4725-BE8F-24E5CFDE98D9}.Debug|iPhone.Build.0 = Debug|Any CPU
		{D28CAB8C-5ADA-4725-BE8F-24E5CFDE98D9}.Debug|iPhone.Deploy.0 = Debug|Any CPU
		{D28CAB8C-5ADA-4725-BE8F-24E5CFDE98D9}.Debug|iPhoneSimulator.ActiveCfg = Debug|Any CPU
		{D28CAB8C-5ADA-4725-BE8F-24E5CFDE98D9}.Debug|iPhoneSimulator.Build.0 = Debug|Any CPU
		{D28CAB8C-5ADA-4725-BE8F-24E5CFDE98D9}.Debug|iPhoneSimulator.Deploy.0 = Debug|Any CPU
		{D28CAB8C-5ADA-4725-BE8F-24E5CFDE98D9}.Release|Any CPU.ActiveCfg = Release|Any CPU
		{D28CAB8C-5ADA-4725-BE8F-24E5CFDE98D9}.Release|Any CPU.Build.0 = Release|Any CPU
		{D28CAB8C-5ADA-4725-BE8F-24E5CFDE98D9}.Release|Any CPU.Deploy.0 = Release|Any CPU
		{D28CAB8C-5ADA-4725-BE8F-24E5CFDE98D9}.Release|iPhone.ActiveCfg = Release|Any CPU
		{D28CAB8C-5ADA-4725-BE8F-24E5CFDE98D9}.Release|iPhone.Build.0 = Release|Any CPU
		{D28CAB8C-5ADA-4725-BE8F-24E5CFDE98D9}.Release|iPhone.Deploy.0 = Release|Any CPU
		{D28CAB8C-5ADA-4725-BE8F-24E5CFDE98D9}.Release|iPhoneSimulator.ActiveCfg = Release|Any CPU
		{D28CAB8C-5ADA-4725-BE8F-24E5CFDE98D9}.Release|iPhoneSimulator.Build.0 = Release|Any CPU
		{D28CAB8C-5ADA-4725-BE8F-24E5CFDE98D9}.Release|iPhoneSimulator.Deploy.0 = Release|Any CPU
		{988C6645-0453-437C-84A8-39844C41826C}.Ad-Hoc|Any CPU.ActiveCfg = Ad-Hoc|iPhone
		{988C6645-0453-437C-84A8-39844C41826C}.Ad-Hoc|Any CPU.Build.0 = Ad-Hoc|iPhone
		{988C6645-0453-437C-84A8-39844C41826C}.Ad-Hoc|Any CPU.Deploy.0 = Ad-Hoc|iPhone
		{988C6645-0453-437C-84A8-39844C41826C}.Ad-Hoc|iPhone.ActiveCfg = Ad-Hoc|iPhone
		{988C6645-0453-437C-84A8-39844C41826C}.Ad-Hoc|iPhone.Build.0 = Ad-Hoc|iPhone
		{988C6645-0453-437C-84A8-39844C41826C}.Ad-Hoc|iPhone.Deploy.0 = Ad-Hoc|iPhone
		{988C6645-0453-437C-84A8-39844C41826C}.Ad-Hoc|iPhoneSimulator.ActiveCfg = Ad-Hoc|iPhoneSimulator
		{988C6645-0453-437C-84A8-39844C41826C}.Ad-Hoc|iPhoneSimulator.Build.0 = Ad-Hoc|iPhoneSimulator
		{988C6645-0453-437C-84A8-39844C41826C}.Ad-Hoc|iPhoneSimulator.Deploy.0 = Ad-Hoc|iPhoneSimulator
		{988C6645-0453-437C-84A8-39844C41826C}.AppStore|Any CPU.ActiveCfg = AppStore|iPhone
		{988C6645-0453-437C-84A8-39844C41826C}.AppStore|Any CPU.Build.0 = AppStore|iPhone
		{988C6645-0453-437C-84A8-39844C41826C}.AppStore|Any CPU.Deploy.0 = AppStore|iPhone
		{988C6645-0453-437C-84A8-39844C41826C}.AppStore|iPhone.ActiveCfg = AppStore|iPhone
		{988C6645-0453-437C-84A8-39844C41826C}.AppStore|iPhone.Build.0 = AppStore|iPhone
		{988C6645-0453-437C-84A8-39844C41826C}.AppStore|iPhone.Deploy.0 = AppStore|iPhone
		{988C6645-0453-437C-84A8-39844C41826C}.AppStore|iPhoneSimulator.ActiveCfg = AppStore|iPhoneSimulator
		{988C6645-0453-437C-84A8-39844C41826C}.AppStore|iPhoneSimulator.Build.0 = AppStore|iPhoneSimulator
		{988C6645-0453-437C-84A8-39844C41826C}.AppStore|iPhoneSimulator.Deploy.0 = AppStore|iPhoneSimulator
		{988C6645-0453-437C-84A8-39844C41826C}.Debug|Any CPU.ActiveCfg = Debug|iPhoneSimulator
		{988C6645-0453-437C-84A8-39844C41826C}.Debug|Any CPU.Build.0 = Debug|iPhoneSimulator
		{988C6645-0453-437C-84A8-39844C41826C}.Debug|Any CPU.Deploy.0 = Debug|iPhoneSimulator
		{988C6645-0453-437C-84A8-39844C41826C}.Debug|iPhone.ActiveCfg = Debug|iPhone
		{988C6645-0453-437C-84A8-39844C41826C}.Debug|iPhone.Build.0 = Debug|iPhone
		{988C6645-0453-437C-84A8-39844C41826C}.Debug|iPhone.Deploy.0 = Debug|iPhone
		{988C6645-0453-437C-84A8-39844C41826C}.Debug|iPhoneSimulator.ActiveCfg = Debug|iPhoneSimulator
		{988C6645-0453-437C-84A8-39844C41826C}.Debug|iPhoneSimulator.Build.0 = Debug|iPhoneSimulator
		{988C6645-0453-437C-84A8-39844C41826C}.Debug|iPhoneSimulator.Deploy.0 = Debug|iPhoneSimulator
		{988C6645-0453-437C-84A8-39844C41826C}.Release|Any CPU.ActiveCfg = Release|iPhone
		{988C6645-0453-437C-84A8-39844C41826C}.Release|Any CPU.Build.0 = Release|iPhone
		{988C6645-0453-437C-84A8-39844C41826C}.Release|Any CPU.Deploy.0 = Release|iPhone
		{988C6645-0453-437C-84A8-39844C41826C}.Release|iPhone.ActiveCfg = Release|iPhone
		{988C6645-0453-437C-84A8-39844C41826C}.Release|iPhone.Build.0 = Release|iPhone
		{988C6645-0453-437C-84A8-39844C41826C}.Release|iPhone.Deploy.0 = Release|iPhone
		{988C6645-0453-437C-84A8-39844C41826C}.Release|iPhoneSimulator.ActiveCfg = Release|iPhoneSimulator
		{988C6645-0453-437C-84A8-39844C41826C}.Release|iPhoneSimulator.Build.0 = Release|iPhoneSimulator
		{988C6645-0453-437C-84A8-39844C41826C}.Release|iPhoneSimulator.Deploy.0 = Release|iPhoneSimulator
		{478FF645-CA77-42FE-9FDE-7F933F936619}.Ad-Hoc|Any CPU.ActiveCfg = Debug|Any CPU
		{478FF645-CA77-42FE-9FDE-7F933F936619}.Ad-Hoc|Any CPU.Build.0 = Debug|Any CPU
		{478FF645-CA77-42FE-9FDE-7F933F936619}.Ad-Hoc|Any CPU.Deploy.0 = Debug|Any CPU
		{478FF645-CA77-42FE-9FDE-7F933F936619}.Ad-Hoc|iPhone.ActiveCfg = Debug|Any CPU
		{478FF645-CA77-42FE-9FDE-7F933F936619}.Ad-Hoc|iPhone.Build.0 = Debug|Any CPU
		{478FF645-CA77-42FE-9FDE-7F933F936619}.Ad-Hoc|iPhone.Deploy.0 = Debug|Any CPU
		{478FF645-CA77-42FE-9FDE-7F933F936619}.Ad-Hoc|iPhoneSimulator.ActiveCfg = Debug|Any CPU
		{478FF645-CA77-42FE-9FDE-7F933F936619}.Ad-Hoc|iPhoneSimulator.Build.0 = Debug|Any CPU
		{478FF645-CA77-42FE-9FDE-7F933F936619}.Ad-Hoc|iPhoneSimulator.Deploy.0 = Debug|Any CPU
		{478FF645-CA77-42FE-9FDE-7F933F936619}.AppStore|Any CPU.ActiveCfg = Debug|Any CPU
		{478FF645-CA77-42FE-9FDE-7F933F936619}.AppStore|Any CPU.Build.0 = Debug|Any CPU
		{478FF645-CA77-42FE-9FDE-7F933F936619}.AppStore|Any CPU.Deploy.0 = Debug|Any CPU
		{478FF645-CA77-42FE-9FDE-7F933F936619}.AppStore|iPhone.ActiveCfg = Debug|Any CPU
		{478FF645-CA77-42FE-9FDE-7F933F936619}.AppStore|iPhone.Build.0 = Debug|Any CPU
		{478FF645-CA77-42FE-9FDE-7F933F936619}.AppStore|iPhone.Deploy.0 = Debug|Any CPU
		{478FF645-CA77-42FE-9FDE-7F933F936619}.AppStore|iPhoneSimulator.ActiveCfg = Debug|Any CPU
		{478FF645-CA77-42FE-9FDE-7F933F936619}.AppStore|iPhoneSimulator.Build.0 = Debug|Any CPU
		{478FF645-CA77-42FE-9FDE-7F933F936619}.AppStore|iPhoneSimulator.Deploy.0 = Debug|Any CPU
		{478FF645-CA77-42FE-9FDE-7F933F936619}.Debug|Any CPU.ActiveCfg = Debug|Any CPU
		{478FF645-CA77-42FE-9FDE-7F933F936619}.Debug|Any CPU.Build.0 = Debug|Any CPU
		{478FF645-CA77-42FE-9FDE-7F933F936619}.Debug|Any CPU.Deploy.0 = Debug|Any CPU
		{478FF645-CA77-42FE-9FDE-7F933F936619}.Debug|iPhone.ActiveCfg = Debug|Any CPU
		{478FF645-CA77-42FE-9FDE-7F933F936619}.Debug|iPhone.Build.0 = Debug|Any CPU
		{478FF645-CA77-42FE-9FDE-7F933F936619}.Debug|iPhone.Deploy.0 = Debug|Any CPU
		{478FF645-CA77-42FE-9FDE-7F933F936619}.Debug|iPhoneSimulator.ActiveCfg = Debug|Any CPU
		{478FF645-CA77-42FE-9FDE-7F933F936619}.Debug|iPhoneSimulator.Build.0 = Debug|Any CPU
		{478FF645-CA77-42FE-9FDE-7F933F936619}.Debug|iPhoneSimulator.Deploy.0 = Debug|Any CPU
		{478FF645-CA77-42FE-9FDE-7F933F936619}.Release|Any CPU.ActiveCfg = Release|Any CPU
		{478FF645-CA77-42FE-9FDE-7F933F936619}.Release|Any CPU.Build.0 = Release|Any CPU
		{478FF645-CA77-42FE-9FDE-7F933F936619}.Release|Any CPU.Deploy.0 = Release|Any CPU
		{478FF645-CA77-42FE-9FDE-7F933F936619}.Release|iPhone.ActiveCfg = Release|Any CPU
		{478FF645-CA77-42FE-9FDE-7F933F936619}.Release|iPhone.Build.0 = Release|Any CPU
		{478FF645-CA77-42FE-9FDE-7F933F936619}.Release|iPhone.Deploy.0 = Release|Any CPU
		{478FF645-CA77-42FE-9FDE-7F933F936619}.Release|iPhoneSimulator.ActiveCfg = Release|Any CPU
		{478FF645-CA77-42FE-9FDE-7F933F936619}.Release|iPhoneSimulator.Build.0 = Release|Any CPU
		{478FF645-CA77-42FE-9FDE-7F933F936619}.Release|iPhoneSimulator.Deploy.0 = Release|Any CPU
	EndGlobalSection
	GlobalSection(SolutionProperties) = preSolution
		HideSolutionNode = FALSE
	EndGlobalSection
	GlobalSection(ExtensibilityGlobals) = postSolution
		SolutionGuid = {9F987939-23B5-4AEE-BEA8-6A6E2EB36691}
	EndGlobalSection
EndGlobal
