
Microsoft Visual Studio Solution File, Format Version 12.00
# Visual Studio 15
VisualStudioVersion = 15.0.28307.168
MinimumVisualStudioVersion = 10.0.40219.1
Project("{FAE04EC0-301F-11D3-BF4B-00C04F79EFBC}") = "App31_FontesPersonalizadas.Android", "App31_FontesPersonalizadas\App31_FontesPersonalizadas.Android\App31_FontesPersonalizadas.Android.csproj", "{37B25E52-9063-441F-901A-E87A828EECDF}"
EndProject
Project("{FAE04EC0-301F-11D3-BF4B-00C04F79EFBC}") = "App31_FontesPersonalizadas.iOS", "App31_FontesPersonalizadas\App31_FontesPersonalizadas.iOS\App31_FontesPersonalizadas.iOS.csproj", "{D57B24B8-7D77-4480-9F3D-82876556C984}"
EndProject
Project("{FAE04EC0-301F-11D3-BF4B-00C04F79EFBC}") = "App31_FontesPersonalizadas", "App31_FontesPersonalizadas\App31_FontesPersonalizadas\App31_FontesPersonalizadas.csproj", "{F994B711-8270-4491-832C-30F2FE8E8ACB}"
EndProject
Global
	GlobalSection(SolutionConfigurationPlatforms) = preSolution
		Ad-Hoc|Any CPU = Ad-Hoc|Any CPU
		Ad-Hoc|iPhone = Ad-Hoc|iPhone
		Ad-Hoc|iPhoneSimulator = Ad-Hoc|iPhoneSimulator
		AppStore|Any CPU = AppStore|Any CPU
		AppStore|iPhone = AppStore|iPhone
		AppStore|iPhoneSimulator = AppStore|iPhoneSimulator
		Debug|Any CPU = Debug|Any CPU
		Debug|iPhone = Debug|iPhone
		Debug|iPhoneSimulator = Debug|iPhoneSimulator
		Release|Any CPU = Release|Any CPU
		Release|iPhone = Release|iPhone
		Release|iPhoneSimulator = Release|iPhoneSimulator
	EndGlobalSection
	GlobalSection(ProjectConfigurationPlatforms) = postSolution
		{37B25E52-9063-441F-901A-E87A828EECDF}.Ad-Hoc|Any CPU.ActiveCfg = Release|Any CPU
		{37B25E52-9063-441F-901A-E87A828EECDF}.Ad-Hoc|Any CPU.Build.0 = Release|Any CPU
		{37B25E52-9063-441F-901A-E87A828EECDF}.Ad-Hoc|Any CPU.Deploy.0 = Release|Any CPU
		{37B25E52-9063-441F-901A-E87A828EECDF}.Ad-Hoc|iPhone.ActiveCfg = Release|Any CPU
		{37B25E52-9063-441F-901A-E87A828EECDF}.Ad-Hoc|iPhone.Build.0 = Release|Any CPU
		{37B25E52-9063-441F-901A-E87A828EECDF}.Ad-Hoc|iPhone.Deploy.0 = Release|Any CPU
		{37B25E52-9063-441F-901A-E87A828EECDF}.Ad-Hoc|iPhoneSimulator.ActiveCfg = Release|Any CPU
		{37B25E52-9063-441F-901A-E87A828EECDF}.Ad-Hoc|iPhoneSimulator.Build.0 = Release|Any CPU
		{37B25E52-9063-441F-901A-E87A828EECDF}.Ad-Hoc|iPhoneSimulator.Deploy.0 = Release|Any CPU
		{37B25E52-9063-441F-901A-E87A828EECDF}.AppStore|Any CPU.ActiveCfg = Release|Any CPU
		{37B25E52-9063-441F-901A-E87A828EECDF}.AppStore|Any CPU.Build.0 = Release|Any CPU
		{37B25E52-9063-441F-901A-E87A828EECDF}.AppStore|Any CPU.Deploy.0 = Release|Any CPU
		{37B25E52-9063-441F-901A-E87A828EECDF}.AppStore|iPhone.ActiveCfg = Release|Any CPU
		{37B25E52-9063-441F-901A-E87A828EECDF}.AppStore|iPhone.Build.0 = Release|Any CPU
		{37B25E52-9063-441F-901A-E87A828EECDF}.AppStore|iPhone.Deploy.0 = Release|Any CPU
		{37B25E52-9063-441F-901A-E87A828EECDF}.AppStore|iPhoneSimulator.ActiveCfg = Release|Any CPU
		{37B25E52-9063-441F-901A-E87A828EECDF}.AppStore|iPhoneSimulator.Build.0 = Release|Any CPU
		{37B25E52-9063-441F-901A-E87A828EECDF}.AppStore|iPhoneSimulator.Deploy.0 = Release|Any CPU
		{37B25E52-9063-441F-901A-E87A828EECDF}.Debug|Any CPU.ActiveCfg = Debug|Any CPU
		{37B25E52-9063-441F-901A-E87A828EECDF}.Debug|Any CPU.Build.0 = Debug|Any CPU
		{37B25E52-9063-441F-901A-E87A828EECDF}.Debug|Any CPU.Deploy.0 = Debug|Any CPU
		{37B25E52-9063-441F-901A-E87A828EECDF}.Debug|iPhone.ActiveCfg = Debug|Any CPU
		{37B25E52-9063-441F-901A-E87A828EECDF}.Debug|iPhone.Build.0 = Debug|Any CPU
		{37B25E52-9063-441F-901A-E87A828EECDF}.Debug|iPhone.Deploy.0 = Debug|Any CPU
		{37B25E52-9063-441F-901A-E87A828EECDF}.Debug|iPhoneSimulator.ActiveCfg = Debug|Any CPU
		{37B25E52-9063-441F-901A-E87A828EECDF}.Debug|iPhoneSimulator.Build.0 = Debug|Any CPU
		{37B25E52-9063-441F-901A-E87A828EECDF}.Debug|iPhoneSimulator.Deploy.0 = Debug|Any CPU
		{37B25E52-9063-441F-901A-E87A828EECDF}.Release|Any CPU.ActiveCfg = Release|Any CPU
		{37B25E52-9063-441F-901A-E87A828EECDF}.Release|Any CPU.Build.0 = Release|Any CPU
		{37B25E52-9063-441F-901A-E87A828EECDF}.Release|Any CPU.Deploy.0 = Release|Any CPU
		{37B25E52-9063-441F-901A-E87A828EECDF}.Release|iPhone.ActiveCfg = Release|Any CPU
		{37B25E52-9063-441F-901A-E87A828EECDF}.Release|iPhone.Build.0 = Release|Any CPU
		{37B25E52-9063-441F-901A-E87A828EECDF}.Release|iPhone.Deploy.0 = Release|Any CPU
		{37B25E52-9063-441F-901A-E87A828EECDF}.Release|iPhoneSimulator.ActiveCfg = Release|Any CPU
		{37B25E52-9063-441F-901A-E87A828EECDF}.Release|iPhoneSimulator.Build.0 = Release|Any CPU
		{37B25E52-9063-441F-901A-E87A828EECDF}.Release|iPhoneSimulator.Deploy.0 = Release|Any CPU
		{D57B24B8-7D77-4480-9F3D-82876556C984}.Ad-Hoc|Any CPU.ActiveCfg = Ad-Hoc|iPhone
		{D57B24B8-7D77-4480-9F3D-82876556C984}.Ad-Hoc|Any CPU.Build.0 = Ad-Hoc|iPhone
		{D57B24B8-7D77-4480-9F3D-82876556C984}.Ad-Hoc|Any CPU.Deploy.0 = Ad-Hoc|iPhone
		{D57B24B8-7D77-4480-9F3D-82876556C984}.Ad-Hoc|iPhone.ActiveCfg = Ad-Hoc|iPhone
		{D57B24B8-7D77-4480-9F3D-82876556C984}.Ad-Hoc|iPhone.Build.0 = Ad-Hoc|iPhone
		{D57B24B8-7D77-4480-9F3D-82876556C984}.Ad-Hoc|iPhone.Deploy.0 = Ad-Hoc|iPhone
		{D57B24B8-7D77-4480-9F3D-82876556C984}.Ad-Hoc|iPhoneSimulator.ActiveCfg = Ad-Hoc|iPhoneSimulator
		{D57B24B8-7D77-4480-9F3D-82876556C984}.Ad-Hoc|iPhoneSimulator.Build.0 = Ad-Hoc|iPhoneSimulator
		{D57B24B8-7D77-4480-9F3D-82876556C984}.Ad-Hoc|iPhoneSimulator.Deploy.0 = Ad-Hoc|iPhoneSimulator
		{D57B24B8-7D77-4480-9F3D-82876556C984}.AppStore|Any CPU.ActiveCfg = AppStore|iPhone
		{D57B24B8-7D77-4480-9F3D-82876556C984}.AppStore|Any CPU.Build.0 = AppStore|iPhone
		{D57B24B8-7D77-4480-9F3D-82876556C984}.AppStore|Any CPU.Deploy.0 = AppStore|iPhone
		{D57B24B8-7D77-4480-9F3D-82876556C984}.AppStore|iPhone.ActiveCfg = AppStore|iPhone
		{D57B24B8-7D77-4480-9F3D-82876556C984}.AppStore|iPhone.Build.0 = AppStore|iPhone
		{D57B24B8-7D77-4480-9F3D-82876556C984}.AppStore|iPhone.Deploy.0 = AppStore|iPhone
		{D57B24B8-7D77-4480-9F3D-82876556C984}.AppStore|iPhoneSimulator.ActiveCfg = AppStore|iPhoneSimulator
		{D57B24B8-7D77-4480-9F3D-82876556C984}.AppStore|iPhoneSimulator.Build.0 = AppStore|iPhoneSimulator
		{D57B24B8-7D77-4480-9F3D-82876556C984}.AppStore|iPhoneSimulator.Deploy.0 = AppStore|iPhoneSimulator
		{D57B24B8-7D77-4480-9F3D-82876556C984}.Debug|Any CPU.ActiveCfg = Debug|iPhoneSimulator
		{D57B24B8-7D77-4480-9F3D-82876556C984}.Debug|Any CPU.Build.0 = Debug|iPhoneSimulator
		{D57B24B8-7D77-4480-9F3D-82876556C984}.Debug|Any CPU.Deploy.0 = Debug|iPhoneSimulator
		{D57B24B8-7D77-4480-9F3D-82876556C984}.Debug|iPhone.ActiveCfg = Debug|iPhone
		{D57B24B8-7D77-4480-9F3D-82876556C984}.Debug|iPhone.Build.0 = Debug|iPhone
		{D57B24B8-7D77-4480-9F3D-82876556C984}.Debug|iPhone.Deploy.0 = Debug|iPhone
		{D57B24B8-7D77-4480-9F3D-82876556C984}.Debug|iPhoneSimulator.ActiveCfg = Debug|iPhoneSimulator
		{D57B24B8-7D77-4480-9F3D-82876556C984}.Debug|iPhoneSimulator.Build.0 = Debug|iPhoneSimulator
		{D57B24B8-7D77-4480-9F3D-82876556C984}.Debug|iPhoneSimulator.Deploy.0 = Debug|iPhoneSimulator
		{D57B24B8-7D77-4480-9F3D-82876556C984}.Release|Any CPU.ActiveCfg = Release|iPhone
		{D57B24B8-7D77-4480-9F3D-82876556C984}.Release|Any CPU.Build.0 = Release|iPhone
		{D57B24B8-7D77-4480-9F3D-82876556C984}.Release|Any CPU.Deploy.0 = Release|iPhone
		{D57B24B8-7D77-4480-9F3D-82876556C984}.Release|iPhone.ActiveCfg = Release|iPhone
		{D57B24B8-7D77-4480-9F3D-82876556C984}.Release|iPhone.Build.0 = Release|iPhone
		{D57B24B8-7D77-4480-9F3D-82876556C984}.Release|iPhone.Deploy.0 = Release|iPhone
		{D57B24B8-7D77-4480-9F3D-82876556C984}.Release|iPhoneSimulator.ActiveCfg = Release|iPhoneSimulator
		{D57B24B8-7D77-4480-9F3D-82876556C984}.Release|iPhoneSimulator.Build.0 = Release|iPhoneSimulator
		{D57B24B8-7D77-4480-9F3D-82876556C984}.Release|iPhoneSimulator.Deploy.0 = Release|iPhoneSimulator
		{F994B711-8270-4491-832C-30F2FE8E8ACB}.Ad-Hoc|Any CPU.ActiveCfg = Debug|Any CPU
		{F994B711-8270-4491-832C-30F2FE8E8ACB}.Ad-Hoc|Any CPU.Build.0 = Debug|Any CPU
		{F994B711-8270-4491-832C-30F2FE8E8ACB}.Ad-Hoc|Any CPU.Deploy.0 = Debug|Any CPU
		{F994B711-8270-4491-832C-30F2FE8E8ACB}.Ad-Hoc|iPhone.ActiveCfg = Debug|Any CPU
		{F994B711-8270-4491-832C-30F2FE8E8ACB}.Ad-Hoc|iPhone.Build.0 = Debug|Any CPU
		{F994B711-8270-4491-832C-30F2FE8E8ACB}.Ad-Hoc|iPhone.Deploy.0 = Debug|Any CPU
		{F994B711-8270-4491-832C-30F2FE8E8ACB}.Ad-Hoc|iPhoneSimulator.ActiveCfg = Debug|Any CPU
		{F994B711-8270-4491-832C-30F2FE8E8ACB}.Ad-Hoc|iPhoneSimulator.Build.0 = Debug|Any CPU
		{F994B711-8270-4491-832C-30F2FE8E8ACB}.Ad-Hoc|iPhoneSimulator.Deploy.0 = Debug|Any CPU
		{F994B711-8270-4491-832C-30F2FE8E8ACB}.AppStore|Any CPU.ActiveCfg = Debug|Any CPU
		{F994B711-8270-4491-832C-30F2FE8E8ACB}.AppStore|Any CPU.Build.0 = Debug|Any CPU
		{F994B711-8270-4491-832C-30F2FE8E8ACB}.AppStore|Any CPU.Deploy.0 = Debug|Any CPU
		{F994B711-8270-4491-832C-30F2FE8E8ACB}.AppStore|iPhone.ActiveCfg = Debug|Any CPU
		{F994B711-8270-4491-832C-30F2FE8E8ACB}.AppStore|iPhone.Build.0 = Debug|Any CPU
		{F994B711-8270-4491-832C-30F2FE8E8ACB}.AppStore|iPhone.Deploy.0 = Debug|Any CPU
		{F994B711-8270-4491-832C-30F2FE8E8ACB}.AppStore|iPhoneSimulator.ActiveCfg = Debug|Any CPU
		{F994B711-8270-4491-832C-30F2FE8E8ACB}.AppStore|iPhoneSimulator.Build.0 = Debug|Any CPU
		{F994B711-8270-4491-832C-30F2FE8E8ACB}.AppStore|iPhoneSimulator.Deploy.0 = Debug|Any CPU
		{F994B711-8270-4491-832C-30F2FE8E8ACB}.Debug|Any CPU.ActiveCfg = Debug|Any CPU
		{F994B711-8270-4491-832C-30F2FE8E8ACB}.Debug|Any CPU.Build.0 = Debug|Any CPU
		{F994B711-8270-4491-832C-30F2FE8E8ACB}.Debug|Any CPU.Deploy.0 = Debug|Any CPU
		{F994B711-8270-4491-832C-30F2FE8E8ACB}.Debug|iPhone.ActiveCfg = Debug|Any CPU
		{F994B711-8270-4491-832C-30F2FE8E8ACB}.Debug|iPhone.Build.0 = Debug|Any CPU
		{F994B711-8270-4491-832C-30F2FE8E8ACB}.Debug|iPhone.Deploy.0 = Debug|Any CPU
		{F994B711-8270-4491-832C-30F2FE8E8ACB}.Debug|iPhoneSimulator.ActiveCfg = Debug|Any CPU
		{F994B711-8270-4491-832C-30F2FE8E8ACB}.Debug|iPhoneSimulator.Build.0 = Debug|Any CPU
		{F994B711-8270-4491-832C-30F2FE8E8ACB}.Debug|iPhoneSimulator.Deploy.0 = Debug|Any CPU
		{F994B711-8270-4491-832C-30F2FE8E8ACB}.Release|Any CPU.ActiveCfg = Release|Any CPU
		{F994B711-8270-4491-832C-30F2FE8E8ACB}.Release|Any CPU.Build.0 = Release|Any CPU
		{F994B711-8270-4491-832C-30F2FE8E8ACB}.Release|Any CPU.Deploy.0 = Release|Any CPU
		{F994B711-8270-4491-832C-30F2FE8E8ACB}.Release|iPhone.ActiveCfg = Release|Any CPU
		{F994B711-8270-4491-832C-30F2FE8E8ACB}.Release|iPhone.Build.0 = Release|Any CPU
		{F994B711-8270-4491-832C-30F2FE8E8ACB}.Release|iPhone.Deploy.0 = Release|Any CPU
		{F994B711-8270-4491-832C-30F2FE8E8ACB}.Release|iPhoneSimulator.ActiveCfg = Release|Any CPU
		{F994B711-8270-4491-832C-30F2FE8E8ACB}.Release|iPhoneSimulator.Build.0 = Release|Any CPU
		{F994B711-8270-4491-832C-30F2FE8E8ACB}.Release|iPhoneSimulator.Deploy.0 = Release|Any CPU
	EndGlobalSection
	GlobalSection(SolutionProperties) = preSolution
		HideSolutionNode = FALSE
	EndGlobalSection
	GlobalSection(ExtensibilityGlobals) = postSolution
		SolutionGuid = {056B0F41-27E3-4394-A703-F63CB0FEC160}
	EndGlobalSection
EndGlobal
