
Microsoft Visual Studio Solution File, Format Version 12.00
# Visual Studio 15
VisualStudioVersion = 15.0.28307.168
MinimumVisualStudioVersion = 10.0.40219.1
Project("{FAE04EC0-301F-11D3-BF4B-00C04F79EFBC}") = "App25_MultiIdioma.Android", "App25_MultiIdioma\App25_MultiIdioma.Android\App25_MultiIdioma.Android.csproj", "{18168E38-7D75-4EA6-BEA6-22DB22A8F9E5}"
EndProject
Project("{FAE04EC0-301F-11D3-BF4B-00C04F79EFBC}") = "App25_MultiIdioma.iOS", "App25_MultiIdioma\App25_MultiIdioma.iOS\App25_MultiIdioma.iOS.csproj", "{BE5AA9B7-80D3-4F7B-9D06-32D89E8E6FD8}"
EndProject
Project("{FAE04EC0-301F-11D3-BF4B-00C04F79EFBC}") = "App25_MultiIdioma", "App25_MultiIdioma\App25_MultiIdioma\App25_MultiIdioma.csproj", "{294E2BB8-DA1C-4199-8DBA-43BD39E95E11}"
EndProject
Global
	GlobalSection(SolutionConfigurationPlatforms) = preSolution
		Ad-Hoc|Any CPU = Ad-Hoc|Any CPU
		Ad-Hoc|iPhone = Ad-Hoc|iPhone
		Ad-Hoc|iPhoneSimulator = Ad-Hoc|iPhoneSimulator
		AppStore|Any CPU = AppStore|Any CPU
		AppStore|iPhone = AppStore|iPhone
		AppStore|iPhoneSimulator = AppStore|iPhoneSimulator
		Debug|Any CPU = Debug|Any CPU
		Debug|iPhone = Debug|iPhone
		Debug|iPhoneSimulator = Debug|iPhoneSimulator
		Release|Any CPU = Release|Any CPU
		Release|iPhone = Release|iPhone
		Release|iPhoneSimulator = Release|iPhoneSimulator
	EndGlobalSection
	GlobalSection(ProjectConfigurationPlatforms) = postSolution
		{18168E38-7D75-4EA6-BEA6-22DB22A8F9E5}.Ad-Hoc|Any CPU.ActiveCfg = Release|Any CPU
		{18168E38-7D75-4EA6-BEA6-22DB22A8F9E5}.Ad-Hoc|Any CPU.Build.0 = Release|Any CPU
		{18168E38-7D75-4EA6-BEA6-22DB22A8F9E5}.Ad-Hoc|Any CPU.Deploy.0 = Release|Any CPU
		{18168E38-7D75-4EA6-BEA6-22DB22A8F9E5}.Ad-Hoc|iPhone.ActiveCfg = Release|Any CPU
		{18168E38-7D75-4EA6-BEA6-22DB22A8F9E5}.Ad-Hoc|iPhone.Build.0 = Release|Any CPU
		{18168E38-7D75-4EA6-BEA6-22DB22A8F9E5}.Ad-Hoc|iPhone.Deploy.0 = Release|Any CPU
		{18168E38-7D75-4EA6-BEA6-22DB22A8F9E5}.Ad-Hoc|iPhoneSimulator.ActiveCfg = Release|Any CPU
		{18168E38-7D75-4EA6-BEA6-22DB22A8F9E5}.Ad-Hoc|iPhoneSimulator.Build.0 = Release|Any CPU
		{18168E38-7D75-4EA6-BEA6-22DB22A8F9E5}.Ad-Hoc|iPhoneSimulator.Deploy.0 = Release|Any CPU
		{18168E38-7D75-4EA6-BEA6-22DB22A8F9E5}.AppStore|Any CPU.ActiveCfg = Release|Any CPU
		{18168E38-7D75-4EA6-BEA6-22DB22A8F9E5}.AppStore|Any CPU.Build.0 = Release|Any CPU
		{18168E38-7D75-4EA6-BEA6-22DB22A8F9E5}.AppStore|Any CPU.Deploy.0 = Release|Any CPU
		{18168E38-7D75-4EA6-BEA6-22DB22A8F9E5}.AppStore|iPhone.ActiveCfg = Release|Any CPU
		{18168E38-7D75-4EA6-BEA6-22DB22A8F9E5}.AppStore|iPhone.Build.0 = Release|Any CPU
		{18168E38-7D75-4EA6-BEA6-22DB22A8F9E5}.AppStore|iPhone.Deploy.0 = Release|Any CPU
		{18168E38-7D75-4EA6-BEA6-22DB22A8F9E5}.AppStore|iPhoneSimulator.ActiveCfg = Release|Any CPU
		{18168E38-7D75-4EA6-BEA6-22DB22A8F9E5}.AppStore|iPhoneSimulator.Build.0 = Release|Any CPU
		{18168E38-7D75-4EA6-BEA6-22DB22A8F9E5}.AppStore|iPhoneSimulator.Deploy.0 = Release|Any CPU
		{18168E38-7D75-4EA6-BEA6-22DB22A8F9E5}.Debug|Any CPU.ActiveCfg = Debug|Any CPU
		{18168E38-7D75-4EA6-BEA6-22DB22A8F9E5}.Debug|Any CPU.Build.0 = Debug|Any CPU
		{18168E38-7D75-4EA6-BEA6-22DB22A8F9E5}.Debug|Any CPU.Deploy.0 = Debug|Any CPU
		{18168E38-7D75-4EA6-BEA6-22DB22A8F9E5}.Debug|iPhone.ActiveCfg = Debug|Any CPU
		{18168E38-7D75-4EA6-BEA6-22DB22A8F9E5}.Debug|iPhone.Build.0 = Debug|Any CPU
		{18168E38-7D75-4EA6-BEA6-22DB22A8F9E5}.Debug|iPhone.Deploy.0 = Debug|Any CPU
		{18168E38-7D75-4EA6-BEA6-22DB22A8F9E5}.Debug|iPhoneSimulator.ActiveCfg = Debug|Any CPU
		{18168E38-7D75-4EA6-BEA6-22DB22A8F9E5}.Debug|iPhoneSimulator.Build.0 = Debug|Any CPU
		{18168E38-7D75-4EA6-BEA6-22DB22A8F9E5}.Debug|iPhoneSimulator.Deploy.0 = Debug|Any CPU
		{18168E38-7D75-4EA6-BEA6-22DB22A8F9E5}.Release|Any CPU.ActiveCfg = Release|Any CPU
		{18168E38-7D75-4EA6-BEA6-22DB22A8F9E5}.Release|Any CPU.Build.0 = Release|Any CPU
		{18168E38-7D75-4EA6-BEA6-22DB22A8F9E5}.Release|Any CPU.Deploy.0 = Release|Any CPU
		{18168E38-7D75-4EA6-BEA6-22DB22A8F9E5}.Release|iPhone.ActiveCfg = Release|Any CPU
		{18168E38-7D75-4EA6-BEA6-22DB22A8F9E5}.Release|iPhone.Build.0 = Release|Any CPU
		{18168E38-7D75-4EA6-BEA6-22DB22A8F9E5}.Release|iPhone.Deploy.0 = Release|Any CPU
		{18168E38-7D75-4EA6-BEA6-22DB22A8F9E5}.Release|iPhoneSimulator.ActiveCfg = Release|Any CPU
		{18168E38-7D75-4EA6-BEA6-22DB22A8F9E5}.Release|iPhoneSimulator.Build.0 = Release|Any CPU
		{18168E38-7D75-4EA6-BEA6-22DB22A8F9E5}.Release|iPhoneSimulator.Deploy.0 = Release|Any CPU
		{BE5AA9B7-80D3-4F7B-9D06-32D89E8E6FD8}.Ad-Hoc|Any CPU.ActiveCfg = Ad-Hoc|iPhone
		{BE5AA9B7-80D3-4F7B-9D06-32D89E8E6FD8}.Ad-Hoc|Any CPU.Build.0 = Ad-Hoc|iPhone
		{BE5AA9B7-80D3-4F7B-9D06-32D89E8E6FD8}.Ad-Hoc|Any CPU.Deploy.0 = Ad-Hoc|iPhone
		{BE5AA9B7-80D3-4F7B-9D06-32D89E8E6FD8}.Ad-Hoc|iPhone.ActiveCfg = Ad-Hoc|iPhone
		{BE5AA9B7-80D3-4F7B-9D06-32D89E8E6FD8}.Ad-Hoc|iPhone.Build.0 = Ad-Hoc|iPhone
		{BE5AA9B7-80D3-4F7B-9D06-32D89E8E6FD8}.Ad-Hoc|iPhone.Deploy.0 = Ad-Hoc|iPhone
		{BE5AA9B7-80D3-4F7B-9D06-32D89E8E6FD8}.Ad-Hoc|iPhoneSimulator.ActiveCfg = Ad-Hoc|iPhoneSimulator
		{BE5AA9B7-80D3-4F7B-9D06-32D89E8E6FD8}.Ad-Hoc|iPhoneSimulator.Build.0 = Ad-Hoc|iPhoneSimulator
		{BE5AA9B7-80D3-4F7B-9D06-32D89E8E6FD8}.Ad-Hoc|iPhoneSimulator.Deploy.0 = Ad-Hoc|iPhoneSimulator
		{BE5AA9B7-80D3-4F7B-9D06-32D89E8E6FD8}.AppStore|Any CPU.ActiveCfg = AppStore|iPhone
		{BE5AA9B7-80D3-4F7B-9D06-32D89E8E6FD8}.AppStore|Any CPU.Build.0 = AppStore|iPhone
		{BE5AA9B7-80D3-4F7B-9D06-32D89E8E6FD8}.AppStore|Any CPU.Deploy.0 = AppStore|iPhone
		{BE5AA9B7-80D3-4F7B-9D06-32D89E8E6FD8}.AppStore|iPhone.ActiveCfg = AppStore|iPhone
		{BE5AA9B7-80D3-4F7B-9D06-32D89E8E6FD8}.AppStore|iPhone.Build.0 = AppStore|iPhone
		{BE5AA9B7-80D3-4F7B-9D06-32D89E8E6FD8}.AppStore|iPhone.Deploy.0 = AppStore|iPhone
		{BE5AA9B7-80D3-4F7B-9D06-32D89E8E6FD8}.AppStore|iPhoneSimulator.ActiveCfg = AppStore|iPhoneSimulator
		{BE5AA9B7-80D3-4F7B-9D06-32D89E8E6FD8}.AppStore|iPhoneSimulator.Build.0 = AppStore|iPhoneSimulator
		{BE5AA9B7-80D3-4F7B-9D06-32D89E8E6FD8}.AppStore|iPhoneSimulator.Deploy.0 = AppStore|iPhoneSimulator
		{BE5AA9B7-80D3-4F7B-9D06-32D89E8E6FD8}.Debug|Any CPU.ActiveCfg = Debug|iPhoneSimulator
		{BE5AA9B7-80D3-4F7B-9D06-32D89E8E6FD8}.Debug|Any CPU.Build.0 = Debug|iPhoneSimulator
		{BE5AA9B7-80D3-4F7B-9D06-32D89E8E6FD8}.Debug|Any CPU.Deploy.0 = Debug|iPhoneSimulator
		{BE5AA9B7-80D3-4F7B-9D06-32D89E8E6FD8}.Debug|iPhone.ActiveCfg = Debug|iPhone
		{BE5AA9B7-80D3-4F7B-9D06-32D89E8E6FD8}.Debug|iPhone.Build.0 = Debug|iPhone
		{BE5AA9B7-80D3-4F7B-9D06-32D89E8E6FD8}.Debug|iPhone.Deploy.0 = Debug|iPhone
		{BE5AA9B7-80D3-4F7B-9D06-32D89E8E6FD8}.Debug|iPhoneSimulator.ActiveCfg = Debug|iPhoneSimulator
		{BE5AA9B7-80D3-4F7B-9D06-32D89E8E6FD8}.Debug|iPhoneSimulator.Build.0 = Debug|iPhoneSimulator
		{BE5AA9B7-80D3-4F7B-9D06-32D89E8E6FD8}.Debug|iPhoneSimulator.Deploy.0 = Debug|iPhoneSimulator
		{BE5AA9B7-80D3-4F7B-9D06-32D89E8E6FD8}.Release|Any CPU.ActiveCfg = Release|iPhone
		{BE5AA9B7-80D3-4F7B-9D06-32D89E8E6FD8}.Release|Any CPU.Build.0 = Release|iPhone
		{BE5AA9B7-80D3-4F7B-9D06-32D89E8E6FD8}.Release|Any CPU.Deploy.0 = Release|iPhone
		{BE5AA9B7-80D3-4F7B-9D06-32D89E8E6FD8}.Release|iPhone.ActiveCfg = Release|iPhone
		{BE5AA9B7-80D3-4F7B-9D06-32D89E8E6FD8}.Release|iPhone.Build.0 = Release|iPhone
		{BE5AA9B7-80D3-4F7B-9D06-32D89E8E6FD8}.Release|iPhone.Deploy.0 = Release|iPhone
		{BE5AA9B7-80D3-4F7B-9D06-32D89E8E6FD8}.Release|iPhoneSimulator.ActiveCfg = Release|iPhoneSimulator
		{BE5AA9B7-80D3-4F7B-9D06-32D89E8E6FD8}.Release|iPhoneSimulator.Build.0 = Release|iPhoneSimulator
		{BE5AA9B7-80D3-4F7B-9D06-32D89E8E6FD8}.Release|iPhoneSimulator.Deploy.0 = Release|iPhoneSimulator
		{294E2BB8-DA1C-4199-8DBA-43BD39E95E11}.Ad-Hoc|Any CPU.ActiveCfg = Debug|Any CPU
		{294E2BB8-DA1C-4199-8DBA-43BD39E95E11}.Ad-Hoc|Any CPU.Build.0 = Debug|Any CPU
		{294E2BB8-DA1C-4199-8DBA-43BD39E95E11}.Ad-Hoc|Any CPU.Deploy.0 = Debug|Any CPU
		{294E2BB8-DA1C-4199-8DBA-43BD39E95E11}.Ad-Hoc|iPhone.ActiveCfg = Debug|Any CPU
		{294E2BB8-DA1C-4199-8DBA-43BD39E95E11}.Ad-Hoc|iPhone.Build.0 = Debug|Any CPU
		{294E2BB8-DA1C-4199-8DBA-43BD39E95E11}.Ad-Hoc|iPhone.Deploy.0 = Debug|Any CPU
		{294E2BB8-DA1C-4199-8DBA-43BD39E95E11}.Ad-Hoc|iPhoneSimulator.ActiveCfg = Debug|Any CPU
		{294E2BB8-DA1C-4199-8DBA-43BD39E95E11}.Ad-Hoc|iPhoneSimulator.Build.0 = Debug|Any CPU
		{294E2BB8-DA1C-4199-8DBA-43BD39E95E11}.Ad-Hoc|iPhoneSimulator.Deploy.0 = Debug|Any CPU
		{294E2BB8-DA1C-4199-8DBA-43BD39E95E11}.AppStore|Any CPU.ActiveCfg = Debug|Any CPU
		{294E2BB8-DA1C-4199-8DBA-43BD39E95E11}.AppStore|Any CPU.Build.0 = Debug|Any CPU
		{294E2BB8-DA1C-4199-8DBA-43BD39E95E11}.AppStore|Any CPU.Deploy.0 = Debug|Any CPU
		{294E2BB8-DA1C-4199-8DBA-43BD39E95E11}.AppStore|iPhone.ActiveCfg = Debug|Any CPU
		{294E2BB8-DA1C-4199-8DBA-43BD39E95E11}.AppStore|iPhone.Build.0 = Debug|Any CPU
		{294E2BB8-DA1C-4199-8DBA-43BD39E95E11}.AppStore|iPhone.Deploy.0 = Debug|Any CPU
		{294E2BB8-DA1C-4199-8DBA-43BD39E95E11}.AppStore|iPhoneSimulator.ActiveCfg = Debug|Any CPU
		{294E2BB8-DA1C-4199-8DBA-43BD39E95E11}.AppStore|iPhoneSimulator.Build.0 = Debug|Any CPU
		{294E2BB8-DA1C-4199-8DBA-43BD39E95E11}.AppStore|iPhoneSimulator.Deploy.0 = Debug|Any CPU
		{294E2BB8-DA1C-4199-8DBA-43BD39E95E11}.Debug|Any CPU.ActiveCfg = Debug|Any CPU
		{294E2BB8-DA1C-4199-8DBA-43BD39E95E11}.Debug|Any CPU.Build.0 = Debug|Any CPU
		{294E2BB8-DA1C-4199-8DBA-43BD39E95E11}.Debug|Any CPU.Deploy.0 = Debug|Any CPU
		{294E2BB8-DA1C-4199-8DBA-43BD39E95E11}.Debug|iPhone.ActiveCfg = Debug|Any CPU
		{294E2BB8-DA1C-4199-8DBA-43BD39E95E11}.Debug|iPhone.Build.0 = Debug|Any CPU
		{294E2BB8-DA1C-4199-8DBA-43BD39E95E11}.Debug|iPhone.Deploy.0 = Debug|Any CPU
		{294E2BB8-DA1C-4199-8DBA-43BD39E95E11}.Debug|iPhoneSimulator.ActiveCfg = Debug|Any CPU
		{294E2BB8-DA1C-4199-8DBA-43BD39E95E11}.Debug|iPhoneSimulator.Build.0 = Debug|Any CPU
		{294E2BB8-DA1C-4199-8DBA-43BD39E95E11}.Debug|iPhoneSimulator.Deploy.0 = Debug|Any CPU
		{294E2BB8-DA1C-4199-8DBA-43BD39E95E11}.Release|Any CPU.ActiveCfg = Release|Any CPU
		{294E2BB8-DA1C-4199-8DBA-43BD39E95E11}.Release|Any CPU.Build.0 = Release|Any CPU
		{294E2BB8-DA1C-4199-8DBA-43BD39E95E11}.Release|Any CPU.Deploy.0 = Release|Any CPU
		{294E2BB8-DA1C-4199-8DBA-43BD39E95E11}.Release|iPhone.ActiveCfg = Release|Any CPU
		{294E2BB8-DA1C-4199-8DBA-43BD39E95E11}.Release|iPhone.Build.0 = Release|Any CPU
		{294E2BB8-DA1C-4199-8DBA-43BD39E95E11}.Release|iPhone.Deploy.0 = Release|Any CPU
		{294E2BB8-DA1C-4199-8DBA-43BD39E95E11}.Release|iPhoneSimulator.ActiveCfg = Release|Any CPU
		{294E2BB8-DA1C-4199-8DBA-43BD39E95E11}.Release|iPhoneSimulator.Build.0 = Release|Any CPU
		{294E2BB8-DA1C-4199-8DBA-43BD39E95E11}.Release|iPhoneSimulator.Deploy.0 = Release|Any CPU
	EndGlobalSection
	GlobalSection(SolutionProperties) = preSolution
		HideSolutionNode = FALSE
	EndGlobalSection
	GlobalSection(ExtensibilityGlobals) = postSolution
		SolutionGuid = {B555EE7F-81BE-4ED4-8EF8-37ADEAD40812}
	EndGlobalSection
EndGlobal
