
Microsoft Visual Studio Solution File, Format Version 12.00
# Visual Studio 15
VisualStudioVersion = 15.0.28307.168
MinimumVisualStudioVersion = 10.0.40219.1
Project("{FAE04EC0-301F-11D3-BF4B-00C04F79EFBC}") = "App23_DetectarSO.Android", "App23_DetectarSO\App23_DetectarSO.Android\App23_DetectarSO.Android.csproj", "{1A3D2132-AE37-4D28-948F-187B6109734C}"
EndProject
Project("{FAE04EC0-301F-11D3-BF4B-00C04F79EFBC}") = "App23_DetectarSO.iOS", "App23_DetectarSO\App23_DetectarSO.iOS\App23_DetectarSO.iOS.csproj", "{B8AF8499-809F-4B5D-B1D0-6E7D51BE5468}"
EndProject
Project("{FAE04EC0-301F-11D3-BF4B-00C04F79EFBC}") = "App23_DetectarSO", "App23_DetectarSO\App23_DetectarSO\App23_DetectarSO.csproj", "{A4B7883E-CE82-4CF4-A744-95AEA901D20E}"
EndProject
Global
	GlobalSection(SolutionConfigurationPlatforms) = preSolution
		Ad-Hoc|Any CPU = Ad-Hoc|Any CPU
		Ad-Hoc|iPhone = Ad-Hoc|iPhone
		Ad-Hoc|iPhoneSimulator = Ad-Hoc|iPhoneSimulator
		AppStore|Any CPU = AppStore|Any CPU
		AppStore|iPhone = AppStore|iPhone
		AppStore|iPhoneSimulator = AppStore|iPhoneSimulator
		Debug|Any CPU = Debug|Any CPU
		Debug|iPhone = Debug|iPhone
		Debug|iPhoneSimulator = Debug|iPhoneSimulator
		Release|Any CPU = Release|Any CPU
		Release|iPhone = Release|iPhone
		Release|iPhoneSimulator = Release|iPhoneSimulator
	EndGlobalSection
	GlobalSection(ProjectConfigurationPlatforms) = postSolution
		{1A3D2132-AE37-4D28-948F-187B6109734C}.Ad-Hoc|Any CPU.ActiveCfg = Release|Any CPU
		{1A3D2132-AE37-4D28-948F-187B6109734C}.Ad-Hoc|Any CPU.Build.0 = Release|Any CPU
		{1A3D2132-AE37-4D28-948F-187B6109734C}.Ad-Hoc|Any CPU.Deploy.0 = Release|Any CPU
		{1A3D2132-AE37-4D28-948F-187B6109734C}.Ad-Hoc|iPhone.ActiveCfg = Release|Any CPU
		{1A3D2132-AE37-4D28-948F-187B6109734C}.Ad-Hoc|iPhone.Build.0 = Release|Any CPU
		{1A3D2132-AE37-4D28-948F-187B6109734C}.Ad-Hoc|iPhone.Deploy.0 = Release|Any CPU
		{1A3D2132-AE37-4D28-948F-187B6109734C}.Ad-Hoc|iPhoneSimulator.ActiveCfg = Release|Any CPU
		{1A3D2132-AE37-4D28-948F-187B6109734C}.Ad-Hoc|iPhoneSimulator.Build.0 = Release|Any CPU
		{1A3D2132-AE37-4D28-948F-187B6109734C}.Ad-Hoc|iPhoneSimulator.Deploy.0 = Release|Any CPU
		{1A3D2132-AE37-4D28-948F-187B6109734C}.AppStore|Any CPU.ActiveCfg = Release|Any CPU
		{1A3D2132-AE37-4D28-948F-187B6109734C}.AppStore|Any CPU.Build.0 = Release|Any CPU
		{1A3D2132-AE37-4D28-948F-187B6109734C}.AppStore|Any CPU.Deploy.0 = Release|Any CPU
		{1A3D2132-AE37-4D28-948F-187B6109734C}.AppStore|iPhone.ActiveCfg = Release|Any CPU
		{1A3D2132-AE37-4D28-948F-187B6109734C}.AppStore|iPhone.Build.0 = Release|Any CPU
		{1A3D2132-AE37-4D28-948F-187B6109734C}.AppStore|iPhone.Deploy.0 = Release|Any CPU
		{1A3D2132-AE37-4D28-948F-187B6109734C}.AppStore|iPhoneSimulator.ActiveCfg = Release|Any CPU
		{1A3D2132-AE37-4D28-948F-187B6109734C}.AppStore|iPhoneSimulator.Build.0 = Release|Any CPU
		{1A3D2132-AE37-4D28-948F-187B6109734C}.AppStore|iPhoneSimulator.Deploy.0 = Release|Any CPU
		{1A3D2132-AE37-4D28-948F-187B6109734C}.Debug|Any CPU.ActiveCfg = Debug|Any CPU
		{1A3D2132-AE37-4D28-948F-187B6109734C}.Debug|Any CPU.Build.0 = Debug|Any CPU
		{1A3D2132-AE37-4D28-948F-187B6109734C}.Debug|Any CPU.Deploy.0 = Debug|Any CPU
		{1A3D2132-AE37-4D28-948F-187B6109734C}.Debug|iPhone.ActiveCfg = Debug|Any CPU
		{1A3D2132-AE37-4D28-948F-187B6109734C}.Debug|iPhone.Build.0 = Debug|Any CPU
		{1A3D2132-AE37-4D28-948F-187B6109734C}.Debug|iPhone.Deploy.0 = Debug|Any CPU
		{1A3D2132-AE37-4D28-948F-187B6109734C}.Debug|iPhoneSimulator.ActiveCfg = Debug|Any CPU
		{1A3D2132-AE37-4D28-948F-187B6109734C}.Debug|iPhoneSimulator.Build.0 = Debug|Any CPU
		{1A3D2132-AE37-4D28-948F-187B6109734C}.Debug|iPhoneSimulator.Deploy.0 = Debug|Any CPU
		{1A3D2132-AE37-4D28-948F-187B6109734C}.Release|Any CPU.ActiveCfg = Release|Any CPU
		{1A3D2132-AE37-4D28-948F-187B6109734C}.Release|Any CPU.Build.0 = Release|Any CPU
		{1A3D2132-AE37-4D28-948F-187B6109734C}.Release|Any CPU.Deploy.0 = Release|Any CPU
		{1A3D2132-AE37-4D28-948F-187B6109734C}.Release|iPhone.ActiveCfg = Release|Any CPU
		{1A3D2132-AE37-4D28-948F-187B6109734C}.Release|iPhone.Build.0 = Release|Any CPU
		{1A3D2132-AE37-4D28-948F-187B6109734C}.Release|iPhone.Deploy.0 = Release|Any CPU
		{1A3D2132-AE37-4D28-948F-187B6109734C}.Release|iPhoneSimulator.ActiveCfg = Release|Any CPU
		{1A3D2132-AE37-4D28-948F-187B6109734C}.Release|iPhoneSimulator.Build.0 = Release|Any CPU
		{1A3D2132-AE37-4D28-948F-187B6109734C}.Release|iPhoneSimulator.Deploy.0 = Release|Any CPU
		{B8AF8499-809F-4B5D-B1D0-6E7D51BE5468}.Ad-Hoc|Any CPU.ActiveCfg = Ad-Hoc|iPhone
		{B8AF8499-809F-4B5D-B1D0-6E7D51BE5468}.Ad-Hoc|Any CPU.Build.0 = Ad-Hoc|iPhone
		{B8AF8499-809F-4B5D-B1D0-6E7D51BE5468}.Ad-Hoc|Any CPU.Deploy.0 = Ad-Hoc|iPhone
		{B8AF8499-809F-4B5D-B1D0-6E7D51BE5468}.Ad-Hoc|iPhone.ActiveCfg = Ad-Hoc|iPhone
		{B8AF8499-809F-4B5D-B1D0-6E7D51BE5468}.Ad-Hoc|iPhone.Build.0 = Ad-Hoc|iPhone
		{B8AF8499-809F-4B5D-B1D0-6E7D51BE5468}.Ad-Hoc|iPhone.Deploy.0 = Ad-Hoc|iPhone
		{B8AF8499-809F-4B5D-B1D0-6E7D51BE5468}.Ad-Hoc|iPhoneSimulator.ActiveCfg = Ad-Hoc|iPhoneSimulator
		{B8AF8499-809F-4B5D-B1D0-6E7D51BE5468}.Ad-Hoc|iPhoneSimulator.Build.0 = Ad-Hoc|iPhoneSimulator
		{B8AF8499-809F-4B5D-B1D0-6E7D51BE5468}.Ad-Hoc|iPhoneSimulator.Deploy.0 = Ad-Hoc|iPhoneSimulator
		{B8AF8499-809F-4B5D-B1D0-6E7D51BE5468}.AppStore|Any CPU.ActiveCfg = AppStore|iPhone
		{B8AF8499-809F-4B5D-B1D0-6E7D51BE5468}.AppStore|Any CPU.Build.0 = AppStore|iPhone
		{B8AF8499-809F-4B5D-B1D0-6E7D51BE5468}.AppStore|Any CPU.Deploy.0 = AppStore|iPhone
		{B8AF8499-809F-4B5D-B1D0-6E7D51BE5468}.AppStore|iPhone.ActiveCfg = AppStore|iPhone
		{B8AF8499-809F-4B5D-B1D0-6E7D51BE5468}.AppStore|iPhone.Build.0 = AppStore|iPhone
		{B8AF8499-809F-4B5D-B1D0-6E7D51BE5468}.AppStore|iPhone.Deploy.0 = AppStore|iPhone
		{B8AF8499-809F-4B5D-B1D0-6E7D51BE5468}.AppStore|iPhoneSimulator.ActiveCfg = AppStore|iPhoneSimulator
		{B8AF8499-809F-4B5D-B1D0-6E7D51BE5468}.AppStore|iPhoneSimulator.Build.0 = AppStore|iPhoneSimulator
		{B8AF8499-809F-4B5D-B1D0-6E7D51BE5468}.AppStore|iPhoneSimulator.Deploy.0 = AppStore|iPhoneSimulator
		{B8AF8499-809F-4B5D-B1D0-6E7D51BE5468}.Debug|Any CPU.ActiveCfg = Debug|iPhoneSimulator
		{B8AF8499-809F-4B5D-B1D0-6E7D51BE5468}.Debug|Any CPU.Build.0 = Debug|iPhoneSimulator
		{B8AF8499-809F-4B5D-B1D0-6E7D51BE5468}.Debug|Any CPU.Deploy.0 = Debug|iPhoneSimulator
		{B8AF8499-809F-4B5D-B1D0-6E7D51BE5468}.Debug|iPhone.ActiveCfg = Debug|iPhone
		{B8AF8499-809F-4B5D-B1D0-6E7D51BE5468}.Debug|iPhone.Build.0 = Debug|iPhone
		{B8AF8499-809F-4B5D-B1D0-6E7D51BE5468}.Debug|iPhone.Deploy.0 = Debug|iPhone
		{B8AF8499-809F-4B5D-B1D0-6E7D51BE5468}.Debug|iPhoneSimulator.ActiveCfg = Debug|iPhoneSimulator
		{B8AF8499-809F-4B5D-B1D0-6E7D51BE5468}.Debug|iPhoneSimulator.Build.0 = Debug|iPhoneSimulator
		{B8AF8499-809F-4B5D-B1D0-6E7D51BE5468}.Debug|iPhoneSimulator.Deploy.0 = Debug|iPhoneSimulator
		{B8AF8499-809F-4B5D-B1D0-6E7D51BE5468}.Release|Any CPU.ActiveCfg = Release|iPhone
		{B8AF8499-809F-4B5D-B1D0-6E7D51BE5468}.Release|Any CPU.Build.0 = Release|iPhone
		{B8AF8499-809F-4B5D-B1D0-6E7D51BE5468}.Release|Any CPU.Deploy.0 = Release|iPhone
		{B8AF8499-809F-4B5D-B1D0-6E7D51BE5468}.Release|iPhone.ActiveCfg = Release|iPhone
		{B8AF8499-809F-4B5D-B1D0-6E7D51BE5468}.Release|iPhone.Build.0 = Release|iPhone
		{B8AF8499-809F-4B5D-B1D0-6E7D51BE5468}.Release|iPhone.Deploy.0 = Release|iPhone
		{B8AF8499-809F-4B5D-B1D0-6E7D51BE5468}.Release|iPhoneSimulator.ActiveCfg = Release|iPhoneSimulator
		{B8AF8499-809F-4B5D-B1D0-6E7D51BE5468}.Release|iPhoneSimulator.Build.0 = Release|iPhoneSimulator
		{B8AF8499-809F-4B5D-B1D0-6E7D51BE5468}.Release|iPhoneSimulator.Deploy.0 = Release|iPhoneSimulator
		{A4B7883E-CE82-4CF4-A744-95AEA901D20E}.Ad-Hoc|Any CPU.ActiveCfg = Debug|Any CPU
		{A4B7883E-CE82-4CF4-A744-95AEA901D20E}.Ad-Hoc|Any CPU.Build.0 = Debug|Any CPU
		{A4B7883E-CE82-4CF4-A744-95AEA901D20E}.Ad-Hoc|Any CPU.Deploy.0 = Debug|Any CPU
		{A4B7883E-CE82-4CF4-A744-95AEA901D20E}.Ad-Hoc|iPhone.ActiveCfg = Debug|Any CPU
		{A4B7883E-CE82-4CF4-A744-95AEA901D20E}.Ad-Hoc|iPhone.Build.0 = Debug|Any CPU
		{A4B7883E-CE82-4CF4-A744-95AEA901D20E}.Ad-Hoc|iPhone.Deploy.0 = Debug|Any CPU
		{A4B7883E-CE82-4CF4-A744-95AEA901D20E}.Ad-Hoc|iPhoneSimulator.ActiveCfg = Debug|Any CPU
		{A4B7883E-CE82-4CF4-A744-95AEA901D20E}.Ad-Hoc|iPhoneSimulator.Build.0 = Debug|Any CPU
		{A4B7883E-CE82-4CF4-A744-95AEA901D20E}.Ad-Hoc|iPhoneSimulator.Deploy.0 = Debug|Any CPU
		{A4B7883E-CE82-4CF4-A744-95AEA901D20E}.AppStore|Any CPU.ActiveCfg = Debug|Any CPU
		{A4B7883E-CE82-4CF4-A744-95AEA901D20E}.AppStore|Any CPU.Build.0 = Debug|Any CPU
		{A4B7883E-CE82-4CF4-A744-95AEA901D20E}.AppStore|Any CPU.Deploy.0 = Debug|Any CPU
		{A4B7883E-CE82-4CF4-A744-95AEA901D20E}.AppStore|iPhone.ActiveCfg = Debug|Any CPU
		{A4B7883E-CE82-4CF4-A744-95AEA901D20E}.AppStore|iPhone.Build.0 = Debug|Any CPU
		{A4B7883E-CE82-4CF4-A744-95AEA901D20E}.AppStore|iPhone.Deploy.0 = Debug|Any CPU
		{A4B7883E-CE82-4CF4-A744-95AEA901D20E}.AppStore|iPhoneSimulator.ActiveCfg = Debug|Any CPU
		{A4B7883E-CE82-4CF4-A744-95AEA901D20E}.AppStore|iPhoneSimulator.Build.0 = Debug|Any CPU
		{A4B7883E-CE82-4CF4-A744-95AEA901D20E}.AppStore|iPhoneSimulator.Deploy.0 = Debug|Any CPU
		{A4B7883E-CE82-4CF4-A744-95AEA901D20E}.Debug|Any CPU.ActiveCfg = Debug|Any CPU
		{A4B7883E-CE82-4CF4-A744-95AEA901D20E}.Debug|Any CPU.Build.0 = Debug|Any CPU
		{A4B7883E-CE82-4CF4-A744-95AEA901D20E}.Debug|Any CPU.Deploy.0 = Debug|Any CPU
		{A4B7883E-CE82-4CF4-A744-95AEA901D20E}.Debug|iPhone.ActiveCfg = Debug|Any CPU
		{A4B7883E-CE82-4CF4-A744-95AEA901D20E}.Debug|iPhone.Build.0 = Debug|Any CPU
		{A4B7883E-CE82-4CF4-A744-95AEA901D20E}.Debug|iPhone.Deploy.0 = Debug|Any CPU
		{A4B7883E-CE82-4CF4-A744-95AEA901D20E}.Debug|iPhoneSimulator.ActiveCfg = Debug|Any CPU
		{A4B7883E-CE82-4CF4-A744-95AEA901D20E}.Debug|iPhoneSimulator.Build.0 = Debug|Any CPU
		{A4B7883E-CE82-4CF4-A744-95AEA901D20E}.Debug|iPhoneSimulator.Deploy.0 = Debug|Any CPU
		{A4B7883E-CE82-4CF4-A744-95AEA901D20E}.Release|Any CPU.ActiveCfg = Release|Any CPU
		{A4B7883E-CE82-4CF4-A744-95AEA901D20E}.Release|Any CPU.Build.0 = Release|Any CPU
		{A4B7883E-CE82-4CF4-A744-95AEA901D20E}.Release|Any CPU.Deploy.0 = Release|Any CPU
		{A4B7883E-CE82-4CF4-A744-95AEA901D20E}.Release|iPhone.ActiveCfg = Release|Any CPU
		{A4B7883E-CE82-4CF4-A744-95AEA901D20E}.Release|iPhone.Build.0 = Release|Any CPU
		{A4B7883E-CE82-4CF4-A744-95AEA901D20E}.Release|iPhone.Deploy.0 = Release|Any CPU
		{A4B7883E-CE82-4CF4-A744-95AEA901D20E}.Release|iPhoneSimulator.ActiveCfg = Release|Any CPU
		{A4B7883E-CE82-4CF4-A744-95AEA901D20E}.Release|iPhoneSimulator.Build.0 = Release|Any CPU
		{A4B7883E-CE82-4CF4-A744-95AEA901D20E}.Release|iPhoneSimulator.Deploy.0 = Release|Any CPU
	EndGlobalSection
	GlobalSection(SolutionProperties) = preSolution
		HideSolutionNode = FALSE
	EndGlobalSection
	GlobalSection(ExtensibilityGlobals) = postSolution
		SolutionGuid = {39F5B331-6DEC-4AEB-B238-B95AAB578EAB}
	EndGlobalSection
EndGlobal
