
Microsoft Visual Studio Solution File, Format Version 12.00
# Visual Studio 15
VisualStudioVersion = 15.0.28010.2003
MinimumVisualStudioVersion = 10.0.40219.1
Project("{FAE04EC0-301F-11D3-BF4B-00C04F79EFBC}") = "App05_ControleXF.Android", "App05_ControleXF\App05_ControleXF.Android\App05_ControleXF.Android.csproj", "{499B523B-B32D-4263-8917-C548012287ED}"
EndProject
Project("{FAE04EC0-301F-11D3-BF4B-00C04F79EFBC}") = "App05_ControleXF.iOS", "App05_ControleXF\App05_ControleXF.iOS\App05_ControleXF.iOS.csproj", "{F144C57E-D5D1-45DD-951B-72316982542B}"
EndProject
Project("{FAE04EC0-301F-11D3-BF4B-00C04F79EFBC}") = "App05_ControleXF", "App05_ControleXF\App05_ControleXF\App05_ControleXF.csproj", "{811F3CEC-374F-4C61-8841-CBBEC97DB052}"
EndProject
Global
	GlobalSection(SolutionConfigurationPlatforms) = preSolution
		Ad-Hoc|Any CPU = Ad-Hoc|Any CPU
		Ad-Hoc|iPhone = Ad-Hoc|iPhone
		Ad-Hoc|iPhoneSimulator = Ad-Hoc|iPhoneSimulator
		AppStore|Any CPU = AppStore|Any CPU
		AppStore|iPhone = AppStore|iPhone
		AppStore|iPhoneSimulator = AppStore|iPhoneSimulator
		Debug|Any CPU = Debug|Any CPU
		Debug|iPhone = Debug|iPhone
		Debug|iPhoneSimulator = Debug|iPhoneSimulator
		Release|Any CPU = Release|Any CPU
		Release|iPhone = Release|iPhone
		Release|iPhoneSimulator = Release|iPhoneSimulator
	EndGlobalSection
	GlobalSection(ProjectConfigurationPlatforms) = postSolution
		{499B523B-B32D-4263-8917-C548012287ED}.Ad-Hoc|Any CPU.ActiveCfg = Release|Any CPU
		{499B523B-B32D-4263-8917-C548012287ED}.Ad-Hoc|Any CPU.Build.0 = Release|Any CPU
		{499B523B-B32D-4263-8917-C548012287ED}.Ad-Hoc|Any CPU.Deploy.0 = Release|Any CPU
		{499B523B-B32D-4263-8917-C548012287ED}.Ad-Hoc|iPhone.ActiveCfg = Release|Any CPU
		{499B523B-B32D-4263-8917-C548012287ED}.Ad-Hoc|iPhone.Build.0 = Release|Any CPU
		{499B523B-B32D-4263-8917-C548012287ED}.Ad-Hoc|iPhone.Deploy.0 = Release|Any CPU
		{499B523B-B32D-4263-8917-C548012287ED}.Ad-Hoc|iPhoneSimulator.ActiveCfg = Release|Any CPU
		{499B523B-B32D-4263-8917-C548012287ED}.Ad-Hoc|iPhoneSimulator.Build.0 = Release|Any CPU
		{499B523B-B32D-4263-8917-C548012287ED}.Ad-Hoc|iPhoneSimulator.Deploy.0 = Release|Any CPU
		{499B523B-B32D-4263-8917-C548012287ED}.AppStore|Any CPU.ActiveCfg = Release|Any CPU
		{499B523B-B32D-4263-8917-C548012287ED}.AppStore|Any CPU.Build.0 = Release|Any CPU
		{499B523B-B32D-4263-8917-C548012287ED}.AppStore|Any CPU.Deploy.0 = Release|Any CPU
		{499B523B-B32D-4263-8917-C548012287ED}.AppStore|iPhone.ActiveCfg = Release|Any CPU
		{499B523B-B32D-4263-8917-C548012287ED}.AppStore|iPhone.Build.0 = Release|Any CPU
		{499B523B-B32D-4263-8917-C548012287ED}.AppStore|iPhone.Deploy.0 = Release|Any CPU
		{499B523B-B32D-4263-8917-C548012287ED}.AppStore|iPhoneSimulator.ActiveCfg = Release|Any CPU
		{499B523B-B32D-4263-8917-C548012287ED}.AppStore|iPhoneSimulator.Build.0 = Release|Any CPU
		{499B523B-B32D-4263-8917-C548012287ED}.AppStore|iPhoneSimulator.Deploy.0 = Release|Any CPU
		{499B523B-B32D-4263-8917-C548012287ED}.Debug|Any CPU.ActiveCfg = Debug|Any CPU
		{499B523B-B32D-4263-8917-C548012287ED}.Debug|Any CPU.Build.0 = Debug|Any CPU
		{499B523B-B32D-4263-8917-C548012287ED}.Debug|Any CPU.Deploy.0 = Debug|Any CPU
		{499B523B-B32D-4263-8917-C548012287ED}.Debug|iPhone.ActiveCfg = Debug|Any CPU
		{499B523B-B32D-4263-8917-C548012287ED}.Debug|iPhone.Build.0 = Debug|Any CPU
		{499B523B-B32D-4263-8917-C548012287ED}.Debug|iPhone.Deploy.0 = Debug|Any CPU
		{499B523B-B32D-4263-8917-C548012287ED}.Debug|iPhoneSimulator.ActiveCfg = Debug|Any CPU
		{499B523B-B32D-4263-8917-C548012287ED}.Debug|iPhoneSimulator.Build.0 = Debug|Any CPU
		{499B523B-B32D-4263-8917-C548012287ED}.Debug|iPhoneSimulator.Deploy.0 = Debug|Any CPU
		{499B523B-B32D-4263-8917-C548012287ED}.Release|Any CPU.ActiveCfg = Release|Any CPU
		{499B523B-B32D-4263-8917-C548012287ED}.Release|Any CPU.Build.0 = Release|Any CPU
		{499B523B-B32D-4263-8917-C548012287ED}.Release|Any CPU.Deploy.0 = Release|Any CPU
		{499B523B-B32D-4263-8917-C548012287ED}.Release|iPhone.ActiveCfg = Release|Any CPU
		{499B523B-B32D-4263-8917-C548012287ED}.Release|iPhone.Build.0 = Release|Any CPU
		{499B523B-B32D-4263-8917-C548012287ED}.Release|iPhone.Deploy.0 = Release|Any CPU
		{499B523B-B32D-4263-8917-C548012287ED}.Release|iPhoneSimulator.ActiveCfg = Release|Any CPU
		{499B523B-B32D-4263-8917-C548012287ED}.Release|iPhoneSimulator.Build.0 = Release|Any CPU
		{499B523B-B32D-4263-8917-C548012287ED}.Release|iPhoneSimulator.Deploy.0 = Release|Any CPU
		{F144C57E-D5D1-45DD-951B-72316982542B}.Ad-Hoc|Any CPU.ActiveCfg = Ad-Hoc|iPhone
		{F144C57E-D5D1-45DD-951B-72316982542B}.Ad-Hoc|Any CPU.Build.0 = Ad-Hoc|iPhone
		{F144C57E-D5D1-45DD-951B-72316982542B}.Ad-Hoc|Any CPU.Deploy.0 = Ad-Hoc|iPhone
		{F144C57E-D5D1-45DD-951B-72316982542B}.Ad-Hoc|iPhone.ActiveCfg = Ad-Hoc|iPhone
		{F144C57E-D5D1-45DD-951B-72316982542B}.Ad-Hoc|iPhone.Build.0 = Ad-Hoc|iPhone
		{F144C57E-D5D1-45DD-951B-72316982542B}.Ad-Hoc|iPhone.Deploy.0 = Ad-Hoc|iPhone
		{F144C57E-D5D1-45DD-951B-72316982542B}.Ad-Hoc|iPhoneSimulator.ActiveCfg = Ad-Hoc|iPhoneSimulator
		{F144C57E-D5D1-45DD-951B-72316982542B}.Ad-Hoc|iPhoneSimulator.Build.0 = Ad-Hoc|iPhoneSimulator
		{F144C57E-D5D1-45DD-951B-72316982542B}.Ad-Hoc|iPhoneSimulator.Deploy.0 = Ad-Hoc|iPhoneSimulator
		{F144C57E-D5D1-45DD-951B-72316982542B}.AppStore|Any CPU.ActiveCfg = AppStore|iPhone
		{F144C57E-D5D1-45DD-951B-72316982542B}.AppStore|Any CPU.Build.0 = AppStore|iPhone
		{F144C57E-D5D1-45DD-951B-72316982542B}.AppStore|Any CPU.Deploy.0 = AppStore|iPhone
		{F144C57E-D5D1-45DD-951B-72316982542B}.AppStore|iPhone.ActiveCfg = AppStore|iPhone
		{F144C57E-D5D1-45DD-951B-72316982542B}.AppStore|iPhone.Build.0 = AppStore|iPhone
		{F144C57E-D5D1-45DD-951B-72316982542B}.AppStore|iPhone.Deploy.0 = AppStore|iPhone
		{F144C57E-D5D1-45DD-951B-72316982542B}.AppStore|iPhoneSimulator.ActiveCfg = AppStore|iPhoneSimulator
		{F144C57E-D5D1-45DD-951B-72316982542B}.AppStore|iPhoneSimulator.Build.0 = AppStore|iPhoneSimulator
		{F144C57E-D5D1-45DD-951B-72316982542B}.AppStore|iPhoneSimulator.Deploy.0 = AppStore|iPhoneSimulator
		{F144C57E-D5D1-45DD-951B-72316982542B}.Debug|Any CPU.ActiveCfg = Debug|iPhoneSimulator
		{F144C57E-D5D1-45DD-951B-72316982542B}.Debug|Any CPU.Build.0 = Debug|iPhoneSimulator
		{F144C57E-D5D1-45DD-951B-72316982542B}.Debug|Any CPU.Deploy.0 = Debug|iPhoneSimulator
		{F144C57E-D5D1-45DD-951B-72316982542B}.Debug|iPhone.ActiveCfg = Debug|iPhone
		{F144C57E-D5D1-45DD-951B-72316982542B}.Debug|iPhone.Build.0 = Debug|iPhone
		{F144C57E-D5D1-45DD-951B-72316982542B}.Debug|iPhone.Deploy.0 = Debug|iPhone
		{F144C57E-D5D1-45DD-951B-72316982542B}.Debug|iPhoneSimulator.ActiveCfg = Debug|iPhoneSimulator
		{F144C57E-D5D1-45DD-951B-72316982542B}.Debug|iPhoneSimulator.Build.0 = Debug|iPhoneSimulator
		{F144C57E-D5D1-45DD-951B-72316982542B}.Debug|iPhoneSimulator.Deploy.0 = Debug|iPhoneSimulator
		{F144C57E-D5D1-45DD-951B-72316982542B}.Release|Any CPU.ActiveCfg = Release|iPhone
		{F144C57E-D5D1-45DD-951B-72316982542B}.Release|Any CPU.Build.0 = Release|iPhone
		{F144C57E-D5D1-45DD-951B-72316982542B}.Release|Any CPU.Deploy.0 = Release|iPhone
		{F144C57E-D5D1-45DD-951B-72316982542B}.Release|iPhone.ActiveCfg = Release|iPhone
		{F144C57E-D5D1-45DD-951B-72316982542B}.Release|iPhone.Build.0 = Release|iPhone
		{F144C57E-D5D1-45DD-951B-72316982542B}.Release|iPhone.Deploy.0 = Release|iPhone
		{F144C57E-D5D1-45DD-951B-72316982542B}.Release|iPhoneSimulator.ActiveCfg = Release|iPhoneSimulator
		{F144C57E-D5D1-45DD-951B-72316982542B}.Release|iPhoneSimulator.Build.0 = Release|iPhoneSimulator
		{F144C57E-D5D1-45DD-951B-72316982542B}.Release|iPhoneSimulator.Deploy.0 = Release|iPhoneSimulator
		{811F3CEC-374F-4C61-8841-CBBEC97DB052}.Ad-Hoc|Any CPU.ActiveCfg = Debug|Any CPU
		{811F3CEC-374F-4C61-8841-CBBEC97DB052}.Ad-Hoc|Any CPU.Build.0 = Debug|Any CPU
		{811F3CEC-374F-4C61-8841-CBBEC97DB052}.Ad-Hoc|Any CPU.Deploy.0 = Debug|Any CPU
		{811F3CEC-374F-4C61-8841-CBBEC97DB052}.Ad-Hoc|iPhone.ActiveCfg = Debug|Any CPU
		{811F3CEC-374F-4C61-8841-CBBEC97DB052}.Ad-Hoc|iPhone.Build.0 = Debug|Any CPU
		{811F3CEC-374F-4C61-8841-CBBEC97DB052}.Ad-Hoc|iPhone.Deploy.0 = Debug|Any CPU
		{811F3CEC-374F-4C61-8841-CBBEC97DB052}.Ad-Hoc|iPhoneSimulator.ActiveCfg = Debug|Any CPU
		{811F3CEC-374F-4C61-8841-CBBEC97DB052}.Ad-Hoc|iPhoneSimulator.Build.0 = Debug|Any CPU
		{811F3CEC-374F-4C61-8841-CBBEC97DB052}.Ad-Hoc|iPhoneSimulator.Deploy.0 = Debug|Any CPU
		{811F3CEC-374F-4C61-8841-CBBEC97DB052}.AppStore|Any CPU.ActiveCfg = Debug|Any CPU
		{811F3CEC-374F-4C61-8841-CBBEC97DB052}.AppStore|Any CPU.Build.0 = Debug|Any CPU
		{811F3CEC-374F-4C61-8841-CBBEC97DB052}.AppStore|Any CPU.Deploy.0 = Debug|Any CPU
		{811F3CEC-374F-4C61-8841-CBBEC97DB052}.AppStore|iPhone.ActiveCfg = Debug|Any CPU
		{811F3CEC-374F-4C61-8841-CBBEC97DB052}.AppStore|iPhone.Build.0 = Debug|Any CPU
		{811F3CEC-374F-4C61-8841-CBBEC97DB052}.AppStore|iPhone.Deploy.0 = Debug|Any CPU
		{811F3CEC-374F-4C61-8841-CBBEC97DB052}.AppStore|iPhoneSimulator.ActiveCfg = Debug|Any CPU
		{811F3CEC-374F-4C61-8841-CBBEC97DB052}.AppStore|iPhoneSimulator.Build.0 = Debug|Any CPU
		{811F3CEC-374F-4C61-8841-CBBEC97DB052}.AppStore|iPhoneSimulator.Deploy.0 = Debug|Any CPU
		{811F3CEC-374F-4C61-8841-CBBEC97DB052}.Debug|Any CPU.ActiveCfg = Debug|Any CPU
		{811F3CEC-374F-4C61-8841-CBBEC97DB052}.Debug|Any CPU.Build.0 = Debug|Any CPU
		{811F3CEC-374F-4C61-8841-CBBEC97DB052}.Debug|Any CPU.Deploy.0 = Debug|Any CPU
		{811F3CEC-374F-4C61-8841-CBBEC97DB052}.Debug|iPhone.ActiveCfg = Debug|Any CPU
		{811F3CEC-374F-4C61-8841-CBBEC97DB052}.Debug|iPhone.Build.0 = Debug|Any CPU
		{811F3CEC-374F-4C61-8841-CBBEC97DB052}.Debug|iPhone.Deploy.0 = Debug|Any CPU
		{811F3CEC-374F-4C61-8841-CBBEC97DB052}.Debug|iPhoneSimulator.ActiveCfg = Debug|Any CPU
		{811F3CEC-374F-4C61-8841-CBBEC97DB052}.Debug|iPhoneSimulator.Build.0 = Debug|Any CPU
		{811F3CEC-374F-4C61-8841-CBBEC97DB052}.Debug|iPhoneSimulator.Deploy.0 = Debug|Any CPU
		{811F3CEC-374F-4C61-8841-CBBEC97DB052}.Release|Any CPU.ActiveCfg = Release|Any CPU
		{811F3CEC-374F-4C61-8841-CBBEC97DB052}.Release|Any CPU.Build.0 = Release|Any CPU
		{811F3CEC-374F-4C61-8841-CBBEC97DB052}.Release|Any CPU.Deploy.0 = Release|Any CPU
		{811F3CEC-374F-4C61-8841-CBBEC97DB052}.Release|iPhone.ActiveCfg = Release|Any CPU
		{811F3CEC-374F-4C61-8841-CBBEC97DB052}.Release|iPhone.Build.0 = Release|Any CPU
		{811F3CEC-374F-4C61-8841-CBBEC97DB052}.Release|iPhone.Deploy.0 = Release|Any CPU
		{811F3CEC-374F-4C61-8841-CBBEC97DB052}.Release|iPhoneSimulator.ActiveCfg = Release|Any CPU
		{811F3CEC-374F-4C61-8841-CBBEC97DB052}.Release|iPhoneSimulator.Build.0 = Release|Any CPU
		{811F3CEC-374F-4C61-8841-CBBEC97DB052}.Release|iPhoneSimulator.Deploy.0 = Release|Any CPU
	EndGlobalSection
	GlobalSection(SolutionProperties) = preSolution
		HideSolutionNode = FALSE
	EndGlobalSection
	GlobalSection(ExtensibilityGlobals) = postSolution
		SolutionGuid = {ED976E3A-0068-49C7-B10A-A34C63D47871}
	EndGlobalSection
EndGlobal
