
Microsoft Visual Studio Solution File, Format Version 12.00
# Visual Studio 15
VisualStudioVersion = 15.0.28307.168
MinimumVisualStudioVersion = 10.0.40219.1
Project("{FAE04EC0-301F-11D3-BF4B-00C04F79EFBC}") = "App14_Chat.Android", "App14_Chat\App14_Chat.Android\App14_Chat.Android.csproj", "{7A003E64-BC44-4068-A2FB-A0402FB0150B}"
EndProject
Project("{FAE04EC0-301F-11D3-BF4B-00C04F79EFBC}") = "App14_Chat.iOS", "App14_Chat\App14_Chat.iOS\App14_Chat.iOS.csproj", "{F870B700-25E5-4034-A1D8-A08F0F693A33}"
EndProject
Project("{FAE04EC0-301F-11D3-BF4B-00C04F79EFBC}") = "App14_Chat", "App14_Chat\App14_Chat\App14_Chat.csproj", "{8AAA3B2C-5C74-48CE-9906-9FA4F5031D03}"
EndProject
Global
	GlobalSection(SolutionConfigurationPlatforms) = preSolution
		Ad-Hoc|Any CPU = Ad-Hoc|Any CPU
		Ad-Hoc|iPhone = Ad-Hoc|iPhone
		Ad-Hoc|iPhoneSimulator = Ad-Hoc|iPhoneSimulator
		AppStore|Any CPU = AppStore|Any CPU
		AppStore|iPhone = AppStore|iPhone
		AppStore|iPhoneSimulator = AppStore|iPhoneSimulator
		Debug|Any CPU = Debug|Any CPU
		Debug|iPhone = Debug|iPhone
		Debug|iPhoneSimulator = Debug|iPhoneSimulator
		Release|Any CPU = Release|Any CPU
		Release|iPhone = Release|iPhone
		Release|iPhoneSimulator = Release|iPhoneSimulator
	EndGlobalSection
	GlobalSection(ProjectConfigurationPlatforms) = postSolution
		{7A003E64-BC44-4068-A2FB-A0402FB0150B}.Ad-Hoc|Any CPU.ActiveCfg = Release|Any CPU
		{7A003E64-BC44-4068-A2FB-A0402FB0150B}.Ad-Hoc|Any CPU.Build.0 = Release|Any CPU
		{7A003E64-BC44-4068-A2FB-A0402FB0150B}.Ad-Hoc|Any CPU.Deploy.0 = Release|Any CPU
		{7A003E64-BC44-4068-A2FB-A0402FB0150B}.Ad-Hoc|iPhone.ActiveCfg = Release|Any CPU
		{7A003E64-BC44-4068-A2FB-A0402FB0150B}.Ad-Hoc|iPhone.Build.0 = Release|Any CPU
		{7A003E64-BC44-4068-A2FB-A0402FB0150B}.Ad-Hoc|iPhone.Deploy.0 = Release|Any CPU
		{7A003E64-BC44-4068-A2FB-A0402FB0150B}.Ad-Hoc|iPhoneSimulator.ActiveCfg = Release|Any CPU
		{7A003E64-BC44-4068-A2FB-A0402FB0150B}.Ad-Hoc|iPhoneSimulator.Build.0 = Release|Any CPU
		{7A003E64-BC44-4068-A2FB-A0402FB0150B}.Ad-Hoc|iPhoneSimulator.Deploy.0 = Release|Any CPU
		{7A003E64-BC44-4068-A2FB-A0402FB0150B}.AppStore|Any CPU.ActiveCfg = Release|Any CPU
		{7A003E64-BC44-4068-A2FB-A0402FB0150B}.AppStore|Any CPU.Build.0 = Release|Any CPU
		{7A003E64-BC44-4068-A2FB-A0402FB0150B}.AppStore|Any CPU.Deploy.0 = Release|Any CPU
		{7A003E64-BC44-4068-A2FB-A0402FB0150B}.AppStore|iPhone.ActiveCfg = Release|Any CPU
		{7A003E64-BC44-4068-A2FB-A0402FB0150B}.AppStore|iPhone.Build.0 = Release|Any CPU
		{7A003E64-BC44-4068-A2FB-A0402FB0150B}.AppStore|iPhone.Deploy.0 = Release|Any CPU
		{7A003E64-BC44-4068-A2FB-A0402FB0150B}.AppStore|iPhoneSimulator.ActiveCfg = Release|Any CPU
		{7A003E64-BC44-4068-A2FB-A0402FB0150B}.AppStore|iPhoneSimulator.Build.0 = Release|Any CPU
		{7A003E64-BC44-4068-A2FB-A0402FB0150B}.AppStore|iPhoneSimulator.Deploy.0 = Release|Any CPU
		{7A003E64-BC44-4068-A2FB-A0402FB0150B}.Debug|Any CPU.ActiveCfg = Debug|Any CPU
		{7A003E64-BC44-4068-A2FB-A0402FB0150B}.Debug|Any CPU.Build.0 = Debug|Any CPU
		{7A003E64-BC44-4068-A2FB-A0402FB0150B}.Debug|Any CPU.Deploy.0 = Debug|Any CPU
		{7A003E64-BC44-4068-A2FB-A0402FB0150B}.Debug|iPhone.ActiveCfg = Debug|Any CPU
		{7A003E64-BC44-4068-A2FB-A0402FB0150B}.Debug|iPhone.Build.0 = Debug|Any CPU
		{7A003E64-BC44-4068-A2FB-A0402FB0150B}.Debug|iPhone.Deploy.0 = Debug|Any CPU
		{7A003E64-BC44-4068-A2FB-A0402FB0150B}.Debug|iPhoneSimulator.ActiveCfg = Debug|Any CPU
		{7A003E64-BC44-4068-A2FB-A0402FB0150B}.Debug|iPhoneSimulator.Build.0 = Debug|Any CPU
		{7A003E64-BC44-4068-A2FB-A0402FB0150B}.Debug|iPhoneSimulator.Deploy.0 = Debug|Any CPU
		{7A003E64-BC44-4068-A2FB-A0402FB0150B}.Release|Any CPU.ActiveCfg = Release|Any CPU
		{7A003E64-BC44-4068-A2FB-A0402FB0150B}.Release|Any CPU.Build.0 = Release|Any CPU
		{7A003E64-BC44-4068-A2FB-A0402FB0150B}.Release|Any CPU.Deploy.0 = Release|Any CPU
		{7A003E64-BC44-4068-A2FB-A0402FB0150B}.Release|iPhone.ActiveCfg = Release|Any CPU
		{7A003E64-BC44-4068-A2FB-A0402FB0150B}.Release|iPhone.Build.0 = Release|Any CPU
		{7A003E64-BC44-4068-A2FB-A0402FB0150B}.Release|iPhone.Deploy.0 = Release|Any CPU
		{7A003E64-BC44-4068-A2FB-A0402FB0150B}.Release|iPhoneSimulator.ActiveCfg = Release|Any CPU
		{7A003E64-BC44-4068-A2FB-A0402FB0150B}.Release|iPhoneSimulator.Build.0 = Release|Any CPU
		{7A003E64-BC44-4068-A2FB-A0402FB0150B}.Release|iPhoneSimulator.Deploy.0 = Release|Any CPU
		{F870B700-25E5-4034-A1D8-A08F0F693A33}.Ad-Hoc|Any CPU.ActiveCfg = Ad-Hoc|iPhone
		{F870B700-25E5-4034-A1D8-A08F0F693A33}.Ad-Hoc|Any CPU.Build.0 = Ad-Hoc|iPhone
		{F870B700-25E5-4034-A1D8-A08F0F693A33}.Ad-Hoc|Any CPU.Deploy.0 = Ad-Hoc|iPhone
		{F870B700-25E5-4034-A1D8-A08F0F693A33}.Ad-Hoc|iPhone.ActiveCfg = Ad-Hoc|iPhone
		{F870B700-25E5-4034-A1D8-A08F0F693A33}.Ad-Hoc|iPhone.Build.0 = Ad-Hoc|iPhone
		{F870B700-25E5-4034-A1D8-A08F0F693A33}.Ad-Hoc|iPhone.Deploy.0 = Ad-Hoc|iPhone
		{F870B700-25E5-4034-A1D8-A08F0F693A33}.Ad-Hoc|iPhoneSimulator.ActiveCfg = Ad-Hoc|iPhoneSimulator
		{F870B700-25E5-4034-A1D8-A08F0F693A33}.Ad-Hoc|iPhoneSimulator.Build.0 = Ad-Hoc|iPhoneSimulator
		{F870B700-25E5-4034-A1D8-A08F0F693A33}.Ad-Hoc|iPhoneSimulator.Deploy.0 = Ad-Hoc|iPhoneSimulator
		{F870B700-25E5-4034-A1D8-A08F0F693A33}.AppStore|Any CPU.ActiveCfg = AppStore|iPhone
		{F870B700-25E5-4034-A1D8-A08F0F693A33}.AppStore|Any CPU.Build.0 = AppStore|iPhone
		{F870B700-25E5-4034-A1D8-A08F0F693A33}.AppStore|Any CPU.Deploy.0 = AppStore|iPhone
		{F870B700-25E5-4034-A1D8-A08F0F693A33}.AppStore|iPhone.ActiveCfg = AppStore|iPhone
		{F870B700-25E5-4034-A1D8-A08F0F693A33}.AppStore|iPhone.Build.0 = AppStore|iPhone
		{F870B700-25E5-4034-A1D8-A08F0F693A33}.AppStore|iPhone.Deploy.0 = AppStore|iPhone
		{F870B700-25E5-4034-A1D8-A08F0F693A33}.AppStore|iPhoneSimulator.ActiveCfg = AppStore|iPhoneSimulator
		{F870B700-25E5-4034-A1D8-A08F0F693A33}.AppStore|iPhoneSimulator.Build.0 = AppStore|iPhoneSimulator
		{F870B700-25E5-4034-A1D8-A08F0F693A33}.AppStore|iPhoneSimulator.Deploy.0 = AppStore|iPhoneSimulator
		{F870B700-25E5-4034-A1D8-A08F0F693A33}.Debug|Any CPU.ActiveCfg = Debug|iPhoneSimulator
		{F870B700-25E5-4034-A1D8-A08F0F693A33}.Debug|Any CPU.Build.0 = Debug|iPhoneSimulator
		{F870B700-25E5-4034-A1D8-A08F0F693A33}.Debug|Any CPU.Deploy.0 = Debug|iPhoneSimulator
		{F870B700-25E5-4034-A1D8-A08F0F693A33}.Debug|iPhone.ActiveCfg = Debug|iPhone
		{F870B700-25E5-4034-A1D8-A08F0F693A33}.Debug|iPhone.Build.0 = Debug|iPhone
		{F870B700-25E5-4034-A1D8-A08F0F693A33}.Debug|iPhone.Deploy.0 = Debug|iPhone
		{F870B700-25E5-4034-A1D8-A08F0F693A33}.Debug|iPhoneSimulator.ActiveCfg = Debug|iPhoneSimulator
		{F870B700-25E5-4034-A1D8-A08F0F693A33}.Debug|iPhoneSimulator.Build.0 = Debug|iPhoneSimulator
		{F870B700-25E5-4034-A1D8-A08F0F693A33}.Debug|iPhoneSimulator.Deploy.0 = Debug|iPhoneSimulator
		{F870B700-25E5-4034-A1D8-A08F0F693A33}.Release|Any CPU.ActiveCfg = Release|iPhone
		{F870B700-25E5-4034-A1D8-A08F0F693A33}.Release|Any CPU.Build.0 = Release|iPhone
		{F870B700-25E5-4034-A1D8-A08F0F693A33}.Release|Any CPU.Deploy.0 = Release|iPhone
		{F870B700-25E5-4034-A1D8-A08F0F693A33}.Release|iPhone.ActiveCfg = Release|iPhone
		{F870B700-25E5-4034-A1D8-A08F0F693A33}.Release|iPhone.Build.0 = Release|iPhone
		{F870B700-25E5-4034-A1D8-A08F0F693A33}.Release|iPhone.Deploy.0 = Release|iPhone
		{F870B700-25E5-4034-A1D8-A08F0F693A33}.Release|iPhoneSimulator.ActiveCfg = Release|iPhoneSimulator
		{F870B700-25E5-4034-A1D8-A08F0F693A33}.Release|iPhoneSimulator.Build.0 = Release|iPhoneSimulator
		{F870B700-25E5-4034-A1D8-A08F0F693A33}.Release|iPhoneSimulator.Deploy.0 = Release|iPhoneSimulator
		{8AAA3B2C-5C74-48CE-9906-9FA4F5031D03}.Ad-Hoc|Any CPU.ActiveCfg = Debug|Any CPU
		{8AAA3B2C-5C74-48CE-9906-9FA4F5031D03}.Ad-Hoc|Any CPU.Build.0 = Debug|Any CPU
		{8AAA3B2C-5C74-48CE-9906-9FA4F5031D03}.Ad-Hoc|Any CPU.Deploy.0 = Debug|Any CPU
		{8AAA3B2C-5C74-48CE-9906-9FA4F5031D03}.Ad-Hoc|iPhone.ActiveCfg = Debug|Any CPU
		{8AAA3B2C-5C74-48CE-9906-9FA4F5031D03}.Ad-Hoc|iPhone.Build.0 = Debug|Any CPU
		{8AAA3B2C-5C74-48CE-9906-9FA4F5031D03}.Ad-Hoc|iPhone.Deploy.0 = Debug|Any CPU
		{8AAA3B2C-5C74-48CE-9906-9FA4F5031D03}.Ad-Hoc|iPhoneSimulator.ActiveCfg = Debug|Any CPU
		{8AAA3B2C-5C74-48CE-9906-9FA4F5031D03}.Ad-Hoc|iPhoneSimulator.Build.0 = Debug|Any CPU
		{8AAA3B2C-5C74-48CE-9906-9FA4F5031D03}.Ad-Hoc|iPhoneSimulator.Deploy.0 = Debug|Any CPU
		{8AAA3B2C-5C74-48CE-9906-9FA4F5031D03}.AppStore|Any CPU.ActiveCfg = Debug|Any CPU
		{8AAA3B2C-5C74-48CE-9906-9FA4F5031D03}.AppStore|Any CPU.Build.0 = Debug|Any CPU
		{8AAA3B2C-5C74-48CE-9906-9FA4F5031D03}.AppStore|Any CPU.Deploy.0 = Debug|Any CPU
		{8AAA3B2C-5C74-48CE-9906-9FA4F5031D03}.AppStore|iPhone.ActiveCfg = Debug|Any CPU
		{8AAA3B2C-5C74-48CE-9906-9FA4F5031D03}.AppStore|iPhone.Build.0 = Debug|Any CPU
		{8AAA3B2C-5C74-48CE-9906-9FA4F5031D03}.AppStore|iPhone.Deploy.0 = Debug|Any CPU
		{8AAA3B2C-5C74-48CE-9906-9FA4F5031D03}.AppStore|iPhoneSimulator.ActiveCfg = Debug|Any CPU
		{8AAA3B2C-5C74-48CE-9906-9FA4F5031D03}.AppStore|iPhoneSimulator.Build.0 = Debug|Any CPU
		{8AAA3B2C-5C74-48CE-9906-9FA4F5031D03}.AppStore|iPhoneSimulator.Deploy.0 = Debug|Any CPU
		{8AAA3B2C-5C74-48CE-9906-9FA4F5031D03}.Debug|Any CPU.ActiveCfg = Debug|Any CPU
		{8AAA3B2C-5C74-48CE-9906-9FA4F5031D03}.Debug|Any CPU.Build.0 = Debug|Any CPU
		{8AAA3B2C-5C74-48CE-9906-9FA4F5031D03}.Debug|Any CPU.Deploy.0 = Debug|Any CPU
		{8AAA3B2C-5C74-48CE-9906-9FA4F5031D03}.Debug|iPhone.ActiveCfg = Debug|Any CPU
		{8AAA3B2C-5C74-48CE-9906-9FA4F5031D03}.Debug|iPhone.Build.0 = Debug|Any CPU
		{8AAA3B2C-5C74-48CE-9906-9FA4F5031D03}.Debug|iPhone.Deploy.0 = Debug|Any CPU
		{8AAA3B2C-5C74-48CE-9906-9FA4F5031D03}.Debug|iPhoneSimulator.ActiveCfg = Debug|Any CPU
		{8AAA3B2C-5C74-48CE-9906-9FA4F5031D03}.Debug|iPhoneSimulator.Build.0 = Debug|Any CPU
		{8AAA3B2C-5C74-48CE-9906-9FA4F5031D03}.Debug|iPhoneSimulator.Deploy.0 = Debug|Any CPU
		{8AAA3B2C-5C74-48CE-9906-9FA4F5031D03}.Release|Any CPU.ActiveCfg = Release|Any CPU
		{8AAA3B2C-5C74-48CE-9906-9FA4F5031D03}.Release|Any CPU.Build.0 = Release|Any CPU
		{8AAA3B2C-5C74-48CE-9906-9FA4F5031D03}.Release|Any CPU.Deploy.0 = Release|Any CPU
		{8AAA3B2C-5C74-48CE-9906-9FA4F5031D03}.Release|iPhone.ActiveCfg = Release|Any CPU
		{8AAA3B2C-5C74-48CE-9906-9FA4F5031D03}.Release|iPhone.Build.0 = Release|Any CPU
		{8AAA3B2C-5C74-48CE-9906-9FA4F5031D03}.Release|iPhone.Deploy.0 = Release|Any CPU
		{8AAA3B2C-5C74-48CE-9906-9FA4F5031D03}.Release|iPhoneSimulator.ActiveCfg = Release|Any CPU
		{8AAA3B2C-5C74-48CE-9906-9FA4F5031D03}.Release|iPhoneSimulator.Build.0 = Release|Any CPU
		{8AAA3B2C-5C74-48CE-9906-9FA4F5031D03}.Release|iPhoneSimulator.Deploy.0 = Release|Any CPU
	EndGlobalSection
	GlobalSection(SolutionProperties) = preSolution
		HideSolutionNode = FALSE
	EndGlobalSection
	GlobalSection(ExtensibilityGlobals) = postSolution
		SolutionGuid = {E64B2886-9EA5-4441-A233-3EEA1415DD11}
	EndGlobalSection
EndGlobal
