
Microsoft Visual Studio Solution File, Format Version 12.00
# Visual Studio 15
VisualStudioVersion = 15.0.28307.168
MinimumVisualStudioVersion = 10.0.40219.1
Project("{FAE04EC0-301F-11D3-BF4B-00C04F79EFBC}") = "App30_PrismAndRealm.Android", "App30_PrismAndRealm\App30_PrismAndRealm.Android\App30_PrismAndRealm.Android.csproj", "{8B4C3695-4849-4DEF-B2EF-D34A83EC423B}"
EndProject
Project("{FAE04EC0-301F-11D3-BF4B-00C04F79EFBC}") = "App30_PrismAndRealm.iOS", "App30_PrismAndRealm\App30_PrismAndRealm.iOS\App30_PrismAndRealm.iOS.csproj", "{984B7B29-5644-404F-9FAE-EB8736065173}"
EndProject
Project("{FAE04EC0-301F-11D3-BF4B-00C04F79EFBC}") = "App30_PrismAndRealm", "App30_PrismAndRealm\App30_PrismAndRealm\App30_PrismAndRealm.csproj", "{7E144076-C26A-4A30-B793-2BFFF03AAF5E}"
EndProject
Global
	GlobalSection(SolutionConfigurationPlatforms) = preSolution
		Ad-Hoc|Any CPU = Ad-Hoc|Any CPU
		Ad-Hoc|iPhone = Ad-Hoc|iPhone
		Ad-Hoc|iPhoneSimulator = Ad-Hoc|iPhoneSimulator
		AppStore|Any CPU = AppStore|Any CPU
		AppStore|iPhone = AppStore|iPhone
		AppStore|iPhoneSimulator = AppStore|iPhoneSimulator
		Debug|Any CPU = Debug|Any CPU
		Debug|iPhone = Debug|iPhone
		Debug|iPhoneSimulator = Debug|iPhoneSimulator
		Release|Any CPU = Release|Any CPU
		Release|iPhone = Release|iPhone
		Release|iPhoneSimulator = Release|iPhoneSimulator
	EndGlobalSection
	GlobalSection(ProjectConfigurationPlatforms) = postSolution
		{8B4C3695-4849-4DEF-B2EF-D34A83EC423B}.Ad-Hoc|Any CPU.ActiveCfg = Release|Any CPU
		{8B4C3695-4849-4DEF-B2EF-D34A83EC423B}.Ad-Hoc|Any CPU.Build.0 = Release|Any CPU
		{8B4C3695-4849-4DEF-B2EF-D34A83EC423B}.Ad-Hoc|Any CPU.Deploy.0 = Release|Any CPU
		{8B4C3695-4849-4DEF-B2EF-D34A83EC423B}.Ad-Hoc|iPhone.ActiveCfg = Release|Any CPU
		{8B4C3695-4849-4DEF-B2EF-D34A83EC423B}.Ad-Hoc|iPhone.Build.0 = Release|Any CPU
		{8B4C3695-4849-4DEF-B2EF-D34A83EC423B}.Ad-Hoc|iPhone.Deploy.0 = Release|Any CPU
		{8B4C3695-4849-4DEF-B2EF-D34A83EC423B}.Ad-Hoc|iPhoneSimulator.ActiveCfg = Release|Any CPU
		{8B4C3695-4849-4DEF-B2EF-D34A83EC423B}.Ad-Hoc|iPhoneSimulator.Build.0 = Release|Any CPU
		{8B4C3695-4849-4DEF-B2EF-D34A83EC423B}.Ad-Hoc|iPhoneSimulator.Deploy.0 = Release|Any CPU
		{8B4C3695-4849-4DEF-B2EF-D34A83EC423B}.AppStore|Any CPU.ActiveCfg = Release|Any CPU
		{8B4C3695-4849-4DEF-B2EF-D34A83EC423B}.AppStore|Any CPU.Build.0 = Release|Any CPU
		{8B4C3695-4849-4DEF-B2EF-D34A83EC423B}.AppStore|Any CPU.Deploy.0 = Release|Any CPU
		{8B4C3695-4849-4DEF-B2EF-D34A83EC423B}.AppStore|iPhone.ActiveCfg = Release|Any CPU
		{8B4C3695-4849-4DEF-B2EF-D34A83EC423B}.AppStore|iPhone.Build.0 = Release|Any CPU
		{8B4C3695-4849-4DEF-B2EF-D34A83EC423B}.AppStore|iPhone.Deploy.0 = Release|Any CPU
		{8B4C3695-4849-4DEF-B2EF-D34A83EC423B}.AppStore|iPhoneSimulator.ActiveCfg = Release|Any CPU
		{8B4C3695-4849-4DEF-B2EF-D34A83EC423B}.AppStore|iPhoneSimulator.Build.0 = Release|Any CPU
		{8B4C3695-4849-4DEF-B2EF-D34A83EC423B}.AppStore|iPhoneSimulator.Deploy.0 = Release|Any CPU
		{8B4C3695-4849-4DEF-B2EF-D34A83EC423B}.Debug|Any CPU.ActiveCfg = Debug|Any CPU
		{8B4C3695-4849-4DEF-B2EF-D34A83EC423B}.Debug|Any CPU.Build.0 = Debug|Any CPU
		{8B4C3695-4849-4DEF-B2EF-D34A83EC423B}.Debug|Any CPU.Deploy.0 = Debug|Any CPU
		{8B4C3695-4849-4DEF-B2EF-D34A83EC423B}.Debug|iPhone.ActiveCfg = Debug|Any CPU
		{8B4C3695-4849-4DEF-B2EF-D34A83EC423B}.Debug|iPhone.Build.0 = Debug|Any CPU
		{8B4C3695-4849-4DEF-B2EF-D34A83EC423B}.Debug|iPhone.Deploy.0 = Debug|Any CPU
		{8B4C3695-4849-4DEF-B2EF-D34A83EC423B}.Debug|iPhoneSimulator.ActiveCfg = Debug|Any CPU
		{8B4C3695-4849-4DEF-B2EF-D34A83EC423B}.Debug|iPhoneSimulator.Build.0 = Debug|Any CPU
		{8B4C3695-4849-4DEF-B2EF-D34A83EC423B}.Debug|iPhoneSimulator.Deploy.0 = Debug|Any CPU
		{8B4C3695-4849-4DEF-B2EF-D34A83EC423B}.Release|Any CPU.ActiveCfg = Release|Any CPU
		{8B4C3695-4849-4DEF-B2EF-D34A83EC423B}.Release|Any CPU.Build.0 = Release|Any CPU
		{8B4C3695-4849-4DEF-B2EF-D34A83EC423B}.Release|Any CPU.Deploy.0 = Release|Any CPU
		{8B4C3695-4849-4DEF-B2EF-D34A83EC423B}.Release|iPhone.ActiveCfg = Release|Any CPU
		{8B4C3695-4849-4DEF-B2EF-D34A83EC423B}.Release|iPhone.Build.0 = Release|Any CPU
		{8B4C3695-4849-4DEF-B2EF-D34A83EC423B}.Release|iPhone.Deploy.0 = Release|Any CPU
		{8B4C3695-4849-4DEF-B2EF-D34A83EC423B}.Release|iPhoneSimulator.ActiveCfg = Release|Any CPU
		{8B4C3695-4849-4DEF-B2EF-D34A83EC423B}.Release|iPhoneSimulator.Build.0 = Release|Any CPU
		{8B4C3695-4849-4DEF-B2EF-D34A83EC423B}.Release|iPhoneSimulator.Deploy.0 = Release|Any CPU
		{984B7B29-5644-404F-9FAE-EB8736065173}.Ad-Hoc|Any CPU.ActiveCfg = Ad-Hoc|iPhone
		{984B7B29-5644-404F-9FAE-EB8736065173}.Ad-Hoc|Any CPU.Build.0 = Ad-Hoc|iPhone
		{984B7B29-5644-404F-9FAE-EB8736065173}.Ad-Hoc|Any CPU.Deploy.0 = Ad-Hoc|iPhone
		{984B7B29-5644-404F-9FAE-EB8736065173}.Ad-Hoc|iPhone.ActiveCfg = Ad-Hoc|iPhone
		{984B7B29-5644-404F-9FAE-EB8736065173}.Ad-Hoc|iPhone.Build.0 = Ad-Hoc|iPhone
		{984B7B29-5644-404F-9FAE-EB8736065173}.Ad-Hoc|iPhone.Deploy.0 = Ad-Hoc|iPhone
		{984B7B29-5644-404F-9FAE-EB8736065173}.Ad-Hoc|iPhoneSimulator.ActiveCfg = Ad-Hoc|iPhoneSimulator
		{984B7B29-5644-404F-9FAE-EB8736065173}.Ad-Hoc|iPhoneSimulator.Build.0 = Ad-Hoc|iPhoneSimulator
		{984B7B29-5644-404F-9FAE-EB8736065173}.Ad-Hoc|iPhoneSimulator.Deploy.0 = Ad-Hoc|iPhoneSimulator
		{984B7B29-5644-404F-9FAE-EB8736065173}.AppStore|Any CPU.ActiveCfg = AppStore|iPhone
		{984B7B29-5644-404F-9FAE-EB8736065173}.AppStore|Any CPU.Build.0 = AppStore|iPhone
		{984B7B29-5644-404F-9FAE-EB8736065173}.AppStore|Any CPU.Deploy.0 = AppStore|iPhone
		{984B7B29-5644-404F-9FAE-EB8736065173}.AppStore|iPhone.ActiveCfg = AppStore|iPhone
		{984B7B29-5644-404F-9FAE-EB8736065173}.AppStore|iPhone.Build.0 = AppStore|iPhone
		{984B7B29-5644-404F-9FAE-EB8736065173}.AppStore|iPhone.Deploy.0 = AppStore|iPhone
		{984B7B29-5644-404F-9FAE-EB8736065173}.AppStore|iPhoneSimulator.ActiveCfg = AppStore|iPhoneSimulator
		{984B7B29-5644-404F-9FAE-EB8736065173}.AppStore|iPhoneSimulator.Build.0 = AppStore|iPhoneSimulator
		{984B7B29-5644-404F-9FAE-EB8736065173}.AppStore|iPhoneSimulator.Deploy.0 = AppStore|iPhoneSimulator
		{984B7B29-5644-404F-9FAE-EB8736065173}.Debug|Any CPU.ActiveCfg = Debug|iPhoneSimulator
		{984B7B29-5644-404F-9FAE-EB8736065173}.Debug|Any CPU.Build.0 = Debug|iPhoneSimulator
		{984B7B29-5644-404F-9FAE-EB8736065173}.Debug|Any CPU.Deploy.0 = Debug|iPhoneSimulator
		{984B7B29-5644-404F-9FAE-EB8736065173}.Debug|iPhone.ActiveCfg = Debug|iPhone
		{984B7B29-5644-404F-9FAE-EB8736065173}.Debug|iPhone.Build.0 = Debug|iPhone
		{984B7B29-5644-404F-9FAE-EB8736065173}.Debug|iPhone.Deploy.0 = Debug|iPhone
		{984B7B29-5644-404F-9FAE-EB8736065173}.Debug|iPhoneSimulator.ActiveCfg = Debug|iPhoneSimulator
		{984B7B29-5644-404F-9FAE-EB8736065173}.Debug|iPhoneSimulator.Build.0 = Debug|iPhoneSimulator
		{984B7B29-5644-404F-9FAE-EB8736065173}.Debug|iPhoneSimulator.Deploy.0 = Debug|iPhoneSimulator
		{984B7B29-5644-404F-9FAE-EB8736065173}.Release|Any CPU.ActiveCfg = Release|iPhone
		{984B7B29-5644-404F-9FAE-EB8736065173}.Release|Any CPU.Build.0 = Release|iPhone
		{984B7B29-5644-404F-9FAE-EB8736065173}.Release|Any CPU.Deploy.0 = Release|iPhone
		{984B7B29-5644-404F-9FAE-EB8736065173}.Release|iPhone.ActiveCfg = Release|iPhone
		{984B7B29-5644-404F-9FAE-EB8736065173}.Release|iPhone.Build.0 = Release|iPhone
		{984B7B29-5644-404F-9FAE-EB8736065173}.Release|iPhone.Deploy.0 = Release|iPhone
		{984B7B29-5644-404F-9FAE-EB8736065173}.Release|iPhoneSimulator.ActiveCfg = Release|iPhoneSimulator
		{984B7B29-5644-404F-9FAE-EB8736065173}.Release|iPhoneSimulator.Build.0 = Release|iPhoneSimulator
		{984B7B29-5644-404F-9FAE-EB8736065173}.Release|iPhoneSimulator.Deploy.0 = Release|iPhoneSimulator
		{7E144076-C26A-4A30-B793-2BFFF03AAF5E}.Ad-Hoc|Any CPU.ActiveCfg = Debug|Any CPU
		{7E144076-C26A-4A30-B793-2BFFF03AAF5E}.Ad-Hoc|Any CPU.Build.0 = Debug|Any CPU
		{7E144076-C26A-4A30-B793-2BFFF03AAF5E}.Ad-Hoc|Any CPU.Deploy.0 = Debug|Any CPU
		{7E144076-C26A-4A30-B793-2BFFF03AAF5E}.Ad-Hoc|iPhone.ActiveCfg = Debug|Any CPU
		{7E144076-C26A-4A30-B793-2BFFF03AAF5E}.Ad-Hoc|iPhone.Build.0 = Debug|Any CPU
		{7E144076-C26A-4A30-B793-2BFFF03AAF5E}.Ad-Hoc|iPhone.Deploy.0 = Debug|Any CPU
		{7E144076-C26A-4A30-B793-2BFFF03AAF5E}.Ad-Hoc|iPhoneSimulator.ActiveCfg = Debug|Any CPU
		{7E144076-C26A-4A30-B793-2BFFF03AAF5E}.Ad-Hoc|iPhoneSimulator.Build.0 = Debug|Any CPU
		{7E144076-C26A-4A30-B793-2BFFF03AAF5E}.Ad-Hoc|iPhoneSimulator.Deploy.0 = Debug|Any CPU
		{7E144076-C26A-4A30-B793-2BFFF03AAF5E}.AppStore|Any CPU.ActiveCfg = Debug|Any CPU
		{7E144076-C26A-4A30-B793-2BFFF03AAF5E}.AppStore|Any CPU.Build.0 = Debug|Any CPU
		{7E144076-C26A-4A30-B793-2BFFF03AAF5E}.AppStore|Any CPU.Deploy.0 = Debug|Any CPU
		{7E144076-C26A-4A30-B793-2BFFF03AAF5E}.AppStore|iPhone.ActiveCfg = Debug|Any CPU
		{7E144076-C26A-4A30-B793-2BFFF03AAF5E}.AppStore|iPhone.Build.0 = Debug|Any CPU
		{7E144076-C26A-4A30-B793-2BFFF03AAF5E}.AppStore|iPhone.Deploy.0 = Debug|Any CPU
		{7E144076-C26A-4A30-B793-2BFFF03AAF5E}.AppStore|iPhoneSimulator.ActiveCfg = Debug|Any CPU
		{7E144076-C26A-4A30-B793-2BFFF03AAF5E}.AppStore|iPhoneSimulator.Build.0 = Debug|Any CPU
		{7E144076-C26A-4A30-B793-2BFFF03AAF5E}.AppStore|iPhoneSimulator.Deploy.0 = Debug|Any CPU
		{7E144076-C26A-4A30-B793-2BFFF03AAF5E}.Debug|Any CPU.ActiveCfg = Debug|Any CPU
		{7E144076-C26A-4A30-B793-2BFFF03AAF5E}.Debug|Any CPU.Build.0 = Debug|Any CPU
		{7E144076-C26A-4A30-B793-2BFFF03AAF5E}.Debug|Any CPU.Deploy.0 = Debug|Any CPU
		{7E144076-C26A-4A30-B793-2BFFF03AAF5E}.Debug|iPhone.ActiveCfg = Debug|Any CPU
		{7E144076-C26A-4A30-B793-2BFFF03AAF5E}.Debug|iPhone.Build.0 = Debug|Any CPU
		{7E144076-C26A-4A30-B793-2BFFF03AAF5E}.Debug|iPhone.Deploy.0 = Debug|Any CPU
		{7E144076-C26A-4A30-B793-2BFFF03AAF5E}.Debug|iPhoneSimulator.ActiveCfg = Debug|Any CPU
		{7E144076-C26A-4A30-B793-2BFFF03AAF5E}.Debug|iPhoneSimulator.Build.0 = Debug|Any CPU
		{7E144076-C26A-4A30-B793-2BFFF03AAF5E}.Debug|iPhoneSimulator.Deploy.0 = Debug|Any CPU
		{7E144076-C26A-4A30-B793-2BFFF03AAF5E}.Release|Any CPU.ActiveCfg = Release|Any CPU
		{7E144076-C26A-4A30-B793-2BFFF03AAF5E}.Release|Any CPU.Build.0 = Release|Any CPU
		{7E144076-C26A-4A30-B793-2BFFF03AAF5E}.Release|Any CPU.Deploy.0 = Release|Any CPU
		{7E144076-C26A-4A30-B793-2BFFF03AAF5E}.Release|iPhone.ActiveCfg = Release|Any CPU
		{7E144076-C26A-4A30-B793-2BFFF03AAF5E}.Release|iPhone.Build.0 = Release|Any CPU
		{7E144076-C26A-4A30-B793-2BFFF03AAF5E}.Release|iPhone.Deploy.0 = Release|Any CPU
		{7E144076-C26A-4A30-B793-2BFFF03AAF5E}.Release|iPhoneSimulator.ActiveCfg = Release|Any CPU
		{7E144076-C26A-4A30-B793-2BFFF03AAF5E}.Release|iPhoneSimulator.Build.0 = Release|Any CPU
		{7E144076-C26A-4A30-B793-2BFFF03AAF5E}.Release|iPhoneSimulator.Deploy.0 = Release|Any CPU
	EndGlobalSection
	GlobalSection(SolutionProperties) = preSolution
		HideSolutionNode = FALSE
	EndGlobalSection
	GlobalSection(ExtensibilityGlobals) = postSolution
		SolutionGuid = {AC069208-2560-4C71-9A2B-E8F50FFFFE02}
	EndGlobalSection
EndGlobal
