
Microsoft Visual Studio Solution File, Format Version 12.00
# Visual Studio 15
VisualStudioVersion = 15.0.28307.136
MinimumVisualStudioVersion = 10.0.40219.1
Project("{FAE04EC0-301F-11D3-BF4B-00C04F79EFBC}") = "App06_Tarefa.Android", "App06_Tarefa\App06_Tarefa.Android\App06_Tarefa.Android.csproj", "{3F1B26B9-3F3F-4254-856A-1095E50EC0EB}"
EndProject
Project("{FAE04EC0-301F-11D3-BF4B-00C04F79EFBC}") = "App06_Tarefa.iOS", "App06_Tarefa\App06_Tarefa.iOS\App06_Tarefa.iOS.csproj", "{DEFB726E-9064-4077-83C3-FC61ED2494CB}"
EndProject
Project("{FAE04EC0-301F-11D3-BF4B-00C04F79EFBC}") = "App06_Tarefa", "App06_Tarefa\App06_Tarefa\App06_Tarefa.csproj", "{296AFE8E-3A4D-491B-8D6F-3CAD3AD2F0B9}"
EndProject
Global
	GlobalSection(SolutionConfigurationPlatforms) = preSolution
		Ad-Hoc|Any CPU = Ad-Hoc|Any CPU
		Ad-Hoc|iPhone = Ad-Hoc|iPhone
		Ad-Hoc|iPhoneSimulator = Ad-Hoc|iPhoneSimulator
		AppStore|Any CPU = AppStore|Any CPU
		AppStore|iPhone = AppStore|iPhone
		AppStore|iPhoneSimulator = AppStore|iPhoneSimulator
		Debug|Any CPU = Debug|Any CPU
		Debug|iPhone = Debug|iPhone
		Debug|iPhoneSimulator = Debug|iPhoneSimulator
		Release|Any CPU = Release|Any CPU
		Release|iPhone = Release|iPhone
		Release|iPhoneSimulator = Release|iPhoneSimulator
	EndGlobalSection
	GlobalSection(ProjectConfigurationPlatforms) = postSolution
		{3F1B26B9-3F3F-4254-856A-1095E50EC0EB}.Ad-Hoc|Any CPU.ActiveCfg = Release|Any CPU
		{3F1B26B9-3F3F-4254-856A-1095E50EC0EB}.Ad-Hoc|Any CPU.Build.0 = Release|Any CPU
		{3F1B26B9-3F3F-4254-856A-1095E50EC0EB}.Ad-Hoc|Any CPU.Deploy.0 = Release|Any CPU
		{3F1B26B9-3F3F-4254-856A-1095E50EC0EB}.Ad-Hoc|iPhone.ActiveCfg = Release|Any CPU
		{3F1B26B9-3F3F-4254-856A-1095E50EC0EB}.Ad-Hoc|iPhone.Build.0 = Release|Any CPU
		{3F1B26B9-3F3F-4254-856A-1095E50EC0EB}.Ad-Hoc|iPhone.Deploy.0 = Release|Any CPU
		{3F1B26B9-3F3F-4254-856A-1095E50EC0EB}.Ad-Hoc|iPhoneSimulator.ActiveCfg = Release|Any CPU
		{3F1B26B9-3F3F-4254-856A-1095E50EC0EB}.Ad-Hoc|iPhoneSimulator.Build.0 = Release|Any CPU
		{3F1B26B9-3F3F-4254-856A-1095E50EC0EB}.Ad-Hoc|iPhoneSimulator.Deploy.0 = Release|Any CPU
		{3F1B26B9-3F3F-4254-856A-1095E50EC0EB}.AppStore|Any CPU.ActiveCfg = Release|Any CPU
		{3F1B26B9-3F3F-4254-856A-1095E50EC0EB}.AppStore|Any CPU.Build.0 = Release|Any CPU
		{3F1B26B9-3F3F-4254-856A-1095E50EC0EB}.AppStore|Any CPU.Deploy.0 = Release|Any CPU
		{3F1B26B9-3F3F-4254-856A-1095E50EC0EB}.AppStore|iPhone.ActiveCfg = Release|Any CPU
		{3F1B26B9-3F3F-4254-856A-1095E50EC0EB}.AppStore|iPhone.Build.0 = Release|Any CPU
		{3F1B26B9-3F3F-4254-856A-1095E50EC0EB}.AppStore|iPhone.Deploy.0 = Release|Any CPU
		{3F1B26B9-3F3F-4254-856A-1095E50EC0EB}.AppStore|iPhoneSimulator.ActiveCfg = Release|Any CPU
		{3F1B26B9-3F3F-4254-856A-1095E50EC0EB}.AppStore|iPhoneSimulator.Build.0 = Release|Any CPU
		{3F1B26B9-3F3F-4254-856A-1095E50EC0EB}.AppStore|iPhoneSimulator.Deploy.0 = Release|Any CPU
		{3F1B26B9-3F3F-4254-856A-1095E50EC0EB}.Debug|Any CPU.ActiveCfg = Debug|Any CPU
		{3F1B26B9-3F3F-4254-856A-1095E50EC0EB}.Debug|Any CPU.Build.0 = Debug|Any CPU
		{3F1B26B9-3F3F-4254-856A-1095E50EC0EB}.Debug|Any CPU.Deploy.0 = Debug|Any CPU
		{3F1B26B9-3F3F-4254-856A-1095E50EC0EB}.Debug|iPhone.ActiveCfg = Debug|Any CPU
		{3F1B26B9-3F3F-4254-856A-1095E50EC0EB}.Debug|iPhone.Build.0 = Debug|Any CPU
		{3F1B26B9-3F3F-4254-856A-1095E50EC0EB}.Debug|iPhone.Deploy.0 = Debug|Any CPU
		{3F1B26B9-3F3F-4254-856A-1095E50EC0EB}.Debug|iPhoneSimulator.ActiveCfg = Debug|Any CPU
		{3F1B26B9-3F3F-4254-856A-1095E50EC0EB}.Debug|iPhoneSimulator.Build.0 = Debug|Any CPU
		{3F1B26B9-3F3F-4254-856A-1095E50EC0EB}.Debug|iPhoneSimulator.Deploy.0 = Debug|Any CPU
		{3F1B26B9-3F3F-4254-856A-1095E50EC0EB}.Release|Any CPU.ActiveCfg = Release|Any CPU
		{3F1B26B9-3F3F-4254-856A-1095E50EC0EB}.Release|Any CPU.Build.0 = Release|Any CPU
		{3F1B26B9-3F3F-4254-856A-1095E50EC0EB}.Release|Any CPU.Deploy.0 = Release|Any CPU
		{3F1B26B9-3F3F-4254-856A-1095E50EC0EB}.Release|iPhone.ActiveCfg = Release|Any CPU
		{3F1B26B9-3F3F-4254-856A-1095E50EC0EB}.Release|iPhone.Build.0 = Release|Any CPU
		{3F1B26B9-3F3F-4254-856A-1095E50EC0EB}.Release|iPhone.Deploy.0 = Release|Any CPU
		{3F1B26B9-3F3F-4254-856A-1095E50EC0EB}.Release|iPhoneSimulator.ActiveCfg = Release|Any CPU
		{3F1B26B9-3F3F-4254-856A-1095E50EC0EB}.Release|iPhoneSimulator.Build.0 = Release|Any CPU
		{3F1B26B9-3F3F-4254-856A-1095E50EC0EB}.Release|iPhoneSimulator.Deploy.0 = Release|Any CPU
		{DEFB726E-9064-4077-83C3-FC61ED2494CB}.Ad-Hoc|Any CPU.ActiveCfg = Ad-Hoc|iPhone
		{DEFB726E-9064-4077-83C3-FC61ED2494CB}.Ad-Hoc|Any CPU.Build.0 = Ad-Hoc|iPhone
		{DEFB726E-9064-4077-83C3-FC61ED2494CB}.Ad-Hoc|Any CPU.Deploy.0 = Ad-Hoc|iPhone
		{DEFB726E-9064-4077-83C3-FC61ED2494CB}.Ad-Hoc|iPhone.ActiveCfg = Ad-Hoc|iPhone
		{DEFB726E-9064-4077-83C3-FC61ED2494CB}.Ad-Hoc|iPhone.Build.0 = Ad-Hoc|iPhone
		{DEFB726E-9064-4077-83C3-FC61ED2494CB}.Ad-Hoc|iPhone.Deploy.0 = Ad-Hoc|iPhone
		{DEFB726E-9064-4077-83C3-FC61ED2494CB}.Ad-Hoc|iPhoneSimulator.ActiveCfg = Ad-Hoc|iPhoneSimulator
		{DEFB726E-9064-4077-83C3-FC61ED2494CB}.Ad-Hoc|iPhoneSimulator.Build.0 = Ad-Hoc|iPhoneSimulator
		{DEFB726E-9064-4077-83C3-FC61ED2494CB}.Ad-Hoc|iPhoneSimulator.Deploy.0 = Ad-Hoc|iPhoneSimulator
		{DEFB726E-9064-4077-83C3-FC61ED2494CB}.AppStore|Any CPU.ActiveCfg = AppStore|iPhone
		{DEFB726E-9064-4077-83C3-FC61ED2494CB}.AppStore|Any CPU.Build.0 = AppStore|iPhone
		{DEFB726E-9064-4077-83C3-FC61ED2494CB}.AppStore|Any CPU.Deploy.0 = AppStore|iPhone
		{DEFB726E-9064-4077-83C3-FC61ED2494CB}.AppStore|iPhone.ActiveCfg = AppStore|iPhone
		{DEFB726E-9064-4077-83C3-FC61ED2494CB}.AppStore|iPhone.Build.0 = AppStore|iPhone
		{DEFB726E-9064-4077-83C3-FC61ED2494CB}.AppStore|iPhone.Deploy.0 = AppStore|iPhone
		{DEFB726E-9064-4077-83C3-FC61ED2494CB}.AppStore|iPhoneSimulator.ActiveCfg = AppStore|iPhoneSimulator
		{DEFB726E-9064-4077-83C3-FC61ED2494CB}.AppStore|iPhoneSimulator.Build.0 = AppStore|iPhoneSimulator
		{DEFB726E-9064-4077-83C3-FC61ED2494CB}.AppStore|iPhoneSimulator.Deploy.0 = AppStore|iPhoneSimulator
		{DEFB726E-9064-4077-83C3-FC61ED2494CB}.Debug|Any CPU.ActiveCfg = Debug|iPhoneSimulator
		{DEFB726E-9064-4077-83C3-FC61ED2494CB}.Debug|Any CPU.Build.0 = Debug|iPhoneSimulator
		{DEFB726E-9064-4077-83C3-FC61ED2494CB}.Debug|Any CPU.Deploy.0 = Debug|iPhoneSimulator
		{DEFB726E-9064-4077-83C3-FC61ED2494CB}.Debug|iPhone.ActiveCfg = Debug|iPhone
		{DEFB726E-9064-4077-83C3-FC61ED2494CB}.Debug|iPhone.Build.0 = Debug|iPhone
		{DEFB726E-9064-4077-83C3-FC61ED2494CB}.Debug|iPhone.Deploy.0 = Debug|iPhone
		{DEFB726E-9064-4077-83C3-FC61ED2494CB}.Debug|iPhoneSimulator.ActiveCfg = Debug|iPhoneSimulator
		{DEFB726E-9064-4077-83C3-FC61ED2494CB}.Debug|iPhoneSimulator.Build.0 = Debug|iPhoneSimulator
		{DEFB726E-9064-4077-83C3-FC61ED2494CB}.Debug|iPhoneSimulator.Deploy.0 = Debug|iPhoneSimulator
		{DEFB726E-9064-4077-83C3-FC61ED2494CB}.Release|Any CPU.ActiveCfg = Release|iPhone
		{DEFB726E-9064-4077-83C3-FC61ED2494CB}.Release|Any CPU.Build.0 = Release|iPhone
		{DEFB726E-9064-4077-83C3-FC61ED2494CB}.Release|Any CPU.Deploy.0 = Release|iPhone
		{DEFB726E-9064-4077-83C3-FC61ED2494CB}.Release|iPhone.ActiveCfg = Release|iPhone
		{DEFB726E-9064-4077-83C3-FC61ED2494CB}.Release|iPhone.Build.0 = Release|iPhone
		{DEFB726E-9064-4077-83C3-FC61ED2494CB}.Release|iPhone.Deploy.0 = Release|iPhone
		{DEFB726E-9064-4077-83C3-FC61ED2494CB}.Release|iPhoneSimulator.ActiveCfg = Release|iPhoneSimulator
		{DEFB726E-9064-4077-83C3-FC61ED2494CB}.Release|iPhoneSimulator.Build.0 = Release|iPhoneSimulator
		{DEFB726E-9064-4077-83C3-FC61ED2494CB}.Release|iPhoneSimulator.Deploy.0 = Release|iPhoneSimulator
		{296AFE8E-3A4D-491B-8D6F-3CAD3AD2F0B9}.Ad-Hoc|Any CPU.ActiveCfg = Debug|Any CPU
		{296AFE8E-3A4D-491B-8D6F-3CAD3AD2F0B9}.Ad-Hoc|Any CPU.Build.0 = Debug|Any CPU
		{296AFE8E-3A4D-491B-8D6F-3CAD3AD2F0B9}.Ad-Hoc|Any CPU.Deploy.0 = Debug|Any CPU
		{296AFE8E-3A4D-491B-8D6F-3CAD3AD2F0B9}.Ad-Hoc|iPhone.ActiveCfg = Debug|Any CPU
		{296AFE8E-3A4D-491B-8D6F-3CAD3AD2F0B9}.Ad-Hoc|iPhone.Build.0 = Debug|Any CPU
		{296AFE8E-3A4D-491B-8D6F-3CAD3AD2F0B9}.Ad-Hoc|iPhone.Deploy.0 = Debug|Any CPU
		{296AFE8E-3A4D-491B-8D6F-3CAD3AD2F0B9}.Ad-Hoc|iPhoneSimulator.ActiveCfg = Debug|Any CPU
		{296AFE8E-3A4D-491B-8D6F-3CAD3AD2F0B9}.Ad-Hoc|iPhoneSimulator.Build.0 = Debug|Any CPU
		{296AFE8E-3A4D-491B-8D6F-3CAD3AD2F0B9}.Ad-Hoc|iPhoneSimulator.Deploy.0 = Debug|Any CPU
		{296AFE8E-3A4D-491B-8D6F-3CAD3AD2F0B9}.AppStore|Any CPU.ActiveCfg = Debug|Any CPU
		{296AFE8E-3A4D-491B-8D6F-3CAD3AD2F0B9}.AppStore|Any CPU.Build.0 = Debug|Any CPU
		{296AFE8E-3A4D-491B-8D6F-3CAD3AD2F0B9}.AppStore|Any CPU.Deploy.0 = Debug|Any CPU
		{296AFE8E-3A4D-491B-8D6F-3CAD3AD2F0B9}.AppStore|iPhone.ActiveCfg = Debug|Any CPU
		{296AFE8E-3A4D-491B-8D6F-3CAD3AD2F0B9}.AppStore|iPhone.Build.0 = Debug|Any CPU
		{296AFE8E-3A4D-491B-8D6F-3CAD3AD2F0B9}.AppStore|iPhone.Deploy.0 = Debug|Any CPU
		{296AFE8E-3A4D-491B-8D6F-3CAD3AD2F0B9}.AppStore|iPhoneSimulator.ActiveCfg = Debug|Any CPU
		{296AFE8E-3A4D-491B-8D6F-3CAD3AD2F0B9}.AppStore|iPhoneSimulator.Build.0 = Debug|Any CPU
		{296AFE8E-3A4D-491B-8D6F-3CAD3AD2F0B9}.AppStore|iPhoneSimulator.Deploy.0 = Debug|Any CPU
		{296AFE8E-3A4D-491B-8D6F-3CAD3AD2F0B9}.Debug|Any CPU.ActiveCfg = Debug|Any CPU
		{296AFE8E-3A4D-491B-8D6F-3CAD3AD2F0B9}.Debug|Any CPU.Build.0 = Debug|Any CPU
		{296AFE8E-3A4D-491B-8D6F-3CAD3AD2F0B9}.Debug|Any CPU.Deploy.0 = Debug|Any CPU
		{296AFE8E-3A4D-491B-8D6F-3CAD3AD2F0B9}.Debug|iPhone.ActiveCfg = Debug|Any CPU
		{296AFE8E-3A4D-491B-8D6F-3CAD3AD2F0B9}.Debug|iPhone.Build.0 = Debug|Any CPU
		{296AFE8E-3A4D-491B-8D6F-3CAD3AD2F0B9}.Debug|iPhone.Deploy.0 = Debug|Any CPU
		{296AFE8E-3A4D-491B-8D6F-3CAD3AD2F0B9}.Debug|iPhoneSimulator.ActiveCfg = Debug|Any CPU
		{296AFE8E-3A4D-491B-8D6F-3CAD3AD2F0B9}.Debug|iPhoneSimulator.Build.0 = Debug|Any CPU
		{296AFE8E-3A4D-491B-8D6F-3CAD3AD2F0B9}.Debug|iPhoneSimulator.Deploy.0 = Debug|Any CPU
		{296AFE8E-3A4D-491B-8D6F-3CAD3AD2F0B9}.Release|Any CPU.ActiveCfg = Release|Any CPU
		{296AFE8E-3A4D-491B-8D6F-3CAD3AD2F0B9}.Release|Any CPU.Build.0 = Release|Any CPU
		{296AFE8E-3A4D-491B-8D6F-3CAD3AD2F0B9}.Release|Any CPU.Deploy.0 = Release|Any CPU
		{296AFE8E-3A4D-491B-8D6F-3CAD3AD2F0B9}.Release|iPhone.ActiveCfg = Release|Any CPU
		{296AFE8E-3A4D-491B-8D6F-3CAD3AD2F0B9}.Release|iPhone.Build.0 = Release|Any CPU
		{296AFE8E-3A4D-491B-8D6F-3CAD3AD2F0B9}.Release|iPhone.Deploy.0 = Release|Any CPU
		{296AFE8E-3A4D-491B-8D6F-3CAD3AD2F0B9}.Release|iPhoneSimulator.ActiveCfg = Release|Any CPU
		{296AFE8E-3A4D-491B-8D6F-3CAD3AD2F0B9}.Release|iPhoneSimulator.Build.0 = Release|Any CPU
		{296AFE8E-3A4D-491B-8D6F-3CAD3AD2F0B9}.Release|iPhoneSimulator.Deploy.0 = Release|Any CPU
	EndGlobalSection
	GlobalSection(SolutionProperties) = preSolution
		HideSolutionNode = FALSE
	EndGlobalSection
	GlobalSection(ExtensibilityGlobals) = postSolution
		SolutionGuid = {71B55321-AA8D-44BD-963C-26F6DFD251E8}
	EndGlobalSection
EndGlobal
