
Microsoft Visual Studio Solution File, Format Version 12.00
# Visual Studio 15
VisualStudioVersion = 15.0.28307.168
MinimumVisualStudioVersion = 10.0.40219.1
Project("{FAE04EC0-301F-11D3-BF4B-00C04F79EFBC}") = "App12_Vagas.Android", "App12_Vagas\App12_Vagas.Android\App12_Vagas.Android.csproj", "{438EB14C-1E19-4963-ACCC-2301025E5D75}"
EndProject
Project("{FAE04EC0-301F-11D3-BF4B-00C04F79EFBC}") = "App12_Vagas.iOS", "App12_Vagas\App12_Vagas.iOS\App12_Vagas.iOS.csproj", "{1B1E1CF6-41F6-40AA-B0D6-9560D0C97406}"
EndProject
Project("{FAE04EC0-301F-11D3-BF4B-00C04F79EFBC}") = "App12_Vagas", "App12_Vagas\App12_Vagas\App12_Vagas.csproj", "{220C5747-374D-4607-BB56-DD2555DA0AED}"
EndProject
Global
	GlobalSection(SolutionConfigurationPlatforms) = preSolution
		Ad-Hoc|Any CPU = Ad-Hoc|Any CPU
		Ad-Hoc|iPhone = Ad-Hoc|iPhone
		Ad-Hoc|iPhoneSimulator = Ad-Hoc|iPhoneSimulator
		AppStore|Any CPU = AppStore|Any CPU
		AppStore|iPhone = AppStore|iPhone
		AppStore|iPhoneSimulator = AppStore|iPhoneSimulator
		Debug|Any CPU = Debug|Any CPU
		Debug|iPhone = Debug|iPhone
		Debug|iPhoneSimulator = Debug|iPhoneSimulator
		Release|Any CPU = Release|Any CPU
		Release|iPhone = Release|iPhone
		Release|iPhoneSimulator = Release|iPhoneSimulator
	EndGlobalSection
	GlobalSection(ProjectConfigurationPlatforms) = postSolution
		{438EB14C-1E19-4963-ACCC-2301025E5D75}.Ad-Hoc|Any CPU.ActiveCfg = Release|Any CPU
		{438EB14C-1E19-4963-ACCC-2301025E5D75}.Ad-Hoc|Any CPU.Build.0 = Release|Any CPU
		{438EB14C-1E19-4963-ACCC-2301025E5D75}.Ad-Hoc|Any CPU.Deploy.0 = Release|Any CPU
		{438EB14C-1E19-4963-ACCC-2301025E5D75}.Ad-Hoc|iPhone.ActiveCfg = Release|Any CPU
		{438EB14C-1E19-4963-ACCC-2301025E5D75}.Ad-Hoc|iPhone.Build.0 = Release|Any CPU
		{438EB14C-1E19-4963-ACCC-2301025E5D75}.Ad-Hoc|iPhone.Deploy.0 = Release|Any CPU
		{438EB14C-1E19-4963-ACCC-2301025E5D75}.Ad-Hoc|iPhoneSimulator.ActiveCfg = Release|Any CPU
		{438EB14C-1E19-4963-ACCC-2301025E5D75}.Ad-Hoc|iPhoneSimulator.Build.0 = Release|Any CPU
		{438EB14C-1E19-4963-ACCC-2301025E5D75}.Ad-Hoc|iPhoneSimulator.Deploy.0 = Release|Any CPU
		{438EB14C-1E19-4963-ACCC-2301025E5D75}.AppStore|Any CPU.ActiveCfg = Release|Any CPU
		{438EB14C-1E19-4963-ACCC-2301025E5D75}.AppStore|Any CPU.Build.0 = Release|Any CPU
		{438EB14C-1E19-4963-ACCC-2301025E5D75}.AppStore|Any CPU.Deploy.0 = Release|Any CPU
		{438EB14C-1E19-4963-ACCC-2301025E5D75}.AppStore|iPhone.ActiveCfg = Release|Any CPU
		{438EB14C-1E19-4963-ACCC-2301025E5D75}.AppStore|iPhone.Build.0 = Release|Any CPU
		{438EB14C-1E19-4963-ACCC-2301025E5D75}.AppStore|iPhone.Deploy.0 = Release|Any CPU
		{438EB14C-1E19-4963-ACCC-2301025E5D75}.AppStore|iPhoneSimulator.ActiveCfg = Release|Any CPU
		{438EB14C-1E19-4963-ACCC-2301025E5D75}.AppStore|iPhoneSimulator.Build.0 = Release|Any CPU
		{438EB14C-1E19-4963-ACCC-2301025E5D75}.AppStore|iPhoneSimulator.Deploy.0 = Release|Any CPU
		{438EB14C-1E19-4963-ACCC-2301025E5D75}.Debug|Any CPU.ActiveCfg = Debug|Any CPU
		{438EB14C-1E19-4963-ACCC-2301025E5D75}.Debug|Any CPU.Build.0 = Debug|Any CPU
		{438EB14C-1E19-4963-ACCC-2301025E5D75}.Debug|Any CPU.Deploy.0 = Debug|Any CPU
		{438EB14C-1E19-4963-ACCC-2301025E5D75}.Debug|iPhone.ActiveCfg = Debug|Any CPU
		{438EB14C-1E19-4963-ACCC-2301025E5D75}.Debug|iPhone.Build.0 = Debug|Any CPU
		{438EB14C-1E19-4963-ACCC-2301025E5D75}.Debug|iPhone.Deploy.0 = Debug|Any CPU
		{438EB14C-1E19-4963-ACCC-2301025E5D75}.Debug|iPhoneSimulator.ActiveCfg = Debug|Any CPU
		{438EB14C-1E19-4963-ACCC-2301025E5D75}.Debug|iPhoneSimulator.Build.0 = Debug|Any CPU
		{438EB14C-1E19-4963-ACCC-2301025E5D75}.Debug|iPhoneSimulator.Deploy.0 = Debug|Any CPU
		{438EB14C-1E19-4963-ACCC-2301025E5D75}.Release|Any CPU.ActiveCfg = Release|Any CPU
		{438EB14C-1E19-4963-ACCC-2301025E5D75}.Release|Any CPU.Build.0 = Release|Any CPU
		{438EB14C-1E19-4963-ACCC-2301025E5D75}.Release|Any CPU.Deploy.0 = Release|Any CPU
		{438EB14C-1E19-4963-ACCC-2301025E5D75}.Release|iPhone.ActiveCfg = Release|Any CPU
		{438EB14C-1E19-4963-ACCC-2301025E5D75}.Release|iPhone.Build.0 = Release|Any CPU
		{438EB14C-1E19-4963-ACCC-2301025E5D75}.Release|iPhone.Deploy.0 = Release|Any CPU
		{438EB14C-1E19-4963-ACCC-2301025E5D75}.Release|iPhoneSimulator.ActiveCfg = Release|Any CPU
		{438EB14C-1E19-4963-ACCC-2301025E5D75}.Release|iPhoneSimulator.Build.0 = Release|Any CPU
		{438EB14C-1E19-4963-ACCC-2301025E5D75}.Release|iPhoneSimulator.Deploy.0 = Release|Any CPU
		{1B1E1CF6-41F6-40AA-B0D6-9560D0C97406}.Ad-Hoc|Any CPU.ActiveCfg = Ad-Hoc|iPhone
		{1B1E1CF6-41F6-40AA-B0D6-9560D0C97406}.Ad-Hoc|Any CPU.Build.0 = Ad-Hoc|iPhone
		{1B1E1CF6-41F6-40AA-B0D6-9560D0C97406}.Ad-Hoc|Any CPU.Deploy.0 = Ad-Hoc|iPhone
		{1B1E1CF6-41F6-40AA-B0D6-9560D0C97406}.Ad-Hoc|iPhone.ActiveCfg = Ad-Hoc|iPhone
		{1B1E1CF6-41F6-40AA-B0D6-9560D0C97406}.Ad-Hoc|iPhone.Build.0 = Ad-Hoc|iPhone
		{1B1E1CF6-41F6-40AA-B0D6-9560D0C97406}.Ad-Hoc|iPhone.Deploy.0 = Ad-Hoc|iPhone
		{1B1E1CF6-41F6-40AA-B0D6-9560D0C97406}.Ad-Hoc|iPhoneSimulator.ActiveCfg = Ad-Hoc|iPhoneSimulator
		{1B1E1CF6-41F6-40AA-B0D6-9560D0C97406}.Ad-Hoc|iPhoneSimulator.Build.0 = Ad-Hoc|iPhoneSimulator
		{1B1E1CF6-41F6-40AA-B0D6-9560D0C97406}.Ad-Hoc|iPhoneSimulator.Deploy.0 = Ad-Hoc|iPhoneSimulator
		{1B1E1CF6-41F6-40AA-B0D6-9560D0C97406}.AppStore|Any CPU.ActiveCfg = AppStore|iPhone
		{1B1E1CF6-41F6-40AA-B0D6-9560D0C97406}.AppStore|Any CPU.Build.0 = AppStore|iPhone
		{1B1E1CF6-41F6-40AA-B0D6-9560D0C97406}.AppStore|Any CPU.Deploy.0 = AppStore|iPhone
		{1B1E1CF6-41F6-40AA-B0D6-9560D0C97406}.AppStore|iPhone.ActiveCfg = AppStore|iPhone
		{1B1E1CF6-41F6-40AA-B0D6-9560D0C97406}.AppStore|iPhone.Build.0 = AppStore|iPhone
		{1B1E1CF6-41F6-40AA-B0D6-9560D0C97406}.AppStore|iPhone.Deploy.0 = AppStore|iPhone
		{1B1E1CF6-41F6-40AA-B0D6-9560D0C97406}.AppStore|iPhoneSimulator.ActiveCfg = AppStore|iPhoneSimulator
		{1B1E1CF6-41F6-40AA-B0D6-9560D0C97406}.AppStore|iPhoneSimulator.Build.0 = AppStore|iPhoneSimulator
		{1B1E1CF6-41F6-40AA-B0D6-9560D0C97406}.AppStore|iPhoneSimulator.Deploy.0 = AppStore|iPhoneSimulator
		{1B1E1CF6-41F6-40AA-B0D6-9560D0C97406}.Debug|Any CPU.ActiveCfg = Debug|iPhoneSimulator
		{1B1E1CF6-41F6-40AA-B0D6-9560D0C97406}.Debug|Any CPU.Build.0 = Debug|iPhoneSimulator
		{1B1E1CF6-41F6-40AA-B0D6-9560D0C97406}.Debug|Any CPU.Deploy.0 = Debug|iPhoneSimulator
		{1B1E1CF6-41F6-40AA-B0D6-9560D0C97406}.Debug|iPhone.ActiveCfg = Debug|iPhone
		{1B1E1CF6-41F6-40AA-B0D6-9560D0C97406}.Debug|iPhone.Build.0 = Debug|iPhone
		{1B1E1CF6-41F6-40AA-B0D6-9560D0C97406}.Debug|iPhone.Deploy.0 = Debug|iPhone
		{1B1E1CF6-41F6-40AA-B0D6-9560D0C97406}.Debug|iPhoneSimulator.ActiveCfg = Debug|iPhoneSimulator
		{1B1E1CF6-41F6-40AA-B0D6-9560D0C97406}.Debug|iPhoneSimulator.Build.0 = Debug|iPhoneSimulator
		{1B1E1CF6-41F6-40AA-B0D6-9560D0C97406}.Debug|iPhoneSimulator.Deploy.0 = Debug|iPhoneSimulator
		{1B1E1CF6-41F6-40AA-B0D6-9560D0C97406}.Release|Any CPU.ActiveCfg = Release|iPhone
		{1B1E1CF6-41F6-40AA-B0D6-9560D0C97406}.Release|Any CPU.Build.0 = Release|iPhone
		{1B1E1CF6-41F6-40AA-B0D6-9560D0C97406}.Release|Any CPU.Deploy.0 = Release|iPhone
		{1B1E1CF6-41F6-40AA-B0D6-9560D0C97406}.Release|iPhone.ActiveCfg = Release|iPhone
		{1B1E1CF6-41F6-40AA-B0D6-9560D0C97406}.Release|iPhone.Build.0 = Release|iPhone
		{1B1E1CF6-41F6-40AA-B0D6-9560D0C97406}.Release|iPhone.Deploy.0 = Release|iPhone
		{1B1E1CF6-41F6-40AA-B0D6-9560D0C97406}.Release|iPhoneSimulator.ActiveCfg = Release|iPhoneSimulator
		{1B1E1CF6-41F6-40AA-B0D6-9560D0C97406}.Release|iPhoneSimulator.Build.0 = Release|iPhoneSimulator
		{1B1E1CF6-41F6-40AA-B0D6-9560D0C97406}.Release|iPhoneSimulator.Deploy.0 = Release|iPhoneSimulator
		{220C5747-374D-4607-BB56-DD2555DA0AED}.Ad-Hoc|Any CPU.ActiveCfg = Debug|Any CPU
		{220C5747-374D-4607-BB56-DD2555DA0AED}.Ad-Hoc|Any CPU.Build.0 = Debug|Any CPU
		{220C5747-374D-4607-BB56-DD2555DA0AED}.Ad-Hoc|Any CPU.Deploy.0 = Debug|Any CPU
		{220C5747-374D-4607-BB56-DD2555DA0AED}.Ad-Hoc|iPhone.ActiveCfg = Debug|Any CPU
		{220C5747-374D-4607-BB56-DD2555DA0AED}.Ad-Hoc|iPhone.Build.0 = Debug|Any CPU
		{220C5747-374D-4607-BB56-DD2555DA0AED}.Ad-Hoc|iPhone.Deploy.0 = Debug|Any CPU
		{220C5747-374D-4607-BB56-DD2555DA0AED}.Ad-Hoc|iPhoneSimulator.ActiveCfg = Debug|Any CPU
		{220C5747-374D-4607-BB56-DD2555DA0AED}.Ad-Hoc|iPhoneSimulator.Build.0 = Debug|Any CPU
		{220C5747-374D-4607-BB56-DD2555DA0AED}.Ad-Hoc|iPhoneSimulator.Deploy.0 = Debug|Any CPU
		{220C5747-374D-4607-BB56-DD2555DA0AED}.AppStore|Any CPU.ActiveCfg = Debug|Any CPU
		{220C5747-374D-4607-BB56-DD2555DA0AED}.AppStore|Any CPU.Build.0 = Debug|Any CPU
		{220C5747-374D-4607-BB56-DD2555DA0AED}.AppStore|Any CPU.Deploy.0 = Debug|Any CPU
		{220C5747-374D-4607-BB56-DD2555DA0AED}.AppStore|iPhone.ActiveCfg = Debug|Any CPU
		{220C5747-374D-4607-BB56-DD2555DA0AED}.AppStore|iPhone.Build.0 = Debug|Any CPU
		{220C5747-374D-4607-BB56-DD2555DA0AED}.AppStore|iPhone.Deploy.0 = Debug|Any CPU
		{220C5747-374D-4607-BB56-DD2555DA0AED}.AppStore|iPhoneSimulator.ActiveCfg = Debug|Any CPU
		{220C5747-374D-4607-BB56-DD2555DA0AED}.AppStore|iPhoneSimulator.Build.0 = Debug|Any CPU
		{220C5747-374D-4607-BB56-DD2555DA0AED}.AppStore|iPhoneSimulator.Deploy.0 = Debug|Any CPU
		{220C5747-374D-4607-BB56-DD2555DA0AED}.Debug|Any CPU.ActiveCfg = Debug|Any CPU
		{220C5747-374D-4607-BB56-DD2555DA0AED}.Debug|Any CPU.Build.0 = Debug|Any CPU
		{220C5747-374D-4607-BB56-DD2555DA0AED}.Debug|Any CPU.Deploy.0 = Debug|Any CPU
		{220C5747-374D-4607-BB56-DD2555DA0AED}.Debug|iPhone.ActiveCfg = Debug|Any CPU
		{220C5747-374D-4607-BB56-DD2555DA0AED}.Debug|iPhone.Build.0 = Debug|Any CPU
		{220C5747-374D-4607-BB56-DD2555DA0AED}.Debug|iPhone.Deploy.0 = Debug|Any CPU
		{220C5747-374D-4607-BB56-DD2555DA0AED}.Debug|iPhoneSimulator.ActiveCfg = Debug|Any CPU
		{220C5747-374D-4607-BB56-DD2555DA0AED}.Debug|iPhoneSimulator.Build.0 = Debug|Any CPU
		{220C5747-374D-4607-BB56-DD2555DA0AED}.Debug|iPhoneSimulator.Deploy.0 = Debug|Any CPU
		{220C5747-374D-4607-BB56-DD2555DA0AED}.Release|Any CPU.ActiveCfg = Release|Any CPU
		{220C5747-374D-4607-BB56-DD2555DA0AED}.Release|Any CPU.Build.0 = Release|Any CPU
		{220C5747-374D-4607-BB56-DD2555DA0AED}.Release|Any CPU.Deploy.0 = Release|Any CPU
		{220C5747-374D-4607-BB56-DD2555DA0AED}.Release|iPhone.ActiveCfg = Release|Any CPU
		{220C5747-374D-4607-BB56-DD2555DA0AED}.Release|iPhone.Build.0 = Release|Any CPU
		{220C5747-374D-4607-BB56-DD2555DA0AED}.Release|iPhone.Deploy.0 = Release|Any CPU
		{220C5747-374D-4607-BB56-DD2555DA0AED}.Release|iPhoneSimulator.ActiveCfg = Release|Any CPU
		{220C5747-374D-4607-BB56-DD2555DA0AED}.Release|iPhoneSimulator.Build.0 = Release|Any CPU
		{220C5747-374D-4607-BB56-DD2555DA0AED}.Release|iPhoneSimulator.Deploy.0 = Release|Any CPU
	EndGlobalSection
	GlobalSection(SolutionProperties) = preSolution
		HideSolutionNode = FALSE
	EndGlobalSection
	GlobalSection(ExtensibilityGlobals) = postSolution
		SolutionGuid = {B3476D63-EA19-468D-90C2-72A14F06CB08}
	EndGlobalSection
EndGlobal
